Microsoft Visual Studio Solution File, Format Version 12.00
# Visual Studio 2012
Project("{FAE04EC0-301F-11D3-BF4B-00C04F79EFBC}") = "SS14.Client.Godot", "SS14.Client.Godot.csproj", "{8AF31169-49B1-4A12-B8F4-2A0674A9E7CB}"
EndProject
Global
	GlobalSection(SolutionConfigurationPlatforms) = preSolution
	Debug|Any CPU = Debug|Any CPU
	Release|Any CPU = Release|Any CPU
	Tools|Any CPU = Tools|Any CPU
	EndGlobalSection
	GlobalSection(ProjectConfigurationPlatforms) = postSolution
		{8AF31169-49B1-4A12-B8F4-2A0674A9E7CB}.Debug|Any CPU.ActiveCfg = Debug|Any CPU
		{8AF31169-49B1-4A12-B8F4-2A0674A9E7CB}.Debug|Any CPU.Build.0 = Debug|Any CPU
		{8AF31169-49B1-4A12-B8F4-2A0674A9E7CB}.Release|Any CPU.ActiveCfg = Release|Any CPU
		{8AF31169-49B1-4A12-B8F4-2A0674A9E7CB}.Release|Any CPU.Build.0 = Release|Any CPU
		{8AF31169-49B1-4A12-B8F4-2A0674A9E7CB}.Tools|Any CPU.ActiveCfg = Tools|Any CPU
		{8AF31169-49B1-4A12-B8F4-2A0674A9E7CB}.Tools|Any CPU.Build.0 = Tools|Any CPU
	EndGlobalSection
EndGlobal
