
Microsoft Visual Studio Solution File, Format Version 12.00
# Visual Studio Version 16
VisualStudioVersion = 16.0.29503.13
MinimumVisualStudioVersion = 10.0.40219.1
Project("{9A19103F-16F7-4668-BE54-9A1E7A4F7556}") = "Lidgren.Network", "Lidgren.Network\Lidgren.Network.csproj", "{59250BAF-0000-0000-0000-000000000000}"
EndProject
Project("{9A19103F-16F7-4668-BE54-9A1E7A4F7556}") = "Robust.Server", "Robust.Server\Robust.Server.csproj", "{B04AAE71-0000-0000-0000-000000000000}"
EndProject
Project("{9A19103F-16F7-4668-BE54-9A1E7A4F7556}") = "Robust.Shared", "Robust.Shared\Robust.Shared.csproj", "{0529F740-0000-0000-0000-000000000000}"
EndProject
Project("{9A19103F-16F7-4668-BE54-9A1E7A4F7556}") = "Robust.UnitTesting", "Robust.UnitTesting\Robust.UnitTesting.csproj", "{F0ADA779-40B8-4F7E-BA6C-CDB19F3065D9}"
EndProject
Project("{9A19103F-16F7-4668-BE54-9A1E7A4F7556}") = "Robust.Client", "Robust.Client\Robust.Client.csproj", "{83429BD6-6358-4B18-BE51-401DF8EA2673}"
EndProject
Project("{9A19103F-16F7-4668-BE54-9A1E7A4F7556}") = "Robust.Shared.Maths", "Robust.Shared.Maths\Robust.Shared.Maths.csproj", "{93F23A82-00C5-4572-964E-E7C9457726D4}"
EndProject
Project("{9A19103F-16F7-4668-BE54-9A1E7A4F7556}") = "OpenToolkit.GraphicsLibraryFramework", "OpenToolkit.GraphicsLibraryFramework\OpenToolkit.GraphicsLibraryFramework.csproj", "{52710F44-4240-4140-9B33-F36EBD9D3FC2}"
EndProject
Project("{9A19103F-16F7-4668-BE54-9A1E7A4F7556}") = "Robust.Shared.Scripting", "Robust.Shared.Scripting\Robust.Shared.Scripting.csproj", "{5AFDBB5C-CF01-4542-95F5-9ED195075313}"
EndProject
Project("{2150E333-8FDC-42A3-9474-1A3956D46DE8}") = "NetSerializer", "NetSerializer", "{9143C8DD-A989-4089-9149-C50D12189FE4}"
EndProject
Project("{9A19103F-16F7-4668-BE54-9A1E7A4F7556}") = "NetSerializer", "NetSerializer\NetSerializer\NetSerializer.csproj", "{ECBCE1D8-05C2-4881-9446-197C4C8E1C14}"
EndProject
Project("{FAE04EC0-301F-11D3-BF4B-00C04F79EFBC}") = "Robust.Physics", "Robust.Physics\Robust.Physics.csproj", "{887A54FA-7D31-4D6D-9D7F-9AE3739E4982}"
EndProject
Project("{2150E333-8FDC-42A3-9474-1A3956D46DE8}") = "Robust.LoaderApi", "Robust.LoaderApi", "{805C8FD2-0C32-4DA8-BC4B-143BA5D48FF4}"
EndProject
Project("{FAE04EC0-301F-11D3-BF4B-00C04F79EFBC}") = "Robust.LoaderApi", "Robust.LoaderApi\Robust.LoaderApi\Robust.LoaderApi.csproj", "{4FC5049F-AEEC-4DC0-9F4D-EB927AAB4F15}"
EndProject
Project("{2150E333-8FDC-42A3-9474-1A3956D46DE8}") = "ManagedHttpListener", "ManagedHttpListener", "{15D28C35-25F6-4EA8-8D53-29DA7C8A24A7}"
EndProject
Project("{FAE04EC0-301F-11D3-BF4B-00C04F79EFBC}") = "System.Net.HttpListener", "ManagedHttpListener\src\System.Net.HttpListener.csproj", "{C3EB43AF-31FD-48F5-A4FB-552D0F13948B}"
Project("{FAE04EC0-301F-11D3-BF4B-00C04F79EFBC}") = "Robust.Client.Injectors", "Robust.Client.Injectors\Robust.Client.Injectors.csproj", "{EEF2C805-5E03-41EA-A916-49C1DD15EF41}"
EndProject
Project("{FAE04EC0-301F-11D3-BF4B-00C04F79EFBC}") = "Robust.Client.NameGenerator", "Robust.Client.NameGenerator\Robust.Client.NameGenerator.csproj", "{EFB7A05D-71D0-47D1-B7B4-35D4FF661F13}"
EndProject
Project("{2150E333-8FDC-42A3-9474-1A3956D46DE8}") = "XamlX", "XamlX", "{1B1FC7C4-0212-4B3E-90D4-C7B58759E4B0}"
EndProject
Project("{FAE04EC0-301F-11D3-BF4B-00C04F79EFBC}") = "XamlX", "XamlX\src\XamlX\XamlX.csproj", "{D73768A2-BFCD-4916-8F52-4034C28F345C}"
EndProject
Project("{FAE04EC0-301F-11D3-BF4B-00C04F79EFBC}") = "XamlX.IL.Cecil", "XamlX\src\XamlX.IL.Cecil\XamlX.IL.Cecil.csproj", "{1CDC9C4F-668E-47A3-8A44-216E95644BEB}"
EndProject
Project("{FAE04EC0-301F-11D3-BF4B-00C04F79EFBC}") = "XamlX.Runtime", "XamlX\src\XamlX.Runtime\XamlX.Runtime.csproj", "{B05EFB71-AEC7-4C6E-984A-A1BCC58F9AD1}"
EndProject
Global
	GlobalSection(SolutionConfigurationPlatforms) = preSolution
		Debug|Any CPU = Debug|Any CPU
		Debug|x64 = Debug|x64
		Release|Any CPU = Release|Any CPU
		Release|x64 = Release|x64
	EndGlobalSection
	GlobalSection(ProjectConfigurationPlatforms) = postSolution
		{59250BAF-0000-0000-0000-000000000000}.Debug|Any CPU.ActiveCfg = Debug|Any CPU
		{59250BAF-0000-0000-0000-000000000000}.Debug|Any CPU.Build.0 = Debug|Any CPU
		{59250BAF-0000-0000-0000-000000000000}.Debug|x64.ActiveCfg = Debug|Any CPU
		{59250BAF-0000-0000-0000-000000000000}.Debug|x64.Build.0 = Debug|Any CPU
		{59250BAF-0000-0000-0000-000000000000}.Release|Any CPU.ActiveCfg = Release|Any CPU
		{59250BAF-0000-0000-0000-000000000000}.Release|Any CPU.Build.0 = Release|Any CPU
		{59250BAF-0000-0000-0000-000000000000}.Release|x64.ActiveCfg = Release|Any CPU
		{59250BAF-0000-0000-0000-000000000000}.Release|x64.Build.0 = Release|Any CPU
		{B04AAE71-0000-0000-0000-000000000000}.Debug|Any CPU.ActiveCfg = Debug|Any CPU
		{B04AAE71-0000-0000-0000-000000000000}.Debug|Any CPU.Build.0 = Debug|Any CPU
		{B04AAE71-0000-0000-0000-000000000000}.Debug|x64.ActiveCfg = Debug|Any CPU
		{B04AAE71-0000-0000-0000-000000000000}.Debug|x64.Build.0 = Debug|Any CPU
		{B04AAE71-0000-0000-0000-000000000000}.Release|Any CPU.ActiveCfg = Release|Any CPU
		{B04AAE71-0000-0000-0000-000000000000}.Release|Any CPU.Build.0 = Release|Any CPU
		{B04AAE71-0000-0000-0000-000000000000}.Release|x64.ActiveCfg = Release|Any CPU
		{B04AAE71-0000-0000-0000-000000000000}.Release|x64.Build.0 = Release|Any CPU
		{0529F740-0000-0000-0000-000000000000}.Debug|Any CPU.ActiveCfg = Debug|Any CPU
		{0529F740-0000-0000-0000-000000000000}.Debug|Any CPU.Build.0 = Debug|Any CPU
		{0529F740-0000-0000-0000-000000000000}.Debug|x64.ActiveCfg = Debug|Any CPU
		{0529F740-0000-0000-0000-000000000000}.Debug|x64.Build.0 = Debug|Any CPU
		{0529F740-0000-0000-0000-000000000000}.Release|Any CPU.ActiveCfg = Release|Any CPU
		{0529F740-0000-0000-0000-000000000000}.Release|Any CPU.Build.0 = Release|Any CPU
		{0529F740-0000-0000-0000-000000000000}.Release|x64.ActiveCfg = Release|Any CPU
		{0529F740-0000-0000-0000-000000000000}.Release|x64.Build.0 = Release|Any CPU
		{F0ADA779-40B8-4F7E-BA6C-CDB19F3065D9}.Debug|Any CPU.ActiveCfg = Debug|Any CPU
		{F0ADA779-40B8-4F7E-BA6C-CDB19F3065D9}.Debug|Any CPU.Build.0 = Debug|Any CPU
		{F0ADA779-40B8-4F7E-BA6C-CDB19F3065D9}.Debug|x64.ActiveCfg = Debug|Any CPU
		{F0ADA779-40B8-4F7E-BA6C-CDB19F3065D9}.Debug|x64.Build.0 = Debug|Any CPU
		{F0ADA779-40B8-4F7E-BA6C-CDB19F3065D9}.Release|Any CPU.ActiveCfg = Release|Any CPU
		{F0ADA779-40B8-4F7E-BA6C-CDB19F3065D9}.Release|Any CPU.Build.0 = Release|Any CPU
		{F0ADA779-40B8-4F7E-BA6C-CDB19F3065D9}.Release|x64.ActiveCfg = Release|Any CPU
		{F0ADA779-40B8-4F7E-BA6C-CDB19F3065D9}.Release|x64.Build.0 = Release|Any CPU
		{83429BD6-6358-4B18-BE51-401DF8EA2673}.Debug|Any CPU.ActiveCfg = Debug|Any CPU
		{83429BD6-6358-4B18-BE51-401DF8EA2673}.Debug|Any CPU.Build.0 = Debug|Any CPU
		{83429BD6-6358-4B18-BE51-401DF8EA2673}.Debug|x64.ActiveCfg = Debug|Any CPU
		{83429BD6-6358-4B18-BE51-401DF8EA2673}.Debug|x64.Build.0 = Debug|Any CPU
		{83429BD6-6358-4B18-BE51-401DF8EA2673}.Release|Any CPU.ActiveCfg = Release|Any CPU
		{83429BD6-6358-4B18-BE51-401DF8EA2673}.Release|Any CPU.Build.0 = Release|Any CPU
		{83429BD6-6358-4B18-BE51-401DF8EA2673}.Release|x64.ActiveCfg = Release|Any CPU
		{83429BD6-6358-4B18-BE51-401DF8EA2673}.Release|x64.Build.0 = Release|Any CPU
		{93F23A82-00C5-4572-964E-E7C9457726D4}.Debug|Any CPU.ActiveCfg = Debug|Any CPU
		{93F23A82-00C5-4572-964E-E7C9457726D4}.Debug|Any CPU.Build.0 = Debug|Any CPU
		{93F23A82-00C5-4572-964E-E7C9457726D4}.Debug|x64.ActiveCfg = Debug|Any CPU
		{93F23A82-00C5-4572-964E-E7C9457726D4}.Debug|x64.Build.0 = Debug|Any CPU
		{93F23A82-00C5-4572-964E-E7C9457726D4}.Release|Any CPU.ActiveCfg = Release|Any CPU
		{93F23A82-00C5-4572-964E-E7C9457726D4}.Release|Any CPU.Build.0 = Release|Any CPU
		{93F23A82-00C5-4572-964E-E7C9457726D4}.Release|x64.ActiveCfg = Release|Any CPU
		{93F23A82-00C5-4572-964E-E7C9457726D4}.Release|x64.Build.0 = Release|Any CPU
		{52710F44-4240-4140-9B33-F36EBD9D3FC2}.Debug|Any CPU.ActiveCfg = Debug|Any CPU
		{52710F44-4240-4140-9B33-F36EBD9D3FC2}.Debug|Any CPU.Build.0 = Debug|Any CPU
		{52710F44-4240-4140-9B33-F36EBD9D3FC2}.Debug|x64.ActiveCfg = Debug|Any CPU
		{52710F44-4240-4140-9B33-F36EBD9D3FC2}.Debug|x64.Build.0 = Debug|Any CPU
		{52710F44-4240-4140-9B33-F36EBD9D3FC2}.Release|Any CPU.ActiveCfg = Release|Any CPU
		{52710F44-4240-4140-9B33-F36EBD9D3FC2}.Release|Any CPU.Build.0 = Release|Any CPU
		{52710F44-4240-4140-9B33-F36EBD9D3FC2}.Release|x64.ActiveCfg = Release|Any CPU
		{52710F44-4240-4140-9B33-F36EBD9D3FC2}.Release|x64.Build.0 = Release|Any CPU
		{5AFDBB5C-CF01-4542-95F5-9ED195075313}.Debug|Any CPU.ActiveCfg = Debug|Any CPU
		{5AFDBB5C-CF01-4542-95F5-9ED195075313}.Debug|Any CPU.Build.0 = Debug|Any CPU
		{5AFDBB5C-CF01-4542-95F5-9ED195075313}.Debug|x64.ActiveCfg = Debug|Any CPU
		{5AFDBB5C-CF01-4542-95F5-9ED195075313}.Debug|x64.Build.0 = Debug|Any CPU
		{5AFDBB5C-CF01-4542-95F5-9ED195075313}.Release|Any CPU.ActiveCfg = Release|Any CPU
		{5AFDBB5C-CF01-4542-95F5-9ED195075313}.Release|Any CPU.Build.0 = Release|Any CPU
		{5AFDBB5C-CF01-4542-95F5-9ED195075313}.Release|x64.ActiveCfg = Release|Any CPU
		{5AFDBB5C-CF01-4542-95F5-9ED195075313}.Release|x64.Build.0 = Release|Any CPU
		{ECBCE1D8-05C2-4881-9446-197C4C8E1C14}.Debug|Any CPU.ActiveCfg = Debug|Any CPU
		{ECBCE1D8-05C2-4881-9446-197C4C8E1C14}.Debug|Any CPU.Build.0 = Debug|Any CPU
		{ECBCE1D8-05C2-4881-9446-197C4C8E1C14}.Debug|x64.ActiveCfg = Debug|Any CPU
		{ECBCE1D8-05C2-4881-9446-197C4C8E1C14}.Debug|x64.Build.0 = Debug|Any CPU
		{ECBCE1D8-05C2-4881-9446-197C4C8E1C14}.Release|Any CPU.ActiveCfg = Release|Any CPU
		{ECBCE1D8-05C2-4881-9446-197C4C8E1C14}.Release|Any CPU.Build.0 = Release|Any CPU
		{ECBCE1D8-05C2-4881-9446-197C4C8E1C14}.Release|x64.ActiveCfg = Release|Any CPU
		{ECBCE1D8-05C2-4881-9446-197C4C8E1C14}.Release|x64.Build.0 = Release|Any CPU
		{887A54FA-7D31-4D6D-9D7F-9AE3739E4982}.Debug|Any CPU.ActiveCfg = Debug|Any CPU
		{887A54FA-7D31-4D6D-9D7F-9AE3739E4982}.Debug|Any CPU.Build.0 = Debug|Any CPU
		{887A54FA-7D31-4D6D-9D7F-9AE3739E4982}.Debug|x64.ActiveCfg = Debug|Any CPU
		{887A54FA-7D31-4D6D-9D7F-9AE3739E4982}.Debug|x64.Build.0 = Debug|Any CPU
		{887A54FA-7D31-4D6D-9D7F-9AE3739E4982}.Release|Any CPU.ActiveCfg = Release|Any CPU
		{887A54FA-7D31-4D6D-9D7F-9AE3739E4982}.Release|Any CPU.Build.0 = Release|Any CPU
		{887A54FA-7D31-4D6D-9D7F-9AE3739E4982}.Release|x64.ActiveCfg = Release|Any CPU
		{887A54FA-7D31-4D6D-9D7F-9AE3739E4982}.Release|x64.Build.0 = Release|Any CPU
		{4FC5049F-AEEC-4DC0-9F4D-EB927AAB4F15}.Debug|Any CPU.ActiveCfg = Debug|Any CPU
		{4FC5049F-AEEC-4DC0-9F4D-EB927AAB4F15}.Debug|Any CPU.Build.0 = Debug|Any CPU
		{4FC5049F-AEEC-4DC0-9F4D-EB927AAB4F15}.Debug|x64.ActiveCfg = Debug|Any CPU
		{4FC5049F-AEEC-4DC0-9F4D-EB927AAB4F15}.Debug|x64.Build.0 = Debug|Any CPU
		{4FC5049F-AEEC-4DC0-9F4D-EB927AAB4F15}.Release|Any CPU.ActiveCfg = Release|Any CPU
		{4FC5049F-AEEC-4DC0-9F4D-EB927AAB4F15}.Release|Any CPU.Build.0 = Release|Any CPU
		{4FC5049F-AEEC-4DC0-9F4D-EB927AAB4F15}.Release|x64.ActiveCfg = Release|Any CPU
		{4FC5049F-AEEC-4DC0-9F4D-EB927AAB4F15}.Release|x64.Build.0 = Release|Any CPU
		{C3EB43AF-31FD-48F5-A4FB-552D0F13948B}.Debug|Any CPU.ActiveCfg = Debug|Any CPU
		{C3EB43AF-31FD-48F5-A4FB-552D0F13948B}.Debug|Any CPU.Build.0 = Debug|Any CPU
		{C3EB43AF-31FD-48F5-A4FB-552D0F13948B}.Debug|x64.ActiveCfg = Debug|Any CPU
		{C3EB43AF-31FD-48F5-A4FB-552D0F13948B}.Debug|x64.Build.0 = Debug|Any CPU
		{C3EB43AF-31FD-48F5-A4FB-552D0F13948B}.Release|Any CPU.ActiveCfg = Release|Any CPU
		{C3EB43AF-31FD-48F5-A4FB-552D0F13948B}.Release|Any CPU.Build.0 = Release|Any CPU
		{C3EB43AF-31FD-48F5-A4FB-552D0F13948B}.Release|x64.ActiveCfg = Release|Any CPU
		{C3EB43AF-31FD-48F5-A4FB-552D0F13948B}.Release|x64.Build.0 = Release|Any CPU
		{EEF2C805-5E03-41EA-A916-49C1DD15EF41}.Debug|Any CPU.ActiveCfg = Debug|Any CPU
		{EEF2C805-5E03-41EA-A916-49C1DD15EF41}.Debug|Any CPU.Build.0 = Debug|Any CPU
		{EEF2C805-5E03-41EA-A916-49C1DD15EF41}.Debug|x64.ActiveCfg = Debug|Any CPU
		{EEF2C805-5E03-41EA-A916-49C1DD15EF41}.Debug|x64.Build.0 = Debug|Any CPU
		{EEF2C805-5E03-41EA-A916-49C1DD15EF41}.Release|Any CPU.ActiveCfg = Release|Any CPU
		{EEF2C805-5E03-41EA-A916-49C1DD15EF41}.Release|Any CPU.Build.0 = Release|Any CPU
		{EEF2C805-5E03-41EA-A916-49C1DD15EF41}.Release|x64.ActiveCfg = Release|Any CPU
		{EEF2C805-5E03-41EA-A916-49C1DD15EF41}.Release|x64.Build.0 = Release|Any CPU
		{EFB7A05D-71D0-47D1-B7B4-35D4FF661F13}.Debug|Any CPU.ActiveCfg = Debug|Any CPU
		{EFB7A05D-71D0-47D1-B7B4-35D4FF661F13}.Debug|Any CPU.Build.0 = Debug|Any CPU
		{EFB7A05D-71D0-47D1-B7B4-35D4FF661F13}.Debug|x64.ActiveCfg = Debug|Any CPU
		{EFB7A05D-71D0-47D1-B7B4-35D4FF661F13}.Debug|x64.Build.0 = Debug|Any CPU
		{EFB7A05D-71D0-47D1-B7B4-35D4FF661F13}.Release|Any CPU.ActiveCfg = Release|Any CPU
		{EFB7A05D-71D0-47D1-B7B4-35D4FF661F13}.Release|Any CPU.Build.0 = Release|Any CPU
		{EFB7A05D-71D0-47D1-B7B4-35D4FF661F13}.Release|x64.ActiveCfg = Release|Any CPU
		{EFB7A05D-71D0-47D1-B7B4-35D4FF661F13}.Release|x64.Build.0 = Release|Any CPU
		{D73768A2-BFCD-4916-8F52-4034C28F345C}.Debug|Any CPU.ActiveCfg = Debug|Any CPU
		{D73768A2-BFCD-4916-8F52-4034C28F345C}.Debug|Any CPU.Build.0 = Debug|Any CPU
		{D73768A2-BFCD-4916-8F52-4034C28F345C}.Debug|x64.ActiveCfg = Debug|Any CPU
		{D73768A2-BFCD-4916-8F52-4034C28F345C}.Debug|x64.Build.0 = Debug|Any CPU
		{D73768A2-BFCD-4916-8F52-4034C28F345C}.Release|Any CPU.ActiveCfg = Release|Any CPU
		{D73768A2-BFCD-4916-8F52-4034C28F345C}.Release|Any CPU.Build.0 = Release|Any CPU
		{D73768A2-BFCD-4916-8F52-4034C28F345C}.Release|x64.ActiveCfg = Release|Any CPU
		{D73768A2-BFCD-4916-8F52-4034C28F345C}.Release|x64.Build.0 = Release|Any CPU
		{1CDC9C4F-668E-47A3-8A44-216E95644BEB}.Debug|Any CPU.ActiveCfg = Debug|Any CPU
		{1CDC9C4F-668E-47A3-8A44-216E95644BEB}.Debug|Any CPU.Build.0 = Debug|Any CPU
		{1CDC9C4F-668E-47A3-8A44-216E95644BEB}.Debug|x64.ActiveCfg = Debug|Any CPU
		{1CDC9C4F-668E-47A3-8A44-216E95644BEB}.Debug|x64.Build.0 = Debug|Any CPU
		{1CDC9C4F-668E-47A3-8A44-216E95644BEB}.Release|Any CPU.ActiveCfg = Release|Any CPU
		{1CDC9C4F-668E-47A3-8A44-216E95644BEB}.Release|Any CPU.Build.0 = Release|Any CPU
		{1CDC9C4F-668E-47A3-8A44-216E95644BEB}.Release|x64.ActiveCfg = Release|Any CPU
		{1CDC9C4F-668E-47A3-8A44-216E95644BEB}.Release|x64.Build.0 = Release|Any CPU
		{B05EFB71-AEC7-4C6E-984A-A1BCC58F9AD1}.Debug|Any CPU.ActiveCfg = Debug|Any CPU
		{B05EFB71-AEC7-4C6E-984A-A1BCC58F9AD1}.Debug|Any CPU.Build.0 = Debug|Any CPU
		{B05EFB71-AEC7-4C6E-984A-A1BCC58F9AD1}.Debug|x64.ActiveCfg = Debug|Any CPU
		{B05EFB71-AEC7-4C6E-984A-A1BCC58F9AD1}.Debug|x64.Build.0 = Debug|Any CPU
		{B05EFB71-AEC7-4C6E-984A-A1BCC58F9AD1}.Release|Any CPU.ActiveCfg = Release|Any CPU
		{B05EFB71-AEC7-4C6E-984A-A1BCC58F9AD1}.Release|Any CPU.Build.0 = Release|Any CPU
		{B05EFB71-AEC7-4C6E-984A-A1BCC58F9AD1}.Release|x64.ActiveCfg = Release|Any CPU
		{B05EFB71-AEC7-4C6E-984A-A1BCC58F9AD1}.Release|x64.Build.0 = Release|Any CPU
	EndGlobalSection
	GlobalSection(SolutionProperties) = preSolution
		HideSolutionNode = FALSE
	EndGlobalSection
	GlobalSection(NestedProjects) = preSolution
		{ECBCE1D8-05C2-4881-9446-197C4C8E1C14} = {9143C8DD-A989-4089-9149-C50D12189FE4}
		{4FC5049F-AEEC-4DC0-9F4D-EB927AAB4F15} = {805C8FD2-0C32-4DA8-BC4B-143BA5D48FF4}
		{C3EB43AF-31FD-48F5-A4FB-552D0F13948B} = {15D28C35-25F6-4EA8-8D53-29DA7C8A24A7}
		{D73768A2-BFCD-4916-8F52-4034C28F345C} = {1B1FC7C4-0212-4B3E-90D4-C7B58759E4B0}
		{1CDC9C4F-668E-47A3-8A44-216E95644BEB} = {1B1FC7C4-0212-4B3E-90D4-C7B58759E4B0}
		{B05EFB71-AEC7-4C6E-984A-A1BCC58F9AD1} = {1B1FC7C4-0212-4B3E-90D4-C7B58759E4B0}
	EndGlobalSection
	GlobalSection(ExtensibilityGlobals) = postSolution
		SolutionGuid = {57757344-0FF4-4842-8A68-141CAA18A35D}
	EndGlobalSection
	GlobalSection(Performance) = preSolution
		HasPerformanceSessions = true
	EndGlobalSection
	GlobalSection(MonoDevelopProperties) = preSolution
		Policies = $0
		$0.DotNetNamingPolicy = $1
		$0.TextStylePolicy = $9
	EndGlobalSection
EndGlobal
