Microsoft Visual Studio Solution File, Format Version 12.00
# Visual Studio 15
VisualStudioVersion = 15.0.26730.16
MinimumVisualStudioVersion = 10.0.40219.1
Project("{FAE04EC0-301F-11D3-BF4B-00C04F79EFBC}") = "Lidgren.Network", "Lidgren.Network\Lidgren.Network.csproj", "{59250BAF-0000-0000-0000-000000000000}"
EndProject
Project("{FAE04EC0-301F-11D3-BF4B-00C04F79EFBC}") = "SS14.Server", "SS14.Server\SS14.Server.csproj", "{B04AAE71-0000-0000-0000-000000000000}"
EndProject
Project("{FAE04EC0-301F-11D3-BF4B-00C04F79EFBC}") = "SS14.Shared", "SS14.Shared\SS14.Shared.csproj", "{0529F740-0000-0000-0000-000000000000}"
EndProject
Project("{FAE04EC0-301F-11D3-BF4B-00C04F79EFBC}") = "SS14.UnitTesting", "SS14.UnitTesting\SS14.UnitTesting.csproj", "{F0ADA779-40B8-4F7E-BA6C-CDB19F3065D9}"
EndProject
Project("{FAE04EC0-301F-11D3-BF4B-00C04F79EFBC}") = "BuildChecker", "BuildChecker\BuildChecker.csproj", "{D0DA124B-5580-4345-A02B-9F051F78915F}"
EndProject
Project("{2150E333-8FDC-42A3-9474-1A3956D46DE8}") = "Build", "Build", "{795D76AB-19B5-4682-B51F-6DB148024A0C}"
EndProject
Project("{FAE04EC0-301F-11D3-BF4B-00C04F79EFBC}") = "SS14.Client", "SS14.Client\SS14.Client.csproj", "{83429BD6-6358-4B18-BE51-401DF8EA2673}"
EndProject
Project("{FAE04EC0-301F-11D3-BF4B-00C04F79EFBC}") = "SS14.Client.Godot", "SS14.Client.Godot\SS14.Client.Godot.csproj", "{8AF31169-49B1-4A12-B8F4-2A0674A9E7CB}"
EndProject
Project("{FAE04EC0-301F-11D3-BF4B-00C04F79EFBC}") = "SS14.Shared.Bsdiff", "SS14.Shared.Bsdiff\SS14.Shared.Bsdiff\SS14.Shared.Bsdiff.csproj", "{0E0723E8-D785-4F61-81F4-182A12BCAA52}"
EndProject
Global
	GlobalSection(SolutionConfigurationPlatforms) = preSolution
		Debug|Any CPU = Debug|Any CPU
		Debug|x64 = Debug|x64
		Debug|x86 = Debug|x86
		Release|Any CPU = Release|Any CPU
		Release|x64 = Release|x64
		Release|x86 = Release|x86
		Tools|Any CPU = Tools|Any CPU
		Tools|x64 = Tools|x64
		Tools|x86 = Tools|x86
	EndGlobalSection
	GlobalSection(ProjectConfigurationPlatforms) = postSolution
		{59250BAF-0000-0000-0000-000000000000}.Debug|Any CPU.ActiveCfg = Debug|Any CPU
		{59250BAF-0000-0000-0000-000000000000}.Debug|Any CPU.Build.0 = Debug|Any CPU
		{59250BAF-0000-0000-0000-000000000000}.Debug|x64.ActiveCfg = Debug|x64
		{59250BAF-0000-0000-0000-000000000000}.Debug|x64.Build.0 = Debug|x64
		{59250BAF-0000-0000-0000-000000000000}.Debug|x86.ActiveCfg = Debug|x86
		{59250BAF-0000-0000-0000-000000000000}.Debug|x86.Build.0 = Debug|x86
		{59250BAF-0000-0000-0000-000000000000}.Release|Any CPU.ActiveCfg = Release|Any CPU
		{59250BAF-0000-0000-0000-000000000000}.Release|Any CPU.Build.0 = Release|Any CPU
		{59250BAF-0000-0000-0000-000000000000}.Release|x64.ActiveCfg = Release|x64
		{59250BAF-0000-0000-0000-000000000000}.Release|x64.Build.0 = Release|x64
		{59250BAF-0000-0000-0000-000000000000}.Release|x86.ActiveCfg = Release|x86
		{59250BAF-0000-0000-0000-000000000000}.Release|x86.Build.0 = Release|x86
		{59250BAF-0000-0000-0000-000000000000}.Tools|Any CPU.ActiveCfg = Debug|Any CPU
		{59250BAF-0000-0000-0000-000000000000}.Tools|Any CPU.Build.0 = Debug|Any CPU
		{59250BAF-0000-0000-0000-000000000000}.Tools|x64.ActiveCfg = Debug|x64
		{59250BAF-0000-0000-0000-000000000000}.Tools|x64.Build.0 = Debug|x64
		{59250BAF-0000-0000-0000-000000000000}.Tools|x86.ActiveCfg = Debug|x86
		{59250BAF-0000-0000-0000-000000000000}.Tools|x86.Build.0 = Debug|x86
		{B04AAE71-0000-0000-0000-000000000000}.Debug|Any CPU.ActiveCfg = Debug|Any CPU
		{B04AAE71-0000-0000-0000-000000000000}.Debug|Any CPU.Build.0 = Debug|Any CPU
		{B04AAE71-0000-0000-0000-000000000000}.Debug|x64.ActiveCfg = Debug|x64
		{B04AAE71-0000-0000-0000-000000000000}.Debug|x64.Build.0 = Debug|x64
		{B04AAE71-0000-0000-0000-000000000000}.Debug|x86.ActiveCfg = Debug|x86
		{B04AAE71-0000-0000-0000-000000000000}.Debug|x86.Build.0 = Debug|x86
		{B04AAE71-0000-0000-0000-000000000000}.Release|Any CPU.ActiveCfg = Release|Any CPU
		{B04AAE71-0000-0000-0000-000000000000}.Release|Any CPU.Build.0 = Release|Any CPU
		{B04AAE71-0000-0000-0000-000000000000}.Release|x64.ActiveCfg = Release|x64
		{B04AAE71-0000-0000-0000-000000000000}.Release|x64.Build.0 = Release|x64
		{B04AAE71-0000-0000-0000-000000000000}.Release|x86.ActiveCfg = Release|x86
		{B04AAE71-0000-0000-0000-000000000000}.Release|x86.Build.0 = Release|x86
		{B04AAE71-0000-0000-0000-000000000000}.Tools|Any CPU.ActiveCfg = Debug|Any CPU
		{B04AAE71-0000-0000-0000-000000000000}.Tools|Any CPU.Build.0 = Debug|Any CPU
		{B04AAE71-0000-0000-0000-000000000000}.Tools|x64.ActiveCfg = Debug|x64
		{B04AAE71-0000-0000-0000-000000000000}.Tools|x64.Build.0 = Debug|x64
		{B04AAE71-0000-0000-0000-000000000000}.Tools|x86.ActiveCfg = Debug|x86
		{B04AAE71-0000-0000-0000-000000000000}.Tools|x86.Build.0 = Debug|x86
		{0529F740-0000-0000-0000-000000000000}.Debug|Any CPU.ActiveCfg = Debug|Any CPU
		{0529F740-0000-0000-0000-000000000000}.Debug|Any CPU.Build.0 = Debug|Any CPU
		{0529F740-0000-0000-0000-000000000000}.Debug|x64.ActiveCfg = Debug|x64
		{0529F740-0000-0000-0000-000000000000}.Debug|x64.Build.0 = Debug|x64
		{0529F740-0000-0000-0000-000000000000}.Debug|x86.ActiveCfg = Debug|x86
		{0529F740-0000-0000-0000-000000000000}.Debug|x86.Build.0 = Debug|x86
		{0529F740-0000-0000-0000-000000000000}.Release|Any CPU.ActiveCfg = Release|Any CPU
		{0529F740-0000-0000-0000-000000000000}.Release|Any CPU.Build.0 = Release|Any CPU
		{0529F740-0000-0000-0000-000000000000}.Release|x64.ActiveCfg = Release|x64
		{0529F740-0000-0000-0000-000000000000}.Release|x64.Build.0 = Release|x64
		{0529F740-0000-0000-0000-000000000000}.Release|x86.ActiveCfg = Release|x86
		{0529F740-0000-0000-0000-000000000000}.Release|x86.Build.0 = Release|x86
		{0529F740-0000-0000-0000-000000000000}.Tools|Any CPU.ActiveCfg = Debug|Any CPU
		{0529F740-0000-0000-0000-000000000000}.Tools|Any CPU.Build.0 = Debug|Any CPU
		{0529F740-0000-0000-0000-000000000000}.Tools|x64.ActiveCfg = Debug|x64
		{0529F740-0000-0000-0000-000000000000}.Tools|x64.Build.0 = Debug|x64
		{0529F740-0000-0000-0000-000000000000}.Tools|x86.ActiveCfg = Debug|x86
		{0529F740-0000-0000-0000-000000000000}.Tools|x86.Build.0 = Debug|x86
		{F0ADA779-40B8-4F7E-BA6C-CDB19F3065D9}.Debug|Any CPU.ActiveCfg = Debug|Any CPU
		{F0ADA779-40B8-4F7E-BA6C-CDB19F3065D9}.Debug|Any CPU.Build.0 = Debug|Any CPU
		{F0ADA779-40B8-4F7E-BA6C-CDB19F3065D9}.Debug|x64.ActiveCfg = Debug|x64
		{F0ADA779-40B8-4F7E-BA6C-CDB19F3065D9}.Debug|x64.Build.0 = Debug|x64
		{F0ADA779-40B8-4F7E-BA6C-CDB19F3065D9}.Debug|x86.ActiveCfg = Debug|x86
		{F0ADA779-40B8-4F7E-BA6C-CDB19F3065D9}.Debug|x86.Build.0 = Debug|x86
		{F0ADA779-40B8-4F7E-BA6C-CDB19F3065D9}.Release|Any CPU.ActiveCfg = Debug|Any CPU
		{F0ADA779-40B8-4F7E-BA6C-CDB19F3065D9}.Release|Any CPU.Build.0 = Debug|Any CPU
		{F0ADA779-40B8-4F7E-BA6C-CDB19F3065D9}.Release|x64.ActiveCfg = Debug|x64
		{F0ADA779-40B8-4F7E-BA6C-CDB19F3065D9}.Release|x64.Build.0 = Debug|x64
		{F0ADA779-40B8-4F7E-BA6C-CDB19F3065D9}.Release|x86.ActiveCfg = Debug|x86
		{F0ADA779-40B8-4F7E-BA6C-CDB19F3065D9}.Release|x86.Build.0 = Debug|x86
		{F0ADA779-40B8-4F7E-BA6C-CDB19F3065D9}.Tools|Any CPU.ActiveCfg = Debug|Any CPU
		{F0ADA779-40B8-4F7E-BA6C-CDB19F3065D9}.Tools|Any CPU.Build.0 = Debug|Any CPU
		{F0ADA779-40B8-4F7E-BA6C-CDB19F3065D9}.Tools|x64.ActiveCfg = Debug|x64
		{F0ADA779-40B8-4F7E-BA6C-CDB19F3065D9}.Tools|x64.Build.0 = Debug|x64
		{F0ADA779-40B8-4F7E-BA6C-CDB19F3065D9}.Tools|x86.ActiveCfg = Debug|x86
		{F0ADA779-40B8-4F7E-BA6C-CDB19F3065D9}.Tools|x86.Build.0 = Debug|x86
		{D0DA124B-5580-4345-A02B-9F051F78915F}.Debug|Any CPU.ActiveCfg = Debug|x86
		{D0DA124B-5580-4345-A02B-9F051F78915F}.Debug|Any CPU.Build.0 = Debug|x86
		{D0DA124B-5580-4345-A02B-9F051F78915F}.Debug|x64.ActiveCfg = Debug|x64
		{D0DA124B-5580-4345-A02B-9F051F78915F}.Debug|x64.Build.0 = Debug|x64
		{D0DA124B-5580-4345-A02B-9F051F78915F}.Debug|x86.ActiveCfg = Debug|x86
		{D0DA124B-5580-4345-A02B-9F051F78915F}.Debug|x86.Build.0 = Debug|x86
		{D0DA124B-5580-4345-A02B-9F051F78915F}.Release|Any CPU.ActiveCfg = Release|x86
		{D0DA124B-5580-4345-A02B-9F051F78915F}.Release|Any CPU.Build.0 = Release|x86
		{D0DA124B-5580-4345-A02B-9F051F78915F}.Release|x64.ActiveCfg = Release|x64
		{D0DA124B-5580-4345-A02B-9F051F78915F}.Release|x64.Build.0 = Release|x64
		{D0DA124B-5580-4345-A02B-9F051F78915F}.Release|x86.ActiveCfg = Release|x86
		{D0DA124B-5580-4345-A02B-9F051F78915F}.Release|x86.Build.0 = Release|x86
		{D0DA124B-5580-4345-A02B-9F051F78915F}.Tools|Any CPU.ActiveCfg = Debug|x86
		{D0DA124B-5580-4345-A02B-9F051F78915F}.Tools|Any CPU.Build.0 = Debug|x86
		{D0DA124B-5580-4345-A02B-9F051F78915F}.Tools|x64.ActiveCfg = Debug|x64
		{D0DA124B-5580-4345-A02B-9F051F78915F}.Tools|x64.Build.0 = Debug|x64
		{D0DA124B-5580-4345-A02B-9F051F78915F}.Tools|x86.ActiveCfg = Debug|x86
		{D0DA124B-5580-4345-A02B-9F051F78915F}.Tools|x86.Build.0 = Debug|x86
		{83429BD6-6358-4B18-BE51-401DF8EA2673}.Debug|Any CPU.ActiveCfg = Debug|Any CPU
		{83429BD6-6358-4B18-BE51-401DF8EA2673}.Debug|Any CPU.Build.0 = Debug|Any CPU
		{83429BD6-6358-4B18-BE51-401DF8EA2673}.Debug|x64.ActiveCfg = Debug|x64
		{83429BD6-6358-4B18-BE51-401DF8EA2673}.Debug|x64.Build.0 = Debug|x64
		{83429BD6-6358-4B18-BE51-401DF8EA2673}.Debug|x86.ActiveCfg = Debug|x86
		{83429BD6-6358-4B18-BE51-401DF8EA2673}.Debug|x86.Build.0 = Debug|x86
		{83429BD6-6358-4B18-BE51-401DF8EA2673}.Release|Any CPU.ActiveCfg = Release|Any CPU
		{83429BD6-6358-4B18-BE51-401DF8EA2673}.Release|Any CPU.Build.0 = Release|Any CPU
		{83429BD6-6358-4B18-BE51-401DF8EA2673}.Release|x64.ActiveCfg = Release|x64
		{83429BD6-6358-4B18-BE51-401DF8EA2673}.Release|x64.Build.0 = Release|x64
		{83429BD6-6358-4B18-BE51-401DF8EA2673}.Release|x86.ActiveCfg = Release|x86
		{83429BD6-6358-4B18-BE51-401DF8EA2673}.Release|x86.Build.0 = Release|x86
		{83429BD6-6358-4B18-BE51-401DF8EA2673}.Tools|Any CPU.ActiveCfg = Debug|Any CPU
		{83429BD6-6358-4B18-BE51-401DF8EA2673}.Tools|Any CPU.Build.0 = Debug|Any CPU
		{83429BD6-6358-4B18-BE51-401DF8EA2673}.Tools|x64.ActiveCfg = Debug|x64
		{83429BD6-6358-4B18-BE51-401DF8EA2673}.Tools|x64.Build.0 = Debug|x64
		{83429BD6-6358-4B18-BE51-401DF8EA2673}.Tools|x86.ActiveCfg = Debug|x86
		{83429BD6-6358-4B18-BE51-401DF8EA2673}.Tools|x86.Build.0 = Debug|x86
		{8AF31169-49B1-4A12-B8F4-2A0674A9E7CB}.Debug|Any CPU.ActiveCfg = Debug|Any CPU
		{8AF31169-49B1-4A12-B8F4-2A0674A9E7CB}.Debug|Any CPU.Build.0 = Debug|Any CPU
		{8AF31169-49B1-4A12-B8F4-2A0674A9E7CB}.Debug|x64.ActiveCfg = Debug|Any CPU
		{8AF31169-49B1-4A12-B8F4-2A0674A9E7CB}.Debug|x64.Build.0 = Debug|Any CPU
		{8AF31169-49B1-4A12-B8F4-2A0674A9E7CB}.Debug|x86.ActiveCfg = Debug|Any CPU
		{8AF31169-49B1-4A12-B8F4-2A0674A9E7CB}.Debug|x86.Build.0 = Debug|Any CPU
		{8AF31169-49B1-4A12-B8F4-2A0674A9E7CB}.Release|Any CPU.ActiveCfg = Release|Any CPU
		{8AF31169-49B1-4A12-B8F4-2A0674A9E7CB}.Release|Any CPU.Build.0 = Release|Any CPU
		{8AF31169-49B1-4A12-B8F4-2A0674A9E7CB}.Release|x64.ActiveCfg = Release|Any CPU
		{8AF31169-49B1-4A12-B8F4-2A0674A9E7CB}.Release|x64.Build.0 = Release|Any CPU
		{8AF31169-49B1-4A12-B8F4-2A0674A9E7CB}.Release|x86.ActiveCfg = Release|Any CPU
		{8AF31169-49B1-4A12-B8F4-2A0674A9E7CB}.Release|x86.Build.0 = Release|Any CPU
		{8AF31169-49B1-4A12-B8F4-2A0674A9E7CB}.Tools|Any CPU.ActiveCfg = Tools|Any CPU
		{8AF31169-49B1-4A12-B8F4-2A0674A9E7CB}.Tools|Any CPU.Build.0 = Tools|Any CPU
		{8AF31169-49B1-4A12-B8F4-2A0674A9E7CB}.Tools|x64.ActiveCfg = Tools|Any CPU
		{8AF31169-49B1-4A12-B8F4-2A0674A9E7CB}.Tools|x64.Build.0 = Tools|Any CPU
		{8AF31169-49B1-4A12-B8F4-2A0674A9E7CB}.Tools|x86.ActiveCfg = Tools|Any CPU
		{8AF31169-49B1-4A12-B8F4-2A0674A9E7CB}.Tools|x86.Build.0 = Tools|Any CPU
		{0E0723E8-D785-4F61-81F4-182A12BCAA52}.Debug|Any CPU.ActiveCfg = Debug|Any CPU
		{0E0723E8-D785-4F61-81F4-182A12BCAA52}.Debug|Any CPU.Build.0 = Debug|Any CPU
		{0E0723E8-D785-4F61-81F4-182A12BCAA52}.Debug|x64.ActiveCfg = Debug|x64
		{0E0723E8-D785-4F61-81F4-182A12BCAA52}.Debug|x64.Build.0 = Debug|x64
		{0E0723E8-D785-4F61-81F4-182A12BCAA52}.Debug|x86.ActiveCfg = Debug|x86
		{0E0723E8-D785-4F61-81F4-182A12BCAA52}.Debug|x86.Build.0 = Debug|x86
		{0E0723E8-D785-4F61-81F4-182A12BCAA52}.Release|Any CPU.ActiveCfg = Release|Any CPU
		{0E0723E8-D785-4F61-81F4-182A12BCAA52}.Release|Any CPU.Build.0 = Release|Any CPU
		{0E0723E8-D785-4F61-81F4-182A12BCAA52}.Release|x64.ActiveCfg = Release|x64
		{0E0723E8-D785-4F61-81F4-182A12BCAA52}.Release|x64.Build.0 = Release|x64
		{0E0723E8-D785-4F61-81F4-182A12BCAA52}.Release|x86.ActiveCfg = Release|x86
		{0E0723E8-D785-4F61-81F4-182A12BCAA52}.Release|x86.Build.0 = Release|x86
		{0E0723E8-D785-4F61-81F4-182A12BCAA52}.Tools|Any CPU.ActiveCfg = Debug|Any CPU
		{0E0723E8-D785-4F61-81F4-182A12BCAA52}.Tools|Any CPU.Build.0 = Debug|Any CPU
		{0E0723E8-D785-4F61-81F4-182A12BCAA52}.Tools|x64.ActiveCfg = Debug|x64
		{0E0723E8-D785-4F61-81F4-182A12BCAA52}.Tools|x64.Build.0 = Debug|x64
		{0E0723E8-D785-4F61-81F4-182A12BCAA52}.Tools|x86.ActiveCfg = Debug|x86
		{0E0723E8-D785-4F61-81F4-182A12BCAA52}.Tools|x86.Build.0 = Debug|x86
	EndGlobalSection
	GlobalSection(SolutionProperties) = preSolution
		HideSolutionNode = FALSE
	EndGlobalSection
	GlobalSection(NestedProjects) = preSolution
		{D0DA124B-5580-4345-A02B-9F051F78915F} = {795D76AB-19B5-4682-B51F-6DB148024A0C}
	EndGlobalSection
	GlobalSection(ExtensibilityGlobals) = postSolution
		SolutionGuid = {57757344-0FF4-4842-8A68-141CAA18A35D}
	EndGlobalSection
	GlobalSection(Performance) = preSolution
		HasPerformanceSessions = true
	EndGlobalSection
	GlobalSection(MonoDevelopProperties) = preSolution
		Policies = $0
		$0.DotNetNamingPolicy = $1
		$0.TextStylePolicy = $9
	EndGlobalSection
EndGlobal
