Microsoft Visual Studio Solution File, Format Version 12.00
# Visual Studio 15
VisualStudioVersion = 15.0.26403.7
MinimumVisualStudioVersion = 10.0.40219.1
Project("{FAE04EC0-301F-11D3-BF4B-00C04F79EFBC}") = "Lidgren.Network", "Lidgren.Network\Lidgren.Network.csproj", "{59250BAF-0000-0000-0000-000000000000}"
EndProject
Project("{FAE04EC0-301F-11D3-BF4B-00C04F79EFBC}") = "SS14.Client", "SS14.Client\SS14.Client.csproj", "{0C31DFDF-0000-0000-0000-000000000000}"
EndProject
Project("{FAE04EC0-301F-11D3-BF4B-00C04F79EFBC}") = "SS14.Server", "SS14.Server\SS14.Server.csproj", "{B04AAE71-0000-0000-0000-000000000000}"
EndProject
Project("{FAE04EC0-301F-11D3-BF4B-00C04F79EFBC}") = "SS14.Shared", "SS14.Shared\SS14.Shared.csproj", "{0529F740-0000-0000-0000-000000000000}"
EndProject
Project("{FAE04EC0-301F-11D3-BF4B-00C04F79EFBC}") = "SS14.Client.Graphics", "SS14.Client.Graphics\SS14.Client.Graphics.csproj", "{302B877E-0000-0000-0000-000000000000}"
EndProject
Project("{FAE04EC0-301F-11D3-BF4B-00C04F79EFBC}") = "SS14.UnitTesting", "SS14.UnitTesting\SS14.UnitTesting.csproj", "{F0ADA779-40B8-4F7E-BA6C-CDB19F3065D9}"
EndProject
Global
	GlobalSection(SolutionConfigurationPlatforms) = preSolution
		Debug|Any CPU = Debug|Any CPU
		Debug|Mixed Platforms = Debug|Mixed Platforms
		Debug|x86 = Debug|x86
		Release|Any CPU = Release|Any CPU
		Release|Mixed Platforms = Release|Mixed Platforms
		Release|x86 = Release|x86
	EndGlobalSection
	GlobalSection(ProjectConfigurationPlatforms) = postSolution
		{59250BAF-0000-0000-0000-000000000000}.Debug|Any CPU.ActiveCfg = Debug|x86
		{59250BAF-0000-0000-0000-000000000000}.Debug|Mixed Platforms.ActiveCfg = Debug|x86
		{59250BAF-0000-0000-0000-000000000000}.Debug|Mixed Platforms.Build.0 = Debug|x86
		{59250BAF-0000-0000-0000-000000000000}.Debug|x86.ActiveCfg = Debug|x86
		{59250BAF-0000-0000-0000-000000000000}.Debug|x86.Build.0 = Debug|x86
		{59250BAF-0000-0000-0000-000000000000}.Release|Any CPU.ActiveCfg = Release|x86
		{59250BAF-0000-0000-0000-000000000000}.Release|Mixed Platforms.ActiveCfg = Release|x86
		{59250BAF-0000-0000-0000-000000000000}.Release|Mixed Platforms.Build.0 = Release|x86
		{59250BAF-0000-0000-0000-000000000000}.Release|x86.ActiveCfg = Release|x86
		{59250BAF-0000-0000-0000-000000000000}.Release|x86.Build.0 = Release|x86
		{59250BAF-0000-0000-0000-000000000000}.Debug|Any CPU.Build.0 = Debug|x86
		{59250BAF-0000-0000-0000-000000000000}.Release|Any CPU.Build.0 = Release|x86
		{0C31DFDF-0000-0000-0000-000000000000}.Debug|Any CPU.ActiveCfg = Debug|x86
		{0C31DFDF-0000-0000-0000-000000000000}.Debug|Mixed Platforms.ActiveCfg = Debug|x86
		{0C31DFDF-0000-0000-0000-000000000000}.Debug|Mixed Platforms.Build.0 = Debug|x86
		{0C31DFDF-0000-0000-0000-000000000000}.Debug|x86.ActiveCfg = Debug|x86
		{0C31DFDF-0000-0000-0000-000000000000}.Debug|x86.Build.0 = Debug|x86
		{0C31DFDF-0000-0000-0000-000000000000}.Release|Any CPU.ActiveCfg = Release|x86
		{0C31DFDF-0000-0000-0000-000000000000}.Release|Mixed Platforms.ActiveCfg = Release|x86
		{0C31DFDF-0000-0000-0000-000000000000}.Release|Mixed Platforms.Build.0 = Release|x86
		{0C31DFDF-0000-0000-0000-000000000000}.Release|x86.ActiveCfg = Release|x86
		{0C31DFDF-0000-0000-0000-000000000000}.Release|x86.Build.0 = Release|x86
		{0C31DFDF-0000-0000-0000-000000000000}.Debug|Any CPU.Build.0 = Debug|x86
		{0C31DFDF-0000-0000-0000-000000000000}.Release|Any CPU.Build.0 = Release|x86
		{B04AAE71-0000-0000-0000-000000000000}.Debug|Any CPU.ActiveCfg = Debug|x86
		{B04AAE71-0000-0000-0000-000000000000}.Debug|Mixed Platforms.ActiveCfg = Debug|x86
		{B04AAE71-0000-0000-0000-000000000000}.Debug|Mixed Platforms.Build.0 = Debug|x86
		{B04AAE71-0000-0000-0000-000000000000}.Debug|x86.ActiveCfg = Debug|x86
		{B04AAE71-0000-0000-0000-000000000000}.Debug|x86.Build.0 = Debug|x86
		{B04AAE71-0000-0000-0000-000000000000}.Release|Any CPU.ActiveCfg = Release|x86
		{B04AAE71-0000-0000-0000-000000000000}.Release|Mixed Platforms.ActiveCfg = Release|x86
		{B04AAE71-0000-0000-0000-000000000000}.Release|Mixed Platforms.Build.0 = Release|x86
		{B04AAE71-0000-0000-0000-000000000000}.Release|x86.ActiveCfg = Release|x86
		{B04AAE71-0000-0000-0000-000000000000}.Release|x86.Build.0 = Release|x86
		{B04AAE71-0000-0000-0000-000000000000}.Debug|Any CPU.Build.0 = Debug|x86
		{B04AAE71-0000-0000-0000-000000000000}.Release|Any CPU.Build.0 = Release|x86
		{0529F740-0000-0000-0000-000000000000}.Debug|Any CPU.ActiveCfg = Debug|x86
		{0529F740-0000-0000-0000-000000000000}.Debug|Mixed Platforms.ActiveCfg = Debug|x86
		{0529F740-0000-0000-0000-000000000000}.Debug|Mixed Platforms.Build.0 = Debug|x86
		{0529F740-0000-0000-0000-000000000000}.Debug|x86.ActiveCfg = Debug|x86
		{0529F740-0000-0000-0000-000000000000}.Debug|x86.Build.0 = Debug|x86
		{0529F740-0000-0000-0000-000000000000}.Release|Any CPU.ActiveCfg = Release|x86
		{0529F740-0000-0000-0000-000000000000}.Release|Mixed Platforms.ActiveCfg = Release|x86
		{0529F740-0000-0000-0000-000000000000}.Release|Mixed Platforms.Build.0 = Release|x86
		{0529F740-0000-0000-0000-000000000000}.Release|x86.ActiveCfg = Release|x86
		{0529F740-0000-0000-0000-000000000000}.Release|x86.Build.0 = Release|x86
		{0529F740-0000-0000-0000-000000000000}.Debug|Any CPU.Build.0 = Debug|x86
		{0529F740-0000-0000-0000-000000000000}.Release|Any CPU.Build.0 = Release|x86
		{302B877E-0000-0000-0000-000000000000}.Debug|Any CPU.ActiveCfg = Debug|x86
		{302B877E-0000-0000-0000-000000000000}.Debug|Mixed Platforms.ActiveCfg = Debug|x86
		{302B877E-0000-0000-0000-000000000000}.Debug|Mixed Platforms.Build.0 = Debug|x86
		{302B877E-0000-0000-0000-000000000000}.Debug|x86.ActiveCfg = Debug|x86
		{302B877E-0000-0000-0000-000000000000}.Debug|x86.Build.0 = Debug|x86
		{302B877E-0000-0000-0000-000000000000}.Release|Any CPU.ActiveCfg = Release|x86
		{302B877E-0000-0000-0000-000000000000}.Release|Mixed Platforms.ActiveCfg = Release|x86
		{302B877E-0000-0000-0000-000000000000}.Release|Mixed Platforms.Build.0 = Release|x86
		{302B877E-0000-0000-0000-000000000000}.Release|x86.ActiveCfg = Release|x86
		{302B877E-0000-0000-0000-000000000000}.Release|x86.Build.0 = Release|x86
		{302B877E-0000-0000-0000-000000000000}.Debug|Any CPU.Build.0 = Debug|x86
		{302B877E-0000-0000-0000-000000000000}.Release|Any CPU.Build.0 = Release|x86
		{F0ADA779-40B8-4F7E-BA6C-CDB19F3065D9}.Debug|Any CPU.ActiveCfg = Debug|Any CPU
		{F0ADA779-40B8-4F7E-BA6C-CDB19F3065D9}.Debug|Any CPU.Build.0 = Debug|Any CPU
		{F0ADA779-40B8-4F7E-BA6C-CDB19F3065D9}.Debug|Mixed Platforms.ActiveCfg = Debug|Any CPU
		{F0ADA779-40B8-4F7E-BA6C-CDB19F3065D9}.Debug|Mixed Platforms.Build.0 = Debug|Any CPU
		{F0ADA779-40B8-4F7E-BA6C-CDB19F3065D9}.Debug|x86.ActiveCfg = Debug|Any CPU
		{F0ADA779-40B8-4F7E-BA6C-CDB19F3065D9}.Release|Any CPU.ActiveCfg = Release|Any CPU
		{F0ADA779-40B8-4F7E-BA6C-CDB19F3065D9}.Release|Any CPU.Build.0 = Release|Any CPU
		{F0ADA779-40B8-4F7E-BA6C-CDB19F3065D9}.Release|Mixed Platforms.ActiveCfg = Release|Any CPU
		{F0ADA779-40B8-4F7E-BA6C-CDB19F3065D9}.Release|Mixed Platforms.Build.0 = Release|Any CPU
		{F0ADA779-40B8-4F7E-BA6C-CDB19F3065D9}.Release|x86.ActiveCfg = Release|Any CPU
	EndGlobalSection
	GlobalSection(SolutionProperties) = preSolution
		HideSolutionNode = FALSE
	EndGlobalSection
	GlobalSection(MonoDevelopProperties) = preSolution
		Policies = $0
		$0.DotNetNamingPolicy = $1
		$1.DirectoryNamespaceAssociation = None
		$1.ResourceNamePolicy = FileFormatDefault
		$0.TextStylePolicy = $2
		$2.FileWidth = 120
		$2.EolMarker = Unix
		$2.inheritsSet = VisualStudio
		$2.inheritsScope = text/plain
		$2.scope = text/x-csharp
		$0.CSharpFormattingPolicy = $3
		$3.IndentSwitchSection = True
		$3.NewLinesForBracesInProperties = True
		$3.NewLinesForBracesInAccessors = True
		$3.NewLinesForBracesInAnonymousMethods = True
		$3.NewLinesForBracesInControlBlocks = True
		$3.NewLinesForBracesInAnonymousTypes = True
		$3.NewLinesForBracesInObjectCollectionArrayInitializers = True
		$3.NewLinesForBracesInLambdaExpressionBody = True
		$3.NewLineForElse = True
		$3.NewLineForCatch = True
		$3.NewLineForFinally = True
		$3.NewLineForMembersInObjectInit = True
		$3.NewLineForMembersInAnonymousTypes = True
		$3.NewLineForClausesInQuery = True
		$3.SpacingAfterMethodDeclarationName = False
		$3.SpaceAfterMethodCallName = False
		$3.SpaceBeforeOpenSquareBracket = False
		$3.inheritsSet = Mono
		$3.inheritsScope = text/x-csharp
		$3.scope = text/x-csharp
		$0.TextStylePolicy = $4
		$4.FileWidth = 120
		$4.EolMarker = Unix
		$4.inheritsSet = VisualStudio
		$4.inheritsScope = text/plain
		$4.scope = text/plain
		$0.TextStylePolicy = $5
		$5.inheritsSet = null
		$5.scope = application/config+xml
		$0.XmlFormattingPolicy = $6
		$6.inheritsSet = null
		$6.scope = application/config+xml
		$0.TextStylePolicy = $7
		$7.inheritsSet = VisualStudio
		$7.scope = application/xml
		$7.FileWidth = 120
		$7.TabWidth = 2
		$7.IndentWidth = 2
		$7.EolMarker = Unix
		$7.inheritsScope = text/plain
		$0.XmlFormattingPolicy = $8
		$8.inheritsSet = Mono
		$8.inheritsScope = application/xml
		$8.scope = application/xml
		$0.TextStylePolicy = $9
		$9.inheritsSet = null
		$9.scope = text/microsoft-resx
		$0.XmlFormattingPolicy = $10
		$10.inheritsSet = null
		$10.scope = text/microsoft-resx
		$0.StandardHeader = $11
		$11.Text = 
		$11.IncludeInNewFiles = True
		$0.NameConventionPolicy = $12
		$12.Rules = $13
		$13.NamingRule = $14
		$14.Name = Namespaces
		$14.AffectedEntity = Namespace
		$14.VisibilityMask = VisibilityMask
		$14.NamingStyle = PascalCase
		$14.IncludeInstanceMembers = True
		$14.IncludeStaticEntities = True
		$13.NamingRule = $15
		$15.Name = Types
		$15.AffectedEntity = Class, Struct, Enum, Delegate
		$15.VisibilityMask = Public
		$15.NamingStyle = PascalCase
		$15.IncludeInstanceMembers = True
		$15.IncludeStaticEntities = True
		$13.NamingRule = $16
		$16.Name = Interfaces
		$16.RequiredPrefixes = $17
		$17.String = I
		$16.AffectedEntity = Interface
		$16.VisibilityMask = Public
		$16.NamingStyle = PascalCase
		$16.IncludeInstanceMembers = True
		$16.IncludeStaticEntities = True
		$13.NamingRule = $18
		$18.Name = Attributes
		$18.RequiredSuffixes = $19
		$19.String = Attribute
		$18.AffectedEntity = CustomAttributes
		$18.VisibilityMask = Public
		$18.NamingStyle = PascalCase
		$18.IncludeInstanceMembers = True
		$18.IncludeStaticEntities = True
		$13.NamingRule = $20
		$20.Name = Event Arguments
		$20.RequiredSuffixes = $21
		$21.String = EventArgs
		$20.AffectedEntity = CustomEventArgs
		$20.VisibilityMask = Public
		$20.NamingStyle = PascalCase
		$20.IncludeInstanceMembers = True
		$20.IncludeStaticEntities = True
		$13.NamingRule = $22
		$22.Name = Exceptions
		$22.RequiredSuffixes = $23
		$23.String = Exception
		$22.AffectedEntity = CustomExceptions
		$22.VisibilityMask = VisibilityMask
		$22.NamingStyle = PascalCase
		$22.IncludeInstanceMembers = True
		$22.IncludeStaticEntities = True
		$13.NamingRule = $24
		$24.Name = Methods
		$24.AffectedEntity = Methods
		$24.VisibilityMask = Protected, Public
		$24.NamingStyle = PascalCase
		$24.IncludeInstanceMembers = True
		$24.IncludeStaticEntities = True
		$13.NamingRule = $25
		$25.Name = Static Readonly Fields
		$25.AffectedEntity = ReadonlyField
		$25.VisibilityMask = Protected, Public
		$25.NamingStyle = PascalCase
		$25.IncludeInstanceMembers = False
		$25.IncludeStaticEntities = True
		$13.NamingRule = $26
		$26.Name = Fields
		$26.AffectedEntity = Field
		$26.VisibilityMask = Protected, Public
		$26.NamingStyle = PascalCase
		$26.IncludeInstanceMembers = True
		$26.IncludeStaticEntities = True
		$13.NamingRule = $27
		$27.Name = ReadOnly Fields
		$27.AffectedEntity = ReadonlyField
		$27.VisibilityMask = Protected, Public
		$27.NamingStyle = PascalCase
		$27.IncludeInstanceMembers = True
		$27.IncludeStaticEntities = False
		$13.NamingRule = $28
		$28.Name = Constant Fields
		$28.AffectedEntity = ConstantField
		$28.VisibilityMask = Protected, Public
		$28.NamingStyle = PascalCase
		$28.IncludeInstanceMembers = True
		$28.IncludeStaticEntities = True
		$13.NamingRule = $29
		$29.Name = Properties
		$29.AffectedEntity = Property
		$29.VisibilityMask = Protected, Public
		$29.NamingStyle = PascalCase
		$29.IncludeInstanceMembers = True
		$29.IncludeStaticEntities = True
		$13.NamingRule = $30
		$30.Name = Events
		$30.AffectedEntity = Event
		$30.VisibilityMask = Protected, Public
		$30.NamingStyle = PascalCase
		$30.IncludeInstanceMembers = True
		$30.IncludeStaticEntities = True
		$13.NamingRule = $31
		$31.Name = Enum Members
		$31.AffectedEntity = EnumMember
		$31.VisibilityMask = VisibilityMask
		$31.NamingStyle = PascalCase
		$31.IncludeInstanceMembers = True
		$31.IncludeStaticEntities = True
		$13.NamingRule = $32
		$32.Name = Parameters
		$32.AffectedEntity = Parameter
		$32.VisibilityMask = VisibilityMask
		$32.NamingStyle = CamelCase
		$32.IncludeInstanceMembers = True
		$32.IncludeStaticEntities = True
		$13.NamingRule = $33
		$33.Name = Type Parameters
		$33.RequiredPrefixes = $34
		$34.String = T
		$33.AffectedEntity = TypeParameter
		$33.VisibilityMask = VisibilityMask
		$33.NamingStyle = PascalCase
		$33.IncludeInstanceMembers = True
		$33.IncludeStaticEntities = True
	EndGlobalSection
EndGlobal
