Microsoft Visual Studio Solution File, Format Version 12.00
# Visual Studio 15
VisualStudioVersion = 15.0.26430.15
MinimumVisualStudioVersion = 10.0.40219.1
Project("{FAE04EC0-301F-11D3-BF4B-00C04F79EFBC}") = "Lidgren.Network", "Lidgren.Network\Lidgren.Network.csproj", "{59250BAF-0000-0000-0000-000000000000}"
EndProject
Project("{FAE04EC0-301F-11D3-BF4B-00C04F79EFBC}") = "SS14.Client", "SS14.Client\SS14.Client.csproj", "{0C31DFDF-0000-0000-0000-000000000000}"
EndProject
Project("{FAE04EC0-301F-11D3-BF4B-00C04F79EFBC}") = "SS14.Server", "SS14.Server\SS14.Server.csproj", "{B04AAE71-0000-0000-0000-000000000000}"
EndProject
Project("{FAE04EC0-301F-11D3-BF4B-00C04F79EFBC}") = "SS14.Shared", "SS14.Shared\SS14.Shared.csproj", "{0529F740-0000-0000-0000-000000000000}"
EndProject
Project("{FAE04EC0-301F-11D3-BF4B-00C04F79EFBC}") = "SS14.Client.Graphics", "SS14.Client.Graphics\SS14.Client.Graphics.csproj", "{302B877E-0000-0000-0000-000000000000}"
EndProject
Project("{FAE04EC0-301F-11D3-BF4B-00C04F79EFBC}") = "SS14.UnitTesting", "SS14.UnitTesting\SS14.UnitTesting.csproj", "{F0ADA779-40B8-4F7E-BA6C-CDB19F3065D9}"
EndProject
Project("{FAE04EC0-301F-11D3-BF4B-00C04F79EFBC}") = "BuildChecker", "BuildChecker\BuildChecker.csproj", "{D0DA124B-5580-4345-A02B-9F051F78915F}"
EndProject
Project("{FAE04EC0-301F-11D3-BF4B-00C04F79EFBC}") = "sfml-system", "SFML\src\System\sfml-system.csproj", "{31D24303-F6A9-4D53-BB03-A73EDCB3186D}"
EndProject
Project("{FAE04EC0-301F-11D3-BF4B-00C04F79EFBC}") = "sfml-window", "SFML\src\Window\sfml-window.csproj", "{D17DE83D-A592-461F-8AF2-53F9E22E1D0F}"
EndProject
Project("{FAE04EC0-301F-11D3-BF4B-00C04F79EFBC}") = "sfml-graphics", "SFML\src\Graphics\sfml-graphics.csproj", "{46786269-57B9-48E7-AA4F-8F4D84609FE6}"
EndProject
Project("{2150E333-8FDC-42A3-9474-1A3956D46DE8}") = "SFML", "SFML", "{600F7C3B-7142-4EEF-BE13-824BC4548D0D}"
EndProject
Project("{2150E333-8FDC-42A3-9474-1A3956D46DE8}") = "Build", "Build", "{795D76AB-19B5-4682-B51F-6DB148024A0C}"
EndProject
Project("{FAE04EC0-301F-11D3-BF4B-00C04F79EFBC}") = "SS14.Shared.Bsdiff", "SS14.Shared.Bsdiff\SS14.Shared.Bsdiff\SS14.Shared.Bsdiff.csproj", "{0E0723E8-D785-4F61-81F4-182A12BCAA52}"
EndProject
Global
	GlobalSection(SolutionConfigurationPlatforms) = preSolution
		Debug|Any CPU = Debug|Any CPU
		Debug|x64 = Debug|x64
		Debug|x86 = Debug|x86
		Release|Any CPU = Release|Any CPU
		Release|x64 = Release|x64
		Release|x86 = Release|x86
	EndGlobalSection
	GlobalSection(ProjectConfigurationPlatforms) = postSolution
		{59250BAF-0000-0000-0000-000000000000}.Debug|Any CPU.ActiveCfg = Debug|x86
		{59250BAF-0000-0000-0000-000000000000}.Debug|x64.ActiveCfg = Debug|x64
		{59250BAF-0000-0000-0000-000000000000}.Debug|x64.Build.0 = Debug|x64
		{59250BAF-0000-0000-0000-000000000000}.Debug|x86.ActiveCfg = Debug|x86
		{59250BAF-0000-0000-0000-000000000000}.Debug|x86.Build.0 = Debug|x86
		{59250BAF-0000-0000-0000-000000000000}.Release|Any CPU.ActiveCfg = Release|x86
		{59250BAF-0000-0000-0000-000000000000}.Release|x64.ActiveCfg = Release|x64
		{59250BAF-0000-0000-0000-000000000000}.Release|x64.Build.0 = Release|x64
		{59250BAF-0000-0000-0000-000000000000}.Release|x86.ActiveCfg = Release|x86
		{59250BAF-0000-0000-0000-000000000000}.Release|x86.Build.0 = Release|x86
		{0C31DFDF-0000-0000-0000-000000000000}.Debug|Any CPU.ActiveCfg = Debug|x86
		{0C31DFDF-0000-0000-0000-000000000000}.Debug|x64.ActiveCfg = Debug|x64
		{0C31DFDF-0000-0000-0000-000000000000}.Debug|x64.Build.0 = Debug|x64
		{0C31DFDF-0000-0000-0000-000000000000}.Debug|x86.ActiveCfg = Debug|x86
		{0C31DFDF-0000-0000-0000-000000000000}.Debug|x86.Build.0 = Debug|x86
		{0C31DFDF-0000-0000-0000-000000000000}.Release|Any CPU.ActiveCfg = Release|x86
		{0C31DFDF-0000-0000-0000-000000000000}.Release|x64.ActiveCfg = Release|x64
		{0C31DFDF-0000-0000-0000-000000000000}.Release|x64.Build.0 = Release|x64
		{0C31DFDF-0000-0000-0000-000000000000}.Release|x86.ActiveCfg = Release|x86
		{0C31DFDF-0000-0000-0000-000000000000}.Release|x86.Build.0 = Release|x86
		{B04AAE71-0000-0000-0000-000000000000}.Debug|Any CPU.ActiveCfg = Debug|x86
		{B04AAE71-0000-0000-0000-000000000000}.Debug|x64.ActiveCfg = Debug|x64
		{B04AAE71-0000-0000-0000-000000000000}.Debug|x64.Build.0 = Debug|x64
		{B04AAE71-0000-0000-0000-000000000000}.Debug|x86.ActiveCfg = Debug|x86
		{B04AAE71-0000-0000-0000-000000000000}.Debug|x86.Build.0 = Debug|x86
		{B04AAE71-0000-0000-0000-000000000000}.Release|Any CPU.ActiveCfg = Release|x86
		{B04AAE71-0000-0000-0000-000000000000}.Release|x64.ActiveCfg = Release|x64
		{B04AAE71-0000-0000-0000-000000000000}.Release|x64.Build.0 = Release|x64
		{B04AAE71-0000-0000-0000-000000000000}.Release|x86.ActiveCfg = Release|x86
		{B04AAE71-0000-0000-0000-000000000000}.Release|x86.Build.0 = Release|x86
		{0529F740-0000-0000-0000-000000000000}.Debug|Any CPU.ActiveCfg = Debug|Any CPU
		{0529F740-0000-0000-0000-000000000000}.Debug|Any CPU.Build.0 = Debug|Any CPU
		{0529F740-0000-0000-0000-000000000000}.Debug|x64.ActiveCfg = Debug|x64
		{0529F740-0000-0000-0000-000000000000}.Debug|x64.Build.0 = Debug|x64
		{0529F740-0000-0000-0000-000000000000}.Debug|x86.ActiveCfg = Debug|x86
		{0529F740-0000-0000-0000-000000000000}.Debug|x86.Build.0 = Debug|x86
		{0529F740-0000-0000-0000-000000000000}.Release|Any CPU.ActiveCfg = Release|Any CPU
		{0529F740-0000-0000-0000-000000000000}.Release|Any CPU.Build.0 = Release|Any CPU
		{0529F740-0000-0000-0000-000000000000}.Release|x64.ActiveCfg = Release|x64
		{0529F740-0000-0000-0000-000000000000}.Release|x64.Build.0 = Release|x64
		{0529F740-0000-0000-0000-000000000000}.Release|x86.ActiveCfg = Release|x86
		{0529F740-0000-0000-0000-000000000000}.Release|x86.Build.0 = Release|x86
		{302B877E-0000-0000-0000-000000000000}.Debug|Any CPU.ActiveCfg = Debug|x86
		{302B877E-0000-0000-0000-000000000000}.Debug|x64.ActiveCfg = Debug|x64
		{302B877E-0000-0000-0000-000000000000}.Debug|x64.Build.0 = Debug|x64
		{302B877E-0000-0000-0000-000000000000}.Debug|x86.ActiveCfg = Debug|x86
		{302B877E-0000-0000-0000-000000000000}.Debug|x86.Build.0 = Debug|x86
		{302B877E-0000-0000-0000-000000000000}.Release|Any CPU.ActiveCfg = Release|x86
		{302B877E-0000-0000-0000-000000000000}.Release|x64.ActiveCfg = Release|x64
		{302B877E-0000-0000-0000-000000000000}.Release|x64.Build.0 = Release|x64
		{302B877E-0000-0000-0000-000000000000}.Release|x86.ActiveCfg = Release|x86
		{302B877E-0000-0000-0000-000000000000}.Release|x86.Build.0 = Release|x86
		{F0ADA779-40B8-4F7E-BA6C-CDB19F3065D9}.Debug|Any CPU.ActiveCfg = Debug|x86
		{F0ADA779-40B8-4F7E-BA6C-CDB19F3065D9}.Debug|x64.ActiveCfg = Debug|x64
		{F0ADA779-40B8-4F7E-BA6C-CDB19F3065D9}.Debug|x64.Build.0 = Debug|x64
		{F0ADA779-40B8-4F7E-BA6C-CDB19F3065D9}.Debug|x86.ActiveCfg = Debug|x86
		{F0ADA779-40B8-4F7E-BA6C-CDB19F3065D9}.Debug|x86.Build.0 = Debug|x86
		{F0ADA779-40B8-4F7E-BA6C-CDB19F3065D9}.Release|Any CPU.ActiveCfg = Release|x86
		{F0ADA779-40B8-4F7E-BA6C-CDB19F3065D9}.Release|x64.ActiveCfg = Release|x64
		{F0ADA779-40B8-4F7E-BA6C-CDB19F3065D9}.Release|x64.Build.0 = Release|x64
		{F0ADA779-40B8-4F7E-BA6C-CDB19F3065D9}.Release|x86.ActiveCfg = Release|x86
		{F0ADA779-40B8-4F7E-BA6C-CDB19F3065D9}.Release|x86.Build.0 = Release|x86
		{D0DA124B-5580-4345-A02B-9F051F78915F}.Debug|Any CPU.ActiveCfg = Debug|x86
		{D0DA124B-5580-4345-A02B-9F051F78915F}.Debug|x64.ActiveCfg = Debug|x64
		{D0DA124B-5580-4345-A02B-9F051F78915F}.Debug|x64.Build.0 = Debug|x64
		{D0DA124B-5580-4345-A02B-9F051F78915F}.Debug|x86.ActiveCfg = Debug|x86
		{D0DA124B-5580-4345-A02B-9F051F78915F}.Debug|x86.Build.0 = Debug|x86
		{D0DA124B-5580-4345-A02B-9F051F78915F}.Release|Any CPU.ActiveCfg = Release|x86
		{D0DA124B-5580-4345-A02B-9F051F78915F}.Release|x64.ActiveCfg = Release|x64
		{D0DA124B-5580-4345-A02B-9F051F78915F}.Release|x64.Build.0 = Release|x64
		{D0DA124B-5580-4345-A02B-9F051F78915F}.Release|x86.ActiveCfg = Release|x86
		{D0DA124B-5580-4345-A02B-9F051F78915F}.Release|x86.Build.0 = Release|x86
		{31D24303-F6A9-4D53-BB03-A73EDCB3186D}.Debug|Any CPU.ActiveCfg = Debug|x86
		{31D24303-F6A9-4D53-BB03-A73EDCB3186D}.Debug|x64.ActiveCfg = Debug|x64
		{31D24303-F6A9-4D53-BB03-A73EDCB3186D}.Debug|x64.Build.0 = Debug|x64
		{31D24303-F6A9-4D53-BB03-A73EDCB3186D}.Debug|x86.ActiveCfg = Debug|x86
		{31D24303-F6A9-4D53-BB03-A73EDCB3186D}.Debug|x86.Build.0 = Debug|x86
		{31D24303-F6A9-4D53-BB03-A73EDCB3186D}.Release|Any CPU.ActiveCfg = Release|x86
		{31D24303-F6A9-4D53-BB03-A73EDCB3186D}.Release|x64.ActiveCfg = Release|x64
		{31D24303-F6A9-4D53-BB03-A73EDCB3186D}.Release|x64.Build.0 = Release|x64
		{31D24303-F6A9-4D53-BB03-A73EDCB3186D}.Release|x86.ActiveCfg = Release|x86
		{31D24303-F6A9-4D53-BB03-A73EDCB3186D}.Release|x86.Build.0 = Release|x86
		{D17DE83D-A592-461F-8AF2-53F9E22E1D0F}.Debug|Any CPU.ActiveCfg = Debug|x86
		{D17DE83D-A592-461F-8AF2-53F9E22E1D0F}.Debug|x64.ActiveCfg = Debug|x64
		{D17DE83D-A592-461F-8AF2-53F9E22E1D0F}.Debug|x64.Build.0 = Debug|x64
		{D17DE83D-A592-461F-8AF2-53F9E22E1D0F}.Debug|x86.ActiveCfg = Debug|x86
		{D17DE83D-A592-461F-8AF2-53F9E22E1D0F}.Debug|x86.Build.0 = Debug|x86
		{D17DE83D-A592-461F-8AF2-53F9E22E1D0F}.Release|Any CPU.ActiveCfg = Release|x86
		{D17DE83D-A592-461F-8AF2-53F9E22E1D0F}.Release|x64.ActiveCfg = Release|x64
		{D17DE83D-A592-461F-8AF2-53F9E22E1D0F}.Release|x64.Build.0 = Release|x64
		{D17DE83D-A592-461F-8AF2-53F9E22E1D0F}.Release|x86.ActiveCfg = Release|x86
		{D17DE83D-A592-461F-8AF2-53F9E22E1D0F}.Release|x86.Build.0 = Release|x86
		{46786269-57B9-48E7-AA4F-8F4D84609FE6}.Debug|Any CPU.ActiveCfg = Debug|x86
		{46786269-57B9-48E7-AA4F-8F4D84609FE6}.Debug|x64.ActiveCfg = Debug|x64
		{46786269-57B9-48E7-AA4F-8F4D84609FE6}.Debug|x64.Build.0 = Debug|x64
		{46786269-57B9-48E7-AA4F-8F4D84609FE6}.Debug|x86.ActiveCfg = Debug|x86
		{46786269-57B9-48E7-AA4F-8F4D84609FE6}.Debug|x86.Build.0 = Debug|x86
		{46786269-57B9-48E7-AA4F-8F4D84609FE6}.Release|Any CPU.ActiveCfg = Release|x86
		{46786269-57B9-48E7-AA4F-8F4D84609FE6}.Release|x64.ActiveCfg = Release|x64
		{46786269-57B9-48E7-AA4F-8F4D84609FE6}.Release|x64.Build.0 = Release|x64
		{46786269-57B9-48E7-AA4F-8F4D84609FE6}.Release|x86.ActiveCfg = Release|x86
		{46786269-57B9-48E7-AA4F-8F4D84609FE6}.Release|x86.Build.0 = Release|x86
		{0E0723E8-D785-4F61-81F4-182A12BCAA52}.Debug|Any CPU.ActiveCfg = Debug|Any CPU
		{0E0723E8-D785-4F61-81F4-182A12BCAA52}.Debug|Any CPU.Build.0 = Debug|Any CPU
		{0E0723E8-D785-4F61-81F4-182A12BCAA52}.Debug|x64.ActiveCfg = Debug|Any CPU
		{0E0723E8-D785-4F61-81F4-182A12BCAA52}.Debug|x64.Build.0 = Debug|Any CPU
		{0E0723E8-D785-4F61-81F4-182A12BCAA52}.Debug|x86.ActiveCfg = Debug|Any CPU
		{0E0723E8-D785-4F61-81F4-182A12BCAA52}.Debug|x86.Build.0 = Debug|Any CPU
		{0E0723E8-D785-4F61-81F4-182A12BCAA52}.Release|Any CPU.ActiveCfg = Release|Any CPU
		{0E0723E8-D785-4F61-81F4-182A12BCAA52}.Release|Any CPU.Build.0 = Release|Any CPU
		{0E0723E8-D785-4F61-81F4-182A12BCAA52}.Release|x64.ActiveCfg = Release|Any CPU
		{0E0723E8-D785-4F61-81F4-182A12BCAA52}.Release|x64.Build.0 = Release|Any CPU
		{0E0723E8-D785-4F61-81F4-182A12BCAA52}.Release|x86.ActiveCfg = Release|Any CPU
		{0E0723E8-D785-4F61-81F4-182A12BCAA52}.Release|x86.Build.0 = Release|Any CPU
	EndGlobalSection
	GlobalSection(SolutionProperties) = preSolution
		HideSolutionNode = FALSE
	EndGlobalSection
	GlobalSection(NestedProjects) = preSolution
		{D0DA124B-5580-4345-A02B-9F051F78915F} = {795D76AB-19B5-4682-B51F-6DB148024A0C}
		{31D24303-F6A9-4D53-BB03-A73EDCB3186D} = {600F7C3B-7142-4EEF-BE13-824BC4548D0D}
		{D17DE83D-A592-461F-8AF2-53F9E22E1D0F} = {600F7C3B-7142-4EEF-BE13-824BC4548D0D}
		{46786269-57B9-48E7-AA4F-8F4D84609FE6} = {600F7C3B-7142-4EEF-BE13-824BC4548D0D}
	EndGlobalSection
	GlobalSection(Performance) = preSolution
		HasPerformanceSessions = true
	EndGlobalSection
	GlobalSection(MonoDevelopProperties) = preSolution
		Policies = $0
		$0.DotNetNamingPolicy = $1
		$0.TextStylePolicy = $9
	EndGlobalSection
EndGlobal
