
Microsoft Visual Studio Solution File, Format Version 11.00
# Visual Studio 2010
Project("{FAE04EC0-301F-11D3-BF4B-00C04F79EFBC}") = "Client", "SS3D_Client\Client.csproj", "{835500C3-34D6-4329-954A-5D028D634E90}"
EndProject
Project("{FAE04EC0-301F-11D3-BF4B-00C04F79EFBC}") = "Server", "SS3d_server\Server.csproj", "{54B6035E-489F-4790-A033-3C0B34C6F2BD}"
EndProject
Project("{FAE04EC0-301F-11D3-BF4B-00C04F79EFBC}") = "SS13_Shared", "SS3D_shared\SS13_Shared.csproj", "{4229D7E3-C3AE-4C0A-B2B1-BB20911150DC}"
EndProject
Project("{FAE04EC0-301F-11D3-BF4B-00C04F79EFBC}") = "Lidgren.Network", "Lidgren.Network\Lidgren.Network.csproj", "{AE483C29-042E-4226-BA52-D247CE7676DA}"
EndProject
Project("{FAE04EC0-301F-11D3-BF4B-00C04F79EFBC}") = "ClientGameObject", "CGO\ClientGameObject.csproj", "{6C778741-98D8-48EB-835A-293077AF0E07}"
EndProject
Project("{FAE04EC0-301F-11D3-BF4B-00C04F79EFBC}") = "ServerGameObject", "SGO\ServerGameObject.csproj", "{A59BA08B-B934-49D1-A449-6BBDFE292C5E}"
EndProject
Project("{FAE04EC0-301F-11D3-BF4B-00C04F79EFBC}") = "ClientInterfaces", "ClientInterfaces\ClientInterfaces.csproj", "{B31E7B59-7066-4186-AB18-B1BB6DE0E537}"
EndProject
Project("{FAE04EC0-301F-11D3-BF4B-00C04F79EFBC}") = "ClientWindow", "ClientWindow\ClientWindow.csproj", "{9CFBF7F1-B939-433B-AFA1-C12EBA2565CD}"
EndProject
Project("{FAE04EC0-301F-11D3-BF4B-00C04F79EFBC}") = "ClientServices", "ClientServices\ClientServices.csproj", "{7F85F20C-E2B5-455D-A1CA-76ED000D25EA}"
EndProject
Project("{FAE04EC0-301F-11D3-BF4B-00C04F79EFBC}") = "ServerServices", "ServerServices\ServerServices.csproj", "{765AFD37-F6EF-4CDF-9596-C3DD15974A35}"
EndProject
Project("{FAE04EC0-301F-11D3-BF4B-00C04F79EFBC}") = "ServerInterfaces", "ServerInterfaces\ServerInterfaces.csproj", "{54D36F17-8D71-4DD8-8B29-12CAD489F0D9}"
EndProject
Project("{FAE04EC0-301F-11D3-BF4B-00C04F79EFBC}") = "EntityEditor", "EntityEditor\EntityEditor.csproj", "{F5690746-73FD-46E5-8213-56F5853A843C}"
EndProject
Project("{FAE04EC0-301F-11D3-BF4B-00C04F79EFBC}") = "Decalshadertest", "POCs\Decalshadertest\Decalshadertest.csproj", "{2A99B768-083D-4709-AEB8-791D4D4C6696}"
EndProject
Project("{2150E333-8FDC-42A3-9474-1A3956D46DE8}") = "Solution Items", "Solution Items", "{9C819DBE-D053-462F-B7CC-330C1DF56131}"
	ProjectSection(SolutionItems) = preProject
		References\Release\Gorgon.dll = References\Release\Gorgon.dll
		References\Release\Gorgon.XML = References\Release\Gorgon.XML
		packagebuild.bat = packagebuild.bat
		runclient.bat = runclient.bat
		Buildfiles\runclient.bat = Buildfiles\runclient.bat
		Buildfiles\runserver.bat = Buildfiles\runserver.bat
		serverpackagebuild.bat = serverpackagebuild.bat
	EndProjectSection
EndProject
Project("{FAE04EC0-301F-11D3-BF4B-00C04F79EFBC}") = "SS13.IoC", "SS13.IoC\SS13.IoC.csproj", "{3401031F-35A7-4AE5-8B64-CAFDCB929F0E}"
EndProject
Project("{FAE04EC0-301F-11D3-BF4B-00C04F79EFBC}") = "MessagingProfiler", "MessagingProfiler\MessagingProfiler.csproj", "{3D1ACB1A-28DC-45A1-842E-AA5F2C120278}"
EndProject
Project("{2150E333-8FDC-42A3-9474-1A3956D46DE8}") = "Other", "Other", "{0E16F7BE-EB96-4EA3-9077-591BAB4A7214}"
EndProject
Project("{FAE04EC0-301F-11D3-BF4B-00C04F79EFBC}") = "Balltest", "POCs\Balltest\Balltest.csproj", "{06F24A69-F66B-42AD-8EA3-632E83010B38}"
EndProject
Global
	GlobalSection(SolutionConfigurationPlatforms) = preSolution
		CoreOnly|Any CPU = CoreOnly|Any CPU
		CoreOnly|Mixed Platforms = CoreOnly|Mixed Platforms
		CoreOnly|x86 = CoreOnly|x86
		Debug|Any CPU = Debug|Any CPU
		Debug|Mixed Platforms = Debug|Mixed Platforms
		Debug|x86 = Debug|x86
		DebugMessaging|Any CPU = DebugMessaging|Any CPU
		DebugMessaging|Mixed Platforms = DebugMessaging|Mixed Platforms
		DebugMessaging|x86 = DebugMessaging|x86
		iOS|Any CPU = iOS|Any CPU
		iOS|Mixed Platforms = iOS|Mixed Platforms
		iOS|x86 = iOS|x86
		Net20|Any CPU = Net20|Any CPU
		Net20|Mixed Platforms = Net20|Mixed Platforms
		Net20|x86 = Net20|x86
		Profile|Any CPU = Profile|Any CPU
		Profile|Mixed Platforms = Profile|Mixed Platforms
		Profile|x86 = Profile|x86
		Release|Any CPU = Release|Any CPU
		Release|Mixed Platforms = Release|Mixed Platforms
		Release|x86 = Release|x86
		Silverlight2|Any CPU = Silverlight2|Any CPU
		Silverlight2|Mixed Platforms = Silverlight2|Mixed Platforms
		Silverlight2|x86 = Silverlight2|x86
		Unity|Any CPU = Unity|Any CPU
		Unity|Mixed Platforms = Unity|Mixed Platforms
		Unity|x86 = Unity|x86
		ZDebug|Any CPU = ZDebug|Any CPU
		ZDebug|Mixed Platforms = ZDebug|Mixed Platforms
		ZDebug|x86 = ZDebug|x86
	EndGlobalSection
	GlobalSection(ProjectConfigurationPlatforms) = postSolution
		{835500C3-34D6-4329-954A-5D028D634E90}.CoreOnly|Any CPU.ActiveCfg = DebugMessaging|x86
		{835500C3-34D6-4329-954A-5D028D634E90}.CoreOnly|Mixed Platforms.ActiveCfg = DebugMessaging|x86
		{835500C3-34D6-4329-954A-5D028D634E90}.CoreOnly|Mixed Platforms.Build.0 = DebugMessaging|x86
		{835500C3-34D6-4329-954A-5D028D634E90}.CoreOnly|x86.ActiveCfg = DebugMessaging|x86
		{835500C3-34D6-4329-954A-5D028D634E90}.CoreOnly|x86.Build.0 = DebugMessaging|x86
		{835500C3-34D6-4329-954A-5D028D634E90}.Debug|Any CPU.ActiveCfg = Debug|Any CPU
		{835500C3-34D6-4329-954A-5D028D634E90}.Debug|Any CPU.Build.0 = Debug|Any CPU
		{835500C3-34D6-4329-954A-5D028D634E90}.Debug|Mixed Platforms.ActiveCfg = Debug|x86
		{835500C3-34D6-4329-954A-5D028D634E90}.Debug|Mixed Platforms.Build.0 = Debug|x86
		{835500C3-34D6-4329-954A-5D028D634E90}.Debug|x86.ActiveCfg = Debug|x86
		{835500C3-34D6-4329-954A-5D028D634E90}.Debug|x86.Build.0 = Debug|x86
		{835500C3-34D6-4329-954A-5D028D634E90}.DebugMessaging|Any CPU.ActiveCfg = DebugMessaging|Any CPU
		{835500C3-34D6-4329-954A-5D028D634E90}.DebugMessaging|Any CPU.Build.0 = DebugMessaging|Any CPU
		{835500C3-34D6-4329-954A-5D028D634E90}.DebugMessaging|Mixed Platforms.ActiveCfg = DebugMessaging|x86
		{835500C3-34D6-4329-954A-5D028D634E90}.DebugMessaging|Mixed Platforms.Build.0 = DebugMessaging|x86
		{835500C3-34D6-4329-954A-5D028D634E90}.DebugMessaging|x86.ActiveCfg = DebugMessaging|x86
		{835500C3-34D6-4329-954A-5D028D634E90}.DebugMessaging|x86.Build.0 = DebugMessaging|x86
		{835500C3-34D6-4329-954A-5D028D634E90}.iOS|Any CPU.ActiveCfg = DebugMessaging|x86
		{835500C3-34D6-4329-954A-5D028D634E90}.iOS|Mixed Platforms.ActiveCfg = DebugMessaging|x86
		{835500C3-34D6-4329-954A-5D028D634E90}.iOS|Mixed Platforms.Build.0 = DebugMessaging|x86
		{835500C3-34D6-4329-954A-5D028D634E90}.iOS|x86.ActiveCfg = DebugMessaging|x86
		{835500C3-34D6-4329-954A-5D028D634E90}.iOS|x86.Build.0 = DebugMessaging|x86
		{835500C3-34D6-4329-954A-5D028D634E90}.Net20|Any CPU.ActiveCfg = DebugMessaging|x86
		{835500C3-34D6-4329-954A-5D028D634E90}.Net20|Mixed Platforms.ActiveCfg = DebugMessaging|x86
		{835500C3-34D6-4329-954A-5D028D634E90}.Net20|Mixed Platforms.Build.0 = DebugMessaging|x86
		{835500C3-34D6-4329-954A-5D028D634E90}.Net20|x86.ActiveCfg = DebugMessaging|x86
		{835500C3-34D6-4329-954A-5D028D634E90}.Net20|x86.Build.0 = DebugMessaging|x86
		{835500C3-34D6-4329-954A-5D028D634E90}.Profile|Any CPU.ActiveCfg = DebugMessaging|x86
		{835500C3-34D6-4329-954A-5D028D634E90}.Profile|Mixed Platforms.ActiveCfg = DebugMessaging|x86
		{835500C3-34D6-4329-954A-5D028D634E90}.Profile|Mixed Platforms.Build.0 = DebugMessaging|x86
		{835500C3-34D6-4329-954A-5D028D634E90}.Profile|x86.ActiveCfg = DebugMessaging|x86
		{835500C3-34D6-4329-954A-5D028D634E90}.Profile|x86.Build.0 = DebugMessaging|x86
		{835500C3-34D6-4329-954A-5D028D634E90}.Release|Any CPU.ActiveCfg = Release|Any CPU
		{835500C3-34D6-4329-954A-5D028D634E90}.Release|Any CPU.Build.0 = Release|Any CPU
		{835500C3-34D6-4329-954A-5D028D634E90}.Release|Mixed Platforms.ActiveCfg = Release|x86
		{835500C3-34D6-4329-954A-5D028D634E90}.Release|Mixed Platforms.Build.0 = Release|x86
		{835500C3-34D6-4329-954A-5D028D634E90}.Release|x86.ActiveCfg = Release|x86
		{835500C3-34D6-4329-954A-5D028D634E90}.Release|x86.Build.0 = Release|x86
		{835500C3-34D6-4329-954A-5D028D634E90}.Silverlight2|Any CPU.ActiveCfg = DebugMessaging|x86
		{835500C3-34D6-4329-954A-5D028D634E90}.Silverlight2|Mixed Platforms.ActiveCfg = DebugMessaging|x86
		{835500C3-34D6-4329-954A-5D028D634E90}.Silverlight2|Mixed Platforms.Build.0 = DebugMessaging|x86
		{835500C3-34D6-4329-954A-5D028D634E90}.Silverlight2|x86.ActiveCfg = DebugMessaging|x86
		{835500C3-34D6-4329-954A-5D028D634E90}.Silverlight2|x86.Build.0 = DebugMessaging|x86
		{835500C3-34D6-4329-954A-5D028D634E90}.Unity|Any CPU.ActiveCfg = DebugMessaging|x86
		{835500C3-34D6-4329-954A-5D028D634E90}.Unity|Mixed Platforms.ActiveCfg = DebugMessaging|x86
		{835500C3-34D6-4329-954A-5D028D634E90}.Unity|Mixed Platforms.Build.0 = DebugMessaging|x86
		{835500C3-34D6-4329-954A-5D028D634E90}.Unity|x86.ActiveCfg = DebugMessaging|x86
		{835500C3-34D6-4329-954A-5D028D634E90}.Unity|x86.Build.0 = DebugMessaging|x86
		{835500C3-34D6-4329-954A-5D028D634E90}.ZDebug|Any CPU.ActiveCfg = Release|Any CPU
		{835500C3-34D6-4329-954A-5D028D634E90}.ZDebug|Any CPU.Build.0 = Release|Any CPU
		{835500C3-34D6-4329-954A-5D028D634E90}.ZDebug|Mixed Platforms.ActiveCfg = Debug|Any CPU
		{835500C3-34D6-4329-954A-5D028D634E90}.ZDebug|Mixed Platforms.Build.0 = Debug|Any CPU
		{835500C3-34D6-4329-954A-5D028D634E90}.ZDebug|x86.ActiveCfg = Debug|x86
		{835500C3-34D6-4329-954A-5D028D634E90}.ZDebug|x86.Build.0 = Debug|x86
		{54B6035E-489F-4790-A033-3C0B34C6F2BD}.CoreOnly|Any CPU.ActiveCfg = DebugMessaging|x86
		{54B6035E-489F-4790-A033-3C0B34C6F2BD}.CoreOnly|Mixed Platforms.ActiveCfg = DebugMessaging|x86
		{54B6035E-489F-4790-A033-3C0B34C6F2BD}.CoreOnly|Mixed Platforms.Build.0 = DebugMessaging|x86
		{54B6035E-489F-4790-A033-3C0B34C6F2BD}.CoreOnly|x86.ActiveCfg = DebugMessaging|x86
		{54B6035E-489F-4790-A033-3C0B34C6F2BD}.CoreOnly|x86.Build.0 = DebugMessaging|x86
		{54B6035E-489F-4790-A033-3C0B34C6F2BD}.Debug|Any CPU.ActiveCfg = Debug|Any CPU
		{54B6035E-489F-4790-A033-3C0B34C6F2BD}.Debug|Any CPU.Build.0 = Debug|Any CPU
		{54B6035E-489F-4790-A033-3C0B34C6F2BD}.Debug|Mixed Platforms.ActiveCfg = Debug|x86
		{54B6035E-489F-4790-A033-3C0B34C6F2BD}.Debug|Mixed Platforms.Build.0 = Debug|x86
		{54B6035E-489F-4790-A033-3C0B34C6F2BD}.Debug|x86.ActiveCfg = Debug|x86
		{54B6035E-489F-4790-A033-3C0B34C6F2BD}.Debug|x86.Build.0 = Debug|x86
		{54B6035E-489F-4790-A033-3C0B34C6F2BD}.DebugMessaging|Any CPU.ActiveCfg = DebugMessaging|Any CPU
		{54B6035E-489F-4790-A033-3C0B34C6F2BD}.DebugMessaging|Any CPU.Build.0 = DebugMessaging|Any CPU
		{54B6035E-489F-4790-A033-3C0B34C6F2BD}.DebugMessaging|Mixed Platforms.ActiveCfg = DebugMessaging|x86
		{54B6035E-489F-4790-A033-3C0B34C6F2BD}.DebugMessaging|Mixed Platforms.Build.0 = DebugMessaging|x86
		{54B6035E-489F-4790-A033-3C0B34C6F2BD}.DebugMessaging|x86.ActiveCfg = DebugMessaging|x86
		{54B6035E-489F-4790-A033-3C0B34C6F2BD}.DebugMessaging|x86.Build.0 = DebugMessaging|x86
		{54B6035E-489F-4790-A033-3C0B34C6F2BD}.iOS|Any CPU.ActiveCfg = DebugMessaging|x86
		{54B6035E-489F-4790-A033-3C0B34C6F2BD}.iOS|Mixed Platforms.ActiveCfg = DebugMessaging|x86
		{54B6035E-489F-4790-A033-3C0B34C6F2BD}.iOS|Mixed Platforms.Build.0 = DebugMessaging|x86
		{54B6035E-489F-4790-A033-3C0B34C6F2BD}.iOS|x86.ActiveCfg = DebugMessaging|x86
		{54B6035E-489F-4790-A033-3C0B34C6F2BD}.iOS|x86.Build.0 = DebugMessaging|x86
		{54B6035E-489F-4790-A033-3C0B34C6F2BD}.Net20|Any CPU.ActiveCfg = DebugMessaging|x86
		{54B6035E-489F-4790-A033-3C0B34C6F2BD}.Net20|Mixed Platforms.ActiveCfg = DebugMessaging|x86
		{54B6035E-489F-4790-A033-3C0B34C6F2BD}.Net20|Mixed Platforms.Build.0 = DebugMessaging|x86
		{54B6035E-489F-4790-A033-3C0B34C6F2BD}.Net20|x86.ActiveCfg = DebugMessaging|x86
		{54B6035E-489F-4790-A033-3C0B34C6F2BD}.Net20|x86.Build.0 = DebugMessaging|x86
		{54B6035E-489F-4790-A033-3C0B34C6F2BD}.Profile|Any CPU.ActiveCfg = DebugMessaging|x86
		{54B6035E-489F-4790-A033-3C0B34C6F2BD}.Profile|Mixed Platforms.ActiveCfg = DebugMessaging|x86
		{54B6035E-489F-4790-A033-3C0B34C6F2BD}.Profile|Mixed Platforms.Build.0 = DebugMessaging|x86
		{54B6035E-489F-4790-A033-3C0B34C6F2BD}.Profile|x86.ActiveCfg = DebugMessaging|x86
		{54B6035E-489F-4790-A033-3C0B34C6F2BD}.Profile|x86.Build.0 = DebugMessaging|x86
		{54B6035E-489F-4790-A033-3C0B34C6F2BD}.Release|Any CPU.ActiveCfg = Release|Any CPU
		{54B6035E-489F-4790-A033-3C0B34C6F2BD}.Release|Any CPU.Build.0 = Release|Any CPU
		{54B6035E-489F-4790-A033-3C0B34C6F2BD}.Release|Mixed Platforms.ActiveCfg = Release|Any CPU
		{54B6035E-489F-4790-A033-3C0B34C6F2BD}.Release|Mixed Platforms.Build.0 = Release|Any CPU
		{54B6035E-489F-4790-A033-3C0B34C6F2BD}.Release|x86.ActiveCfg = Release|x86
		{54B6035E-489F-4790-A033-3C0B34C6F2BD}.Release|x86.Build.0 = Release|x86
		{54B6035E-489F-4790-A033-3C0B34C6F2BD}.Silverlight2|Any CPU.ActiveCfg = DebugMessaging|x86
		{54B6035E-489F-4790-A033-3C0B34C6F2BD}.Silverlight2|Mixed Platforms.ActiveCfg = DebugMessaging|x86
		{54B6035E-489F-4790-A033-3C0B34C6F2BD}.Silverlight2|Mixed Platforms.Build.0 = DebugMessaging|x86
		{54B6035E-489F-4790-A033-3C0B34C6F2BD}.Silverlight2|x86.ActiveCfg = DebugMessaging|x86
		{54B6035E-489F-4790-A033-3C0B34C6F2BD}.Silverlight2|x86.Build.0 = DebugMessaging|x86
		{54B6035E-489F-4790-A033-3C0B34C6F2BD}.Unity|Any CPU.ActiveCfg = DebugMessaging|x86
		{54B6035E-489F-4790-A033-3C0B34C6F2BD}.Unity|Mixed Platforms.ActiveCfg = DebugMessaging|x86
		{54B6035E-489F-4790-A033-3C0B34C6F2BD}.Unity|Mixed Platforms.Build.0 = DebugMessaging|x86
		{54B6035E-489F-4790-A033-3C0B34C6F2BD}.Unity|x86.ActiveCfg = DebugMessaging|x86
		{54B6035E-489F-4790-A033-3C0B34C6F2BD}.Unity|x86.Build.0 = DebugMessaging|x86
		{54B6035E-489F-4790-A033-3C0B34C6F2BD}.ZDebug|Any CPU.ActiveCfg = Release|Any CPU
		{54B6035E-489F-4790-A033-3C0B34C6F2BD}.ZDebug|Any CPU.Build.0 = Release|Any CPU
		{54B6035E-489F-4790-A033-3C0B34C6F2BD}.ZDebug|Mixed Platforms.ActiveCfg = Debug|Any CPU
		{54B6035E-489F-4790-A033-3C0B34C6F2BD}.ZDebug|Mixed Platforms.Build.0 = Debug|Any CPU
		{54B6035E-489F-4790-A033-3C0B34C6F2BD}.ZDebug|x86.ActiveCfg = Debug|x86
		{54B6035E-489F-4790-A033-3C0B34C6F2BD}.ZDebug|x86.Build.0 = Debug|x86
		{4229D7E3-C3AE-4C0A-B2B1-BB20911150DC}.CoreOnly|Any CPU.ActiveCfg = DebugMessaging|x86
		{4229D7E3-C3AE-4C0A-B2B1-BB20911150DC}.CoreOnly|Mixed Platforms.ActiveCfg = DebugMessaging|x86
		{4229D7E3-C3AE-4C0A-B2B1-BB20911150DC}.CoreOnly|Mixed Platforms.Build.0 = DebugMessaging|x86
		{4229D7E3-C3AE-4C0A-B2B1-BB20911150DC}.CoreOnly|x86.ActiveCfg = DebugMessaging|x86
		{4229D7E3-C3AE-4C0A-B2B1-BB20911150DC}.CoreOnly|x86.Build.0 = DebugMessaging|x86
		{4229D7E3-C3AE-4C0A-B2B1-BB20911150DC}.Debug|Any CPU.ActiveCfg = Debug|Any CPU
		{4229D7E3-C3AE-4C0A-B2B1-BB20911150DC}.Debug|Any CPU.Build.0 = Debug|Any CPU
		{4229D7E3-C3AE-4C0A-B2B1-BB20911150DC}.Debug|Mixed Platforms.ActiveCfg = Debug|x86
		{4229D7E3-C3AE-4C0A-B2B1-BB20911150DC}.Debug|Mixed Platforms.Build.0 = Debug|x86
		{4229D7E3-C3AE-4C0A-B2B1-BB20911150DC}.Debug|x86.ActiveCfg = Debug|x86
		{4229D7E3-C3AE-4C0A-B2B1-BB20911150DC}.Debug|x86.Build.0 = Debug|x86
		{4229D7E3-C3AE-4C0A-B2B1-BB20911150DC}.DebugMessaging|Any CPU.ActiveCfg = DebugMessaging|Any CPU
		{4229D7E3-C3AE-4C0A-B2B1-BB20911150DC}.DebugMessaging|Any CPU.Build.0 = DebugMessaging|Any CPU
		{4229D7E3-C3AE-4C0A-B2B1-BB20911150DC}.DebugMessaging|Mixed Platforms.ActiveCfg = DebugMessaging|x86
		{4229D7E3-C3AE-4C0A-B2B1-BB20911150DC}.DebugMessaging|Mixed Platforms.Build.0 = DebugMessaging|x86
		{4229D7E3-C3AE-4C0A-B2B1-BB20911150DC}.DebugMessaging|x86.ActiveCfg = DebugMessaging|x86
		{4229D7E3-C3AE-4C0A-B2B1-BB20911150DC}.DebugMessaging|x86.Build.0 = DebugMessaging|x86
		{4229D7E3-C3AE-4C0A-B2B1-BB20911150DC}.iOS|Any CPU.ActiveCfg = DebugMessaging|x86
		{4229D7E3-C3AE-4C0A-B2B1-BB20911150DC}.iOS|Mixed Platforms.ActiveCfg = DebugMessaging|x86
		{4229D7E3-C3AE-4C0A-B2B1-BB20911150DC}.iOS|Mixed Platforms.Build.0 = DebugMessaging|x86
		{4229D7E3-C3AE-4C0A-B2B1-BB20911150DC}.iOS|x86.ActiveCfg = DebugMessaging|x86
		{4229D7E3-C3AE-4C0A-B2B1-BB20911150DC}.iOS|x86.Build.0 = DebugMessaging|x86
		{4229D7E3-C3AE-4C0A-B2B1-BB20911150DC}.Net20|Any CPU.ActiveCfg = DebugMessaging|x86
		{4229D7E3-C3AE-4C0A-B2B1-BB20911150DC}.Net20|Mixed Platforms.ActiveCfg = DebugMessaging|x86
		{4229D7E3-C3AE-4C0A-B2B1-BB20911150DC}.Net20|Mixed Platforms.Build.0 = DebugMessaging|x86
		{4229D7E3-C3AE-4C0A-B2B1-BB20911150DC}.Net20|x86.ActiveCfg = DebugMessaging|x86
		{4229D7E3-C3AE-4C0A-B2B1-BB20911150DC}.Net20|x86.Build.0 = DebugMessaging|x86
		{4229D7E3-C3AE-4C0A-B2B1-BB20911150DC}.Profile|Any CPU.ActiveCfg = DebugMessaging|x86
		{4229D7E3-C3AE-4C0A-B2B1-BB20911150DC}.Profile|Mixed Platforms.ActiveCfg = DebugMessaging|x86
		{4229D7E3-C3AE-4C0A-B2B1-BB20911150DC}.Profile|Mixed Platforms.Build.0 = DebugMessaging|x86
		{4229D7E3-C3AE-4C0A-B2B1-BB20911150DC}.Profile|x86.ActiveCfg = DebugMessaging|x86
		{4229D7E3-C3AE-4C0A-B2B1-BB20911150DC}.Profile|x86.Build.0 = DebugMessaging|x86
		{4229D7E3-C3AE-4C0A-B2B1-BB20911150DC}.Release|Any CPU.ActiveCfg = Release|Any CPU
		{4229D7E3-C3AE-4C0A-B2B1-BB20911150DC}.Release|Any CPU.Build.0 = Release|Any CPU
		{4229D7E3-C3AE-4C0A-B2B1-BB20911150DC}.Release|Mixed Platforms.ActiveCfg = Release|x86
		{4229D7E3-C3AE-4C0A-B2B1-BB20911150DC}.Release|Mixed Platforms.Build.0 = Release|x86
		{4229D7E3-C3AE-4C0A-B2B1-BB20911150DC}.Release|x86.ActiveCfg = Release|x86
		{4229D7E3-C3AE-4C0A-B2B1-BB20911150DC}.Release|x86.Build.0 = Release|x86
		{4229D7E3-C3AE-4C0A-B2B1-BB20911150DC}.Silverlight2|Any CPU.ActiveCfg = DebugMessaging|x86
		{4229D7E3-C3AE-4C0A-B2B1-BB20911150DC}.Silverlight2|Mixed Platforms.ActiveCfg = DebugMessaging|x86
		{4229D7E3-C3AE-4C0A-B2B1-BB20911150DC}.Silverlight2|Mixed Platforms.Build.0 = DebugMessaging|x86
		{4229D7E3-C3AE-4C0A-B2B1-BB20911150DC}.Silverlight2|x86.ActiveCfg = DebugMessaging|x86
		{4229D7E3-C3AE-4C0A-B2B1-BB20911150DC}.Silverlight2|x86.Build.0 = DebugMessaging|x86
		{4229D7E3-C3AE-4C0A-B2B1-BB20911150DC}.Unity|Any CPU.ActiveCfg = DebugMessaging|x86
		{4229D7E3-C3AE-4C0A-B2B1-BB20911150DC}.Unity|Mixed Platforms.ActiveCfg = DebugMessaging|x86
		{4229D7E3-C3AE-4C0A-B2B1-BB20911150DC}.Unity|Mixed Platforms.Build.0 = DebugMessaging|x86
		{4229D7E3-C3AE-4C0A-B2B1-BB20911150DC}.Unity|x86.ActiveCfg = DebugMessaging|x86
		{4229D7E3-C3AE-4C0A-B2B1-BB20911150DC}.Unity|x86.Build.0 = DebugMessaging|x86
		{4229D7E3-C3AE-4C0A-B2B1-BB20911150DC}.ZDebug|Any CPU.ActiveCfg = Release|Any CPU
		{4229D7E3-C3AE-4C0A-B2B1-BB20911150DC}.ZDebug|Any CPU.Build.0 = Release|Any CPU
		{4229D7E3-C3AE-4C0A-B2B1-BB20911150DC}.ZDebug|Mixed Platforms.ActiveCfg = Debug|Any CPU
		{4229D7E3-C3AE-4C0A-B2B1-BB20911150DC}.ZDebug|Mixed Platforms.Build.0 = Debug|Any CPU
		{4229D7E3-C3AE-4C0A-B2B1-BB20911150DC}.ZDebug|x86.ActiveCfg = Debug|x86
		{4229D7E3-C3AE-4C0A-B2B1-BB20911150DC}.ZDebug|x86.Build.0 = Debug|x86
		{AE483C29-042E-4226-BA52-D247CE7676DA}.CoreOnly|Any CPU.ActiveCfg = DebugMessaging|Any CPU
		{AE483C29-042E-4226-BA52-D247CE7676DA}.CoreOnly|Any CPU.Build.0 = DebugMessaging|Any CPU
		{AE483C29-042E-4226-BA52-D247CE7676DA}.CoreOnly|Mixed Platforms.ActiveCfg = DebugMessaging|Any CPU
		{AE483C29-042E-4226-BA52-D247CE7676DA}.CoreOnly|Mixed Platforms.Build.0 = DebugMessaging|Any CPU
		{AE483C29-042E-4226-BA52-D247CE7676DA}.CoreOnly|x86.ActiveCfg = DebugMessaging|Any CPU
		{AE483C29-042E-4226-BA52-D247CE7676DA}.Debug|Any CPU.ActiveCfg = Debug|Any CPU
		{AE483C29-042E-4226-BA52-D247CE7676DA}.Debug|Any CPU.Build.0 = Debug|Any CPU
		{AE483C29-042E-4226-BA52-D247CE7676DA}.Debug|Mixed Platforms.ActiveCfg = Debug|Any CPU
		{AE483C29-042E-4226-BA52-D247CE7676DA}.Debug|Mixed Platforms.Build.0 = Debug|Any CPU
		{AE483C29-042E-4226-BA52-D247CE7676DA}.Debug|x86.ActiveCfg = Debug|Any CPU
		{AE483C29-042E-4226-BA52-D247CE7676DA}.DebugMessaging|Any CPU.ActiveCfg = DebugMessaging|Any CPU
		{AE483C29-042E-4226-BA52-D247CE7676DA}.DebugMessaging|Any CPU.Build.0 = DebugMessaging|Any CPU
		{AE483C29-042E-4226-BA52-D247CE7676DA}.DebugMessaging|Mixed Platforms.ActiveCfg = DebugMessaging|Any CPU
		{AE483C29-042E-4226-BA52-D247CE7676DA}.DebugMessaging|Mixed Platforms.Build.0 = DebugMessaging|Any CPU
		{AE483C29-042E-4226-BA52-D247CE7676DA}.DebugMessaging|x86.ActiveCfg = DebugMessaging|Any CPU
		{AE483C29-042E-4226-BA52-D247CE7676DA}.iOS|Any CPU.ActiveCfg = DebugMessaging|Any CPU
		{AE483C29-042E-4226-BA52-D247CE7676DA}.iOS|Any CPU.Build.0 = DebugMessaging|Any CPU
		{AE483C29-042E-4226-BA52-D247CE7676DA}.iOS|Mixed Platforms.ActiveCfg = DebugMessaging|Any CPU
		{AE483C29-042E-4226-BA52-D247CE7676DA}.iOS|Mixed Platforms.Build.0 = DebugMessaging|Any CPU
		{AE483C29-042E-4226-BA52-D247CE7676DA}.iOS|x86.ActiveCfg = DebugMessaging|Any CPU
		{AE483C29-042E-4226-BA52-D247CE7676DA}.Net20|Any CPU.ActiveCfg = DebugMessaging|Any CPU
		{AE483C29-042E-4226-BA52-D247CE7676DA}.Net20|Any CPU.Build.0 = DebugMessaging|Any CPU
		{AE483C29-042E-4226-BA52-D247CE7676DA}.Net20|Mixed Platforms.ActiveCfg = DebugMessaging|Any CPU
		{AE483C29-042E-4226-BA52-D247CE7676DA}.Net20|Mixed Platforms.Build.0 = DebugMessaging|Any CPU
		{AE483C29-042E-4226-BA52-D247CE7676DA}.Net20|x86.ActiveCfg = DebugMessaging|Any CPU
		{AE483C29-042E-4226-BA52-D247CE7676DA}.Profile|Any CPU.ActiveCfg = DebugMessaging|Any CPU
		{AE483C29-042E-4226-BA52-D247CE7676DA}.Profile|Any CPU.Build.0 = DebugMessaging|Any CPU
		{AE483C29-042E-4226-BA52-D247CE7676DA}.Profile|Mixed Platforms.ActiveCfg = DebugMessaging|Any CPU
		{AE483C29-042E-4226-BA52-D247CE7676DA}.Profile|Mixed Platforms.Build.0 = DebugMessaging|Any CPU
		{AE483C29-042E-4226-BA52-D247CE7676DA}.Profile|x86.ActiveCfg = DebugMessaging|Any CPU
		{AE483C29-042E-4226-BA52-D247CE7676DA}.Release|Any CPU.ActiveCfg = Release|Any CPU
		{AE483C29-042E-4226-BA52-D247CE7676DA}.Release|Any CPU.Build.0 = Release|Any CPU
		{AE483C29-042E-4226-BA52-D247CE7676DA}.Release|Mixed Platforms.ActiveCfg = Release|Any CPU
		{AE483C29-042E-4226-BA52-D247CE7676DA}.Release|Mixed Platforms.Build.0 = Release|Any CPU
		{AE483C29-042E-4226-BA52-D247CE7676DA}.Release|x86.ActiveCfg = Release|Any CPU
		{AE483C29-042E-4226-BA52-D247CE7676DA}.Silverlight2|Any CPU.ActiveCfg = DebugMessaging|Any CPU
		{AE483C29-042E-4226-BA52-D247CE7676DA}.Silverlight2|Any CPU.Build.0 = DebugMessaging|Any CPU
		{AE483C29-042E-4226-BA52-D247CE7676DA}.Silverlight2|Mixed Platforms.ActiveCfg = DebugMessaging|Any CPU
		{AE483C29-042E-4226-BA52-D247CE7676DA}.Silverlight2|Mixed Platforms.Build.0 = DebugMessaging|Any CPU
		{AE483C29-042E-4226-BA52-D247CE7676DA}.Silverlight2|x86.ActiveCfg = DebugMessaging|Any CPU
		{AE483C29-042E-4226-BA52-D247CE7676DA}.Unity|Any CPU.ActiveCfg = DebugMessaging|Any CPU
		{AE483C29-042E-4226-BA52-D247CE7676DA}.Unity|Any CPU.Build.0 = DebugMessaging|Any CPU
		{AE483C29-042E-4226-BA52-D247CE7676DA}.Unity|Mixed Platforms.ActiveCfg = DebugMessaging|Any CPU
		{AE483C29-042E-4226-BA52-D247CE7676DA}.Unity|Mixed Platforms.Build.0 = DebugMessaging|Any CPU
		{AE483C29-042E-4226-BA52-D247CE7676DA}.Unity|x86.ActiveCfg = DebugMessaging|Any CPU
		{AE483C29-042E-4226-BA52-D247CE7676DA}.ZDebug|Any CPU.ActiveCfg = Release|Any CPU
		{AE483C29-042E-4226-BA52-D247CE7676DA}.ZDebug|Any CPU.Build.0 = Release|Any CPU
		{AE483C29-042E-4226-BA52-D247CE7676DA}.ZDebug|Mixed Platforms.ActiveCfg = Debug|Any CPU
		{AE483C29-042E-4226-BA52-D247CE7676DA}.ZDebug|Mixed Platforms.Build.0 = Debug|Any CPU
		{AE483C29-042E-4226-BA52-D247CE7676DA}.ZDebug|x86.ActiveCfg = Debug|Any CPU
		{6C778741-98D8-48EB-835A-293077AF0E07}.CoreOnly|Any CPU.ActiveCfg = DebugMessaging|Any CPU
		{6C778741-98D8-48EB-835A-293077AF0E07}.CoreOnly|Any CPU.Build.0 = DebugMessaging|Any CPU
		{6C778741-98D8-48EB-835A-293077AF0E07}.CoreOnly|Mixed Platforms.ActiveCfg = DebugMessaging|Any CPU
		{6C778741-98D8-48EB-835A-293077AF0E07}.CoreOnly|Mixed Platforms.Build.0 = DebugMessaging|Any CPU
		{6C778741-98D8-48EB-835A-293077AF0E07}.CoreOnly|x86.ActiveCfg = DebugMessaging|Any CPU
		{6C778741-98D8-48EB-835A-293077AF0E07}.Debug|Any CPU.ActiveCfg = Debug|Any CPU
		{6C778741-98D8-48EB-835A-293077AF0E07}.Debug|Any CPU.Build.0 = Debug|Any CPU
		{6C778741-98D8-48EB-835A-293077AF0E07}.Debug|Mixed Platforms.ActiveCfg = Debug|Any CPU
		{6C778741-98D8-48EB-835A-293077AF0E07}.Debug|Mixed Platforms.Build.0 = Debug|Any CPU
		{6C778741-98D8-48EB-835A-293077AF0E07}.Debug|x86.ActiveCfg = Debug|Any CPU
		{6C778741-98D8-48EB-835A-293077AF0E07}.DebugMessaging|Any CPU.ActiveCfg = DebugMessaging|Any CPU
		{6C778741-98D8-48EB-835A-293077AF0E07}.DebugMessaging|Any CPU.Build.0 = DebugMessaging|Any CPU
		{6C778741-98D8-48EB-835A-293077AF0E07}.DebugMessaging|Mixed Platforms.ActiveCfg = DebugMessaging|Any CPU
		{6C778741-98D8-48EB-835A-293077AF0E07}.DebugMessaging|Mixed Platforms.Build.0 = DebugMessaging|Any CPU
		{6C778741-98D8-48EB-835A-293077AF0E07}.DebugMessaging|x86.ActiveCfg = DebugMessaging|Any CPU
		{6C778741-98D8-48EB-835A-293077AF0E07}.iOS|Any CPU.ActiveCfg = DebugMessaging|Any CPU
		{6C778741-98D8-48EB-835A-293077AF0E07}.iOS|Any CPU.Build.0 = DebugMessaging|Any CPU
		{6C778741-98D8-48EB-835A-293077AF0E07}.iOS|Mixed Platforms.ActiveCfg = DebugMessaging|Any CPU
		{6C778741-98D8-48EB-835A-293077AF0E07}.iOS|Mixed Platforms.Build.0 = DebugMessaging|Any CPU
		{6C778741-98D8-48EB-835A-293077AF0E07}.iOS|x86.ActiveCfg = DebugMessaging|Any CPU
		{6C778741-98D8-48EB-835A-293077AF0E07}.Net20|Any CPU.ActiveCfg = DebugMessaging|Any CPU
		{6C778741-98D8-48EB-835A-293077AF0E07}.Net20|Any CPU.Build.0 = DebugMessaging|Any CPU
		{6C778741-98D8-48EB-835A-293077AF0E07}.Net20|Mixed Platforms.ActiveCfg = DebugMessaging|Any CPU
		{6C778741-98D8-48EB-835A-293077AF0E07}.Net20|Mixed Platforms.Build.0 = DebugMessaging|Any CPU
		{6C778741-98D8-48EB-835A-293077AF0E07}.Net20|x86.ActiveCfg = DebugMessaging|Any CPU
		{6C778741-98D8-48EB-835A-293077AF0E07}.Profile|Any CPU.ActiveCfg = DebugMessaging|Any CPU
		{6C778741-98D8-48EB-835A-293077AF0E07}.Profile|Any CPU.Build.0 = DebugMessaging|Any CPU
		{6C778741-98D8-48EB-835A-293077AF0E07}.Profile|Mixed Platforms.ActiveCfg = DebugMessaging|Any CPU
		{6C778741-98D8-48EB-835A-293077AF0E07}.Profile|Mixed Platforms.Build.0 = DebugMessaging|Any CPU
		{6C778741-98D8-48EB-835A-293077AF0E07}.Profile|x86.ActiveCfg = DebugMessaging|Any CPU
		{6C778741-98D8-48EB-835A-293077AF0E07}.Release|Any CPU.ActiveCfg = Release|Any CPU
		{6C778741-98D8-48EB-835A-293077AF0E07}.Release|Any CPU.Build.0 = Release|Any CPU
		{6C778741-98D8-48EB-835A-293077AF0E07}.Release|Mixed Platforms.ActiveCfg = Release|Any CPU
		{6C778741-98D8-48EB-835A-293077AF0E07}.Release|Mixed Platforms.Build.0 = Release|Any CPU
		{6C778741-98D8-48EB-835A-293077AF0E07}.Release|x86.ActiveCfg = Release|Any CPU
		{6C778741-98D8-48EB-835A-293077AF0E07}.Silverlight2|Any CPU.ActiveCfg = DebugMessaging|Any CPU
		{6C778741-98D8-48EB-835A-293077AF0E07}.Silverlight2|Any CPU.Build.0 = DebugMessaging|Any CPU
		{6C778741-98D8-48EB-835A-293077AF0E07}.Silverlight2|Mixed Platforms.ActiveCfg = DebugMessaging|Any CPU
		{6C778741-98D8-48EB-835A-293077AF0E07}.Silverlight2|Mixed Platforms.Build.0 = DebugMessaging|Any CPU
		{6C778741-98D8-48EB-835A-293077AF0E07}.Silverlight2|x86.ActiveCfg = DebugMessaging|Any CPU
		{6C778741-98D8-48EB-835A-293077AF0E07}.Unity|Any CPU.ActiveCfg = DebugMessaging|Any CPU
		{6C778741-98D8-48EB-835A-293077AF0E07}.Unity|Any CPU.Build.0 = DebugMessaging|Any CPU
		{6C778741-98D8-48EB-835A-293077AF0E07}.Unity|Mixed Platforms.ActiveCfg = DebugMessaging|Any CPU
		{6C778741-98D8-48EB-835A-293077AF0E07}.Unity|Mixed Platforms.Build.0 = DebugMessaging|Any CPU
		{6C778741-98D8-48EB-835A-293077AF0E07}.Unity|x86.ActiveCfg = DebugMessaging|Any CPU
		{6C778741-98D8-48EB-835A-293077AF0E07}.ZDebug|Any CPU.ActiveCfg = Debug|Any CPU
		{6C778741-98D8-48EB-835A-293077AF0E07}.ZDebug|Any CPU.Build.0 = Debug|Any CPU
		{6C778741-98D8-48EB-835A-293077AF0E07}.ZDebug|Mixed Platforms.ActiveCfg = Debug|Any CPU
		{6C778741-98D8-48EB-835A-293077AF0E07}.ZDebug|Mixed Platforms.Build.0 = Debug|Any CPU
		{6C778741-98D8-48EB-835A-293077AF0E07}.ZDebug|x86.ActiveCfg = Debug|Any CPU
		{A59BA08B-B934-49D1-A449-6BBDFE292C5E}.CoreOnly|Any CPU.ActiveCfg = DebugMessaging|Any CPU
		{A59BA08B-B934-49D1-A449-6BBDFE292C5E}.CoreOnly|Any CPU.Build.0 = DebugMessaging|Any CPU
		{A59BA08B-B934-49D1-A449-6BBDFE292C5E}.CoreOnly|Mixed Platforms.ActiveCfg = DebugMessaging|Any CPU
		{A59BA08B-B934-49D1-A449-6BBDFE292C5E}.CoreOnly|Mixed Platforms.Build.0 = DebugMessaging|Any CPU
		{A59BA08B-B934-49D1-A449-6BBDFE292C5E}.CoreOnly|x86.ActiveCfg = DebugMessaging|Any CPU
		{A59BA08B-B934-49D1-A449-6BBDFE292C5E}.Debug|Any CPU.ActiveCfg = Debug|Any CPU
		{A59BA08B-B934-49D1-A449-6BBDFE292C5E}.Debug|Any CPU.Build.0 = Debug|Any CPU
		{A59BA08B-B934-49D1-A449-6BBDFE292C5E}.Debug|Mixed Platforms.ActiveCfg = Debug|Any CPU
		{A59BA08B-B934-49D1-A449-6BBDFE292C5E}.Debug|Mixed Platforms.Build.0 = Debug|Any CPU
		{A59BA08B-B934-49D1-A449-6BBDFE292C5E}.Debug|x86.ActiveCfg = Debug|Any CPU
		{A59BA08B-B934-49D1-A449-6BBDFE292C5E}.DebugMessaging|Any CPU.ActiveCfg = DebugMessaging|Any CPU
		{A59BA08B-B934-49D1-A449-6BBDFE292C5E}.DebugMessaging|Any CPU.Build.0 = DebugMessaging|Any CPU
		{A59BA08B-B934-49D1-A449-6BBDFE292C5E}.DebugMessaging|Mixed Platforms.ActiveCfg = DebugMessaging|Any CPU
		{A59BA08B-B934-49D1-A449-6BBDFE292C5E}.DebugMessaging|Mixed Platforms.Build.0 = DebugMessaging|Any CPU
		{A59BA08B-B934-49D1-A449-6BBDFE292C5E}.DebugMessaging|x86.ActiveCfg = DebugMessaging|Any CPU
		{A59BA08B-B934-49D1-A449-6BBDFE292C5E}.iOS|Any CPU.ActiveCfg = DebugMessaging|Any CPU
		{A59BA08B-B934-49D1-A449-6BBDFE292C5E}.iOS|Any CPU.Build.0 = DebugMessaging|Any CPU
		{A59BA08B-B934-49D1-A449-6BBDFE292C5E}.iOS|Mixed Platforms.ActiveCfg = DebugMessaging|Any CPU
		{A59BA08B-B934-49D1-A449-6BBDFE292C5E}.iOS|Mixed Platforms.Build.0 = DebugMessaging|Any CPU
		{A59BA08B-B934-49D1-A449-6BBDFE292C5E}.iOS|x86.ActiveCfg = DebugMessaging|Any CPU
		{A59BA08B-B934-49D1-A449-6BBDFE292C5E}.Net20|Any CPU.ActiveCfg = DebugMessaging|Any CPU
		{A59BA08B-B934-49D1-A449-6BBDFE292C5E}.Net20|Any CPU.Build.0 = DebugMessaging|Any CPU
		{A59BA08B-B934-49D1-A449-6BBDFE292C5E}.Net20|Mixed Platforms.ActiveCfg = DebugMessaging|Any CPU
		{A59BA08B-B934-49D1-A449-6BBDFE292C5E}.Net20|Mixed Platforms.Build.0 = DebugMessaging|Any CPU
		{A59BA08B-B934-49D1-A449-6BBDFE292C5E}.Net20|x86.ActiveCfg = DebugMessaging|Any CPU
		{A59BA08B-B934-49D1-A449-6BBDFE292C5E}.Profile|Any CPU.ActiveCfg = DebugMessaging|Any CPU
		{A59BA08B-B934-49D1-A449-6BBDFE292C5E}.Profile|Any CPU.Build.0 = DebugMessaging|Any CPU
		{A59BA08B-B934-49D1-A449-6BBDFE292C5E}.Profile|Mixed Platforms.ActiveCfg = DebugMessaging|Any CPU
		{A59BA08B-B934-49D1-A449-6BBDFE292C5E}.Profile|Mixed Platforms.Build.0 = DebugMessaging|Any CPU
		{A59BA08B-B934-49D1-A449-6BBDFE292C5E}.Profile|x86.ActiveCfg = DebugMessaging|Any CPU
		{A59BA08B-B934-49D1-A449-6BBDFE292C5E}.Release|Any CPU.ActiveCfg = Release|Any CPU
		{A59BA08B-B934-49D1-A449-6BBDFE292C5E}.Release|Any CPU.Build.0 = Release|Any CPU
		{A59BA08B-B934-49D1-A449-6BBDFE292C5E}.Release|Mixed Platforms.ActiveCfg = Release|Any CPU
		{A59BA08B-B934-49D1-A449-6BBDFE292C5E}.Release|Mixed Platforms.Build.0 = Release|Any CPU
		{A59BA08B-B934-49D1-A449-6BBDFE292C5E}.Release|x86.ActiveCfg = Release|Any CPU
		{A59BA08B-B934-49D1-A449-6BBDFE292C5E}.Silverlight2|Any CPU.ActiveCfg = DebugMessaging|Any CPU
		{A59BA08B-B934-49D1-A449-6BBDFE292C5E}.Silverlight2|Any CPU.Build.0 = DebugMessaging|Any CPU
		{A59BA08B-B934-49D1-A449-6BBDFE292C5E}.Silverlight2|Mixed Platforms.ActiveCfg = DebugMessaging|Any CPU
		{A59BA08B-B934-49D1-A449-6BBDFE292C5E}.Silverlight2|Mixed Platforms.Build.0 = DebugMessaging|Any CPU
		{A59BA08B-B934-49D1-A449-6BBDFE292C5E}.Silverlight2|x86.ActiveCfg = DebugMessaging|Any CPU
		{A59BA08B-B934-49D1-A449-6BBDFE292C5E}.Unity|Any CPU.ActiveCfg = DebugMessaging|Any CPU
		{A59BA08B-B934-49D1-A449-6BBDFE292C5E}.Unity|Any CPU.Build.0 = DebugMessaging|Any CPU
		{A59BA08B-B934-49D1-A449-6BBDFE292C5E}.Unity|Mixed Platforms.ActiveCfg = DebugMessaging|Any CPU
		{A59BA08B-B934-49D1-A449-6BBDFE292C5E}.Unity|Mixed Platforms.Build.0 = DebugMessaging|Any CPU
		{A59BA08B-B934-49D1-A449-6BBDFE292C5E}.Unity|x86.ActiveCfg = DebugMessaging|Any CPU
		{A59BA08B-B934-49D1-A449-6BBDFE292C5E}.ZDebug|Any CPU.ActiveCfg = Debug|Any CPU
		{A59BA08B-B934-49D1-A449-6BBDFE292C5E}.ZDebug|Any CPU.Build.0 = Debug|Any CPU
		{A59BA08B-B934-49D1-A449-6BBDFE292C5E}.ZDebug|Mixed Platforms.ActiveCfg = Debug|Any CPU
		{A59BA08B-B934-49D1-A449-6BBDFE292C5E}.ZDebug|Mixed Platforms.Build.0 = Debug|Any CPU
		{A59BA08B-B934-49D1-A449-6BBDFE292C5E}.ZDebug|x86.ActiveCfg = Debug|Any CPU
		{B31E7B59-7066-4186-AB18-B1BB6DE0E537}.CoreOnly|Any CPU.ActiveCfg = DebugMessaging|Any CPU
		{B31E7B59-7066-4186-AB18-B1BB6DE0E537}.CoreOnly|Any CPU.Build.0 = DebugMessaging|Any CPU
		{B31E7B59-7066-4186-AB18-B1BB6DE0E537}.CoreOnly|Mixed Platforms.ActiveCfg = DebugMessaging|Any CPU
		{B31E7B59-7066-4186-AB18-B1BB6DE0E537}.CoreOnly|Mixed Platforms.Build.0 = DebugMessaging|Any CPU
		{B31E7B59-7066-4186-AB18-B1BB6DE0E537}.CoreOnly|x86.ActiveCfg = DebugMessaging|Any CPU
		{B31E7B59-7066-4186-AB18-B1BB6DE0E537}.Debug|Any CPU.ActiveCfg = Debug|Any CPU
		{B31E7B59-7066-4186-AB18-B1BB6DE0E537}.Debug|Any CPU.Build.0 = Debug|Any CPU
		{B31E7B59-7066-4186-AB18-B1BB6DE0E537}.Debug|Mixed Platforms.ActiveCfg = Debug|Any CPU
		{B31E7B59-7066-4186-AB18-B1BB6DE0E537}.Debug|Mixed Platforms.Build.0 = Debug|Any CPU
		{B31E7B59-7066-4186-AB18-B1BB6DE0E537}.Debug|x86.ActiveCfg = Debug|Any CPU
		{B31E7B59-7066-4186-AB18-B1BB6DE0E537}.DebugMessaging|Any CPU.ActiveCfg = DebugMessaging|Any CPU
		{B31E7B59-7066-4186-AB18-B1BB6DE0E537}.DebugMessaging|Any CPU.Build.0 = DebugMessaging|Any CPU
		{B31E7B59-7066-4186-AB18-B1BB6DE0E537}.DebugMessaging|Mixed Platforms.ActiveCfg = DebugMessaging|Any CPU
		{B31E7B59-7066-4186-AB18-B1BB6DE0E537}.DebugMessaging|Mixed Platforms.Build.0 = DebugMessaging|Any CPU
		{B31E7B59-7066-4186-AB18-B1BB6DE0E537}.DebugMessaging|x86.ActiveCfg = DebugMessaging|Any CPU
		{B31E7B59-7066-4186-AB18-B1BB6DE0E537}.iOS|Any CPU.ActiveCfg = DebugMessaging|Any CPU
		{B31E7B59-7066-4186-AB18-B1BB6DE0E537}.iOS|Any CPU.Build.0 = DebugMessaging|Any CPU
		{B31E7B59-7066-4186-AB18-B1BB6DE0E537}.iOS|Mixed Platforms.ActiveCfg = DebugMessaging|Any CPU
		{B31E7B59-7066-4186-AB18-B1BB6DE0E537}.iOS|Mixed Platforms.Build.0 = DebugMessaging|Any CPU
		{B31E7B59-7066-4186-AB18-B1BB6DE0E537}.iOS|x86.ActiveCfg = DebugMessaging|Any CPU
		{B31E7B59-7066-4186-AB18-B1BB6DE0E537}.Net20|Any CPU.ActiveCfg = DebugMessaging|Any CPU
		{B31E7B59-7066-4186-AB18-B1BB6DE0E537}.Net20|Any CPU.Build.0 = DebugMessaging|Any CPU
		{B31E7B59-7066-4186-AB18-B1BB6DE0E537}.Net20|Mixed Platforms.ActiveCfg = DebugMessaging|Any CPU
		{B31E7B59-7066-4186-AB18-B1BB6DE0E537}.Net20|Mixed Platforms.Build.0 = DebugMessaging|Any CPU
		{B31E7B59-7066-4186-AB18-B1BB6DE0E537}.Net20|x86.ActiveCfg = DebugMessaging|Any CPU
		{B31E7B59-7066-4186-AB18-B1BB6DE0E537}.Profile|Any CPU.ActiveCfg = DebugMessaging|Any CPU
		{B31E7B59-7066-4186-AB18-B1BB6DE0E537}.Profile|Any CPU.Build.0 = DebugMessaging|Any CPU
		{B31E7B59-7066-4186-AB18-B1BB6DE0E537}.Profile|Mixed Platforms.ActiveCfg = DebugMessaging|Any CPU
		{B31E7B59-7066-4186-AB18-B1BB6DE0E537}.Profile|Mixed Platforms.Build.0 = DebugMessaging|Any CPU
		{B31E7B59-7066-4186-AB18-B1BB6DE0E537}.Profile|x86.ActiveCfg = DebugMessaging|Any CPU
		{B31E7B59-7066-4186-AB18-B1BB6DE0E537}.Release|Any CPU.ActiveCfg = Release|Any CPU
		{B31E7B59-7066-4186-AB18-B1BB6DE0E537}.Release|Any CPU.Build.0 = Release|Any CPU
		{B31E7B59-7066-4186-AB18-B1BB6DE0E537}.Release|Mixed Platforms.ActiveCfg = Release|Any CPU
		{B31E7B59-7066-4186-AB18-B1BB6DE0E537}.Release|Mixed Platforms.Build.0 = Release|Any CPU
		{B31E7B59-7066-4186-AB18-B1BB6DE0E537}.Release|x86.ActiveCfg = Release|Any CPU
		{B31E7B59-7066-4186-AB18-B1BB6DE0E537}.Silverlight2|Any CPU.ActiveCfg = DebugMessaging|Any CPU
		{B31E7B59-7066-4186-AB18-B1BB6DE0E537}.Silverlight2|Any CPU.Build.0 = DebugMessaging|Any CPU
		{B31E7B59-7066-4186-AB18-B1BB6DE0E537}.Silverlight2|Mixed Platforms.ActiveCfg = DebugMessaging|Any CPU
		{B31E7B59-7066-4186-AB18-B1BB6DE0E537}.Silverlight2|Mixed Platforms.Build.0 = DebugMessaging|Any CPU
		{B31E7B59-7066-4186-AB18-B1BB6DE0E537}.Silverlight2|x86.ActiveCfg = DebugMessaging|Any CPU
		{B31E7B59-7066-4186-AB18-B1BB6DE0E537}.Unity|Any CPU.ActiveCfg = DebugMessaging|Any CPU
		{B31E7B59-7066-4186-AB18-B1BB6DE0E537}.Unity|Any CPU.Build.0 = DebugMessaging|Any CPU
		{B31E7B59-7066-4186-AB18-B1BB6DE0E537}.Unity|Mixed Platforms.ActiveCfg = DebugMessaging|Any CPU
		{B31E7B59-7066-4186-AB18-B1BB6DE0E537}.Unity|Mixed Platforms.Build.0 = DebugMessaging|Any CPU
		{B31E7B59-7066-4186-AB18-B1BB6DE0E537}.Unity|x86.ActiveCfg = DebugMessaging|Any CPU
		{B31E7B59-7066-4186-AB18-B1BB6DE0E537}.ZDebug|Any CPU.ActiveCfg = Release|Any CPU
		{B31E7B59-7066-4186-AB18-B1BB6DE0E537}.ZDebug|Any CPU.Build.0 = Release|Any CPU
		{B31E7B59-7066-4186-AB18-B1BB6DE0E537}.ZDebug|Mixed Platforms.ActiveCfg = Debug|Any CPU
		{B31E7B59-7066-4186-AB18-B1BB6DE0E537}.ZDebug|Mixed Platforms.Build.0 = Debug|Any CPU
		{B31E7B59-7066-4186-AB18-B1BB6DE0E537}.ZDebug|x86.ActiveCfg = Debug|Any CPU
		{9CFBF7F1-B939-433B-AFA1-C12EBA2565CD}.CoreOnly|Any CPU.ActiveCfg = DebugMessaging|Any CPU
		{9CFBF7F1-B939-433B-AFA1-C12EBA2565CD}.CoreOnly|Any CPU.Build.0 = DebugMessaging|Any CPU
		{9CFBF7F1-B939-433B-AFA1-C12EBA2565CD}.CoreOnly|Mixed Platforms.ActiveCfg = DebugMessaging|Any CPU
		{9CFBF7F1-B939-433B-AFA1-C12EBA2565CD}.CoreOnly|Mixed Platforms.Build.0 = DebugMessaging|Any CPU
		{9CFBF7F1-B939-433B-AFA1-C12EBA2565CD}.CoreOnly|x86.ActiveCfg = DebugMessaging|Any CPU
		{9CFBF7F1-B939-433B-AFA1-C12EBA2565CD}.Debug|Any CPU.ActiveCfg = Debug|Any CPU
		{9CFBF7F1-B939-433B-AFA1-C12EBA2565CD}.Debug|Any CPU.Build.0 = Debug|Any CPU
		{9CFBF7F1-B939-433B-AFA1-C12EBA2565CD}.Debug|Mixed Platforms.ActiveCfg = Debug|Any CPU
		{9CFBF7F1-B939-433B-AFA1-C12EBA2565CD}.Debug|Mixed Platforms.Build.0 = Debug|Any CPU
		{9CFBF7F1-B939-433B-AFA1-C12EBA2565CD}.Debug|x86.ActiveCfg = Debug|Any CPU
		{9CFBF7F1-B939-433B-AFA1-C12EBA2565CD}.DebugMessaging|Any CPU.ActiveCfg = DebugMessaging|Any CPU
		{9CFBF7F1-B939-433B-AFA1-C12EBA2565CD}.DebugMessaging|Any CPU.Build.0 = DebugMessaging|Any CPU
		{9CFBF7F1-B939-433B-AFA1-C12EBA2565CD}.DebugMessaging|Mixed Platforms.ActiveCfg = DebugMessaging|Any CPU
		{9CFBF7F1-B939-433B-AFA1-C12EBA2565CD}.DebugMessaging|Mixed Platforms.Build.0 = DebugMessaging|Any CPU
		{9CFBF7F1-B939-433B-AFA1-C12EBA2565CD}.DebugMessaging|x86.ActiveCfg = DebugMessaging|Any CPU
		{9CFBF7F1-B939-433B-AFA1-C12EBA2565CD}.iOS|Any CPU.ActiveCfg = DebugMessaging|Any CPU
		{9CFBF7F1-B939-433B-AFA1-C12EBA2565CD}.iOS|Any CPU.Build.0 = DebugMessaging|Any CPU
		{9CFBF7F1-B939-433B-AFA1-C12EBA2565CD}.iOS|Mixed Platforms.ActiveCfg = DebugMessaging|Any CPU
		{9CFBF7F1-B939-433B-AFA1-C12EBA2565CD}.iOS|Mixed Platforms.Build.0 = DebugMessaging|Any CPU
		{9CFBF7F1-B939-433B-AFA1-C12EBA2565CD}.iOS|x86.ActiveCfg = DebugMessaging|Any CPU
		{9CFBF7F1-B939-433B-AFA1-C12EBA2565CD}.Net20|Any CPU.ActiveCfg = DebugMessaging|Any CPU
		{9CFBF7F1-B939-433B-AFA1-C12EBA2565CD}.Net20|Any CPU.Build.0 = DebugMessaging|Any CPU
		{9CFBF7F1-B939-433B-AFA1-C12EBA2565CD}.Net20|Mixed Platforms.ActiveCfg = DebugMessaging|Any CPU
		{9CFBF7F1-B939-433B-AFA1-C12EBA2565CD}.Net20|Mixed Platforms.Build.0 = DebugMessaging|Any CPU
		{9CFBF7F1-B939-433B-AFA1-C12EBA2565CD}.Net20|x86.ActiveCfg = DebugMessaging|Any CPU
		{9CFBF7F1-B939-433B-AFA1-C12EBA2565CD}.Profile|Any CPU.ActiveCfg = DebugMessaging|Any CPU
		{9CFBF7F1-B939-433B-AFA1-C12EBA2565CD}.Profile|Any CPU.Build.0 = DebugMessaging|Any CPU
		{9CFBF7F1-B939-433B-AFA1-C12EBA2565CD}.Profile|Mixed Platforms.ActiveCfg = DebugMessaging|Any CPU
		{9CFBF7F1-B939-433B-AFA1-C12EBA2565CD}.Profile|Mixed Platforms.Build.0 = DebugMessaging|Any CPU
		{9CFBF7F1-B939-433B-AFA1-C12EBA2565CD}.Profile|x86.ActiveCfg = DebugMessaging|Any CPU
		{9CFBF7F1-B939-433B-AFA1-C12EBA2565CD}.Release|Any CPU.ActiveCfg = Release|Any CPU
		{9CFBF7F1-B939-433B-AFA1-C12EBA2565CD}.Release|Any CPU.Build.0 = Release|Any CPU
		{9CFBF7F1-B939-433B-AFA1-C12EBA2565CD}.Release|Mixed Platforms.ActiveCfg = Release|Any CPU
		{9CFBF7F1-B939-433B-AFA1-C12EBA2565CD}.Release|Mixed Platforms.Build.0 = Release|Any CPU
		{9CFBF7F1-B939-433B-AFA1-C12EBA2565CD}.Release|x86.ActiveCfg = Release|Any CPU
		{9CFBF7F1-B939-433B-AFA1-C12EBA2565CD}.Silverlight2|Any CPU.ActiveCfg = DebugMessaging|Any CPU
		{9CFBF7F1-B939-433B-AFA1-C12EBA2565CD}.Silverlight2|Any CPU.Build.0 = DebugMessaging|Any CPU
		{9CFBF7F1-B939-433B-AFA1-C12EBA2565CD}.Silverlight2|Mixed Platforms.ActiveCfg = DebugMessaging|Any CPU
		{9CFBF7F1-B939-433B-AFA1-C12EBA2565CD}.Silverlight2|Mixed Platforms.Build.0 = DebugMessaging|Any CPU
		{9CFBF7F1-B939-433B-AFA1-C12EBA2565CD}.Silverlight2|x86.ActiveCfg = DebugMessaging|Any CPU
		{9CFBF7F1-B939-433B-AFA1-C12EBA2565CD}.Unity|Any CPU.ActiveCfg = DebugMessaging|Any CPU
		{9CFBF7F1-B939-433B-AFA1-C12EBA2565CD}.Unity|Any CPU.Build.0 = DebugMessaging|Any CPU
		{9CFBF7F1-B939-433B-AFA1-C12EBA2565CD}.Unity|Mixed Platforms.ActiveCfg = DebugMessaging|Any CPU
		{9CFBF7F1-B939-433B-AFA1-C12EBA2565CD}.Unity|Mixed Platforms.Build.0 = DebugMessaging|Any CPU
		{9CFBF7F1-B939-433B-AFA1-C12EBA2565CD}.Unity|x86.ActiveCfg = DebugMessaging|Any CPU
		{9CFBF7F1-B939-433B-AFA1-C12EBA2565CD}.ZDebug|Any CPU.ActiveCfg = Release|Any CPU
		{9CFBF7F1-B939-433B-AFA1-C12EBA2565CD}.ZDebug|Any CPU.Build.0 = Release|Any CPU
		{9CFBF7F1-B939-433B-AFA1-C12EBA2565CD}.ZDebug|Mixed Platforms.ActiveCfg = Debug|Any CPU
		{9CFBF7F1-B939-433B-AFA1-C12EBA2565CD}.ZDebug|Mixed Platforms.Build.0 = Debug|Any CPU
		{9CFBF7F1-B939-433B-AFA1-C12EBA2565CD}.ZDebug|x86.ActiveCfg = Debug|Any CPU
		{7F85F20C-E2B5-455D-A1CA-76ED000D25EA}.CoreOnly|Any CPU.ActiveCfg = DebugMessaging|Any CPU
		{7F85F20C-E2B5-455D-A1CA-76ED000D25EA}.CoreOnly|Any CPU.Build.0 = DebugMessaging|Any CPU
		{7F85F20C-E2B5-455D-A1CA-76ED000D25EA}.CoreOnly|Mixed Platforms.ActiveCfg = DebugMessaging|Any CPU
		{7F85F20C-E2B5-455D-A1CA-76ED000D25EA}.CoreOnly|Mixed Platforms.Build.0 = DebugMessaging|Any CPU
		{7F85F20C-E2B5-455D-A1CA-76ED000D25EA}.CoreOnly|x86.ActiveCfg = DebugMessaging|Any CPU
		{7F85F20C-E2B5-455D-A1CA-76ED000D25EA}.Debug|Any CPU.ActiveCfg = Debug|Any CPU
		{7F85F20C-E2B5-455D-A1CA-76ED000D25EA}.Debug|Any CPU.Build.0 = Debug|Any CPU
		{7F85F20C-E2B5-455D-A1CA-76ED000D25EA}.Debug|Mixed Platforms.ActiveCfg = Debug|Any CPU
		{7F85F20C-E2B5-455D-A1CA-76ED000D25EA}.Debug|Mixed Platforms.Build.0 = Debug|Any CPU
		{7F85F20C-E2B5-455D-A1CA-76ED000D25EA}.Debug|x86.ActiveCfg = Debug|Any CPU
		{7F85F20C-E2B5-455D-A1CA-76ED000D25EA}.DebugMessaging|Any CPU.ActiveCfg = DebugMessaging|Any CPU
		{7F85F20C-E2B5-455D-A1CA-76ED000D25EA}.DebugMessaging|Any CPU.Build.0 = DebugMessaging|Any CPU
		{7F85F20C-E2B5-455D-A1CA-76ED000D25EA}.DebugMessaging|Mixed Platforms.ActiveCfg = DebugMessaging|Any CPU
		{7F85F20C-E2B5-455D-A1CA-76ED000D25EA}.DebugMessaging|Mixed Platforms.Build.0 = DebugMessaging|Any CPU
		{7F85F20C-E2B5-455D-A1CA-76ED000D25EA}.DebugMessaging|x86.ActiveCfg = DebugMessaging|Any CPU
		{7F85F20C-E2B5-455D-A1CA-76ED000D25EA}.iOS|Any CPU.ActiveCfg = DebugMessaging|Any CPU
		{7F85F20C-E2B5-455D-A1CA-76ED000D25EA}.iOS|Any CPU.Build.0 = DebugMessaging|Any CPU
		{7F85F20C-E2B5-455D-A1CA-76ED000D25EA}.iOS|Mixed Platforms.ActiveCfg = DebugMessaging|Any CPU
		{7F85F20C-E2B5-455D-A1CA-76ED000D25EA}.iOS|Mixed Platforms.Build.0 = DebugMessaging|Any CPU
		{7F85F20C-E2B5-455D-A1CA-76ED000D25EA}.iOS|x86.ActiveCfg = DebugMessaging|Any CPU
		{7F85F20C-E2B5-455D-A1CA-76ED000D25EA}.Net20|Any CPU.ActiveCfg = DebugMessaging|Any CPU
		{7F85F20C-E2B5-455D-A1CA-76ED000D25EA}.Net20|Any CPU.Build.0 = DebugMessaging|Any CPU
		{7F85F20C-E2B5-455D-A1CA-76ED000D25EA}.Net20|Mixed Platforms.ActiveCfg = DebugMessaging|Any CPU
		{7F85F20C-E2B5-455D-A1CA-76ED000D25EA}.Net20|Mixed Platforms.Build.0 = DebugMessaging|Any CPU
		{7F85F20C-E2B5-455D-A1CA-76ED000D25EA}.Net20|x86.ActiveCfg = DebugMessaging|Any CPU
		{7F85F20C-E2B5-455D-A1CA-76ED000D25EA}.Profile|Any CPU.ActiveCfg = DebugMessaging|Any CPU
		{7F85F20C-E2B5-455D-A1CA-76ED000D25EA}.Profile|Any CPU.Build.0 = DebugMessaging|Any CPU
		{7F85F20C-E2B5-455D-A1CA-76ED000D25EA}.Profile|Mixed Platforms.ActiveCfg = DebugMessaging|Any CPU
		{7F85F20C-E2B5-455D-A1CA-76ED000D25EA}.Profile|Mixed Platforms.Build.0 = DebugMessaging|Any CPU
		{7F85F20C-E2B5-455D-A1CA-76ED000D25EA}.Profile|x86.ActiveCfg = DebugMessaging|Any CPU
		{7F85F20C-E2B5-455D-A1CA-76ED000D25EA}.Release|Any CPU.ActiveCfg = Release|Any CPU
		{7F85F20C-E2B5-455D-A1CA-76ED000D25EA}.Release|Any CPU.Build.0 = Release|Any CPU
		{7F85F20C-E2B5-455D-A1CA-76ED000D25EA}.Release|Mixed Platforms.ActiveCfg = Release|Any CPU
		{7F85F20C-E2B5-455D-A1CA-76ED000D25EA}.Release|Mixed Platforms.Build.0 = Release|Any CPU
		{7F85F20C-E2B5-455D-A1CA-76ED000D25EA}.Release|x86.ActiveCfg = Release|Any CPU
		{7F85F20C-E2B5-455D-A1CA-76ED000D25EA}.Silverlight2|Any CPU.ActiveCfg = DebugMessaging|Any CPU
		{7F85F20C-E2B5-455D-A1CA-76ED000D25EA}.Silverlight2|Any CPU.Build.0 = DebugMessaging|Any CPU
		{7F85F20C-E2B5-455D-A1CA-76ED000D25EA}.Silverlight2|Mixed Platforms.ActiveCfg = DebugMessaging|Any CPU
		{7F85F20C-E2B5-455D-A1CA-76ED000D25EA}.Silverlight2|Mixed Platforms.Build.0 = DebugMessaging|Any CPU
		{7F85F20C-E2B5-455D-A1CA-76ED000D25EA}.Silverlight2|x86.ActiveCfg = DebugMessaging|Any CPU
		{7F85F20C-E2B5-455D-A1CA-76ED000D25EA}.Unity|Any CPU.ActiveCfg = DebugMessaging|Any CPU
		{7F85F20C-E2B5-455D-A1CA-76ED000D25EA}.Unity|Any CPU.Build.0 = DebugMessaging|Any CPU
		{7F85F20C-E2B5-455D-A1CA-76ED000D25EA}.Unity|Mixed Platforms.ActiveCfg = DebugMessaging|Any CPU
		{7F85F20C-E2B5-455D-A1CA-76ED000D25EA}.Unity|Mixed Platforms.Build.0 = DebugMessaging|Any CPU
		{7F85F20C-E2B5-455D-A1CA-76ED000D25EA}.Unity|x86.ActiveCfg = DebugMessaging|Any CPU
		{7F85F20C-E2B5-455D-A1CA-76ED000D25EA}.ZDebug|Any CPU.ActiveCfg = Release|Any CPU
		{7F85F20C-E2B5-455D-A1CA-76ED000D25EA}.ZDebug|Any CPU.Build.0 = Release|Any CPU
		{7F85F20C-E2B5-455D-A1CA-76ED000D25EA}.ZDebug|Mixed Platforms.ActiveCfg = Debug|Any CPU
		{7F85F20C-E2B5-455D-A1CA-76ED000D25EA}.ZDebug|Mixed Platforms.Build.0 = Debug|Any CPU
		{7F85F20C-E2B5-455D-A1CA-76ED000D25EA}.ZDebug|x86.ActiveCfg = Debug|Any CPU
		{765AFD37-F6EF-4CDF-9596-C3DD15974A35}.CoreOnly|Any CPU.ActiveCfg = DebugMessaging|Any CPU
		{765AFD37-F6EF-4CDF-9596-C3DD15974A35}.CoreOnly|Any CPU.Build.0 = DebugMessaging|Any CPU
		{765AFD37-F6EF-4CDF-9596-C3DD15974A35}.CoreOnly|Mixed Platforms.ActiveCfg = DebugMessaging|Any CPU
		{765AFD37-F6EF-4CDF-9596-C3DD15974A35}.CoreOnly|Mixed Platforms.Build.0 = DebugMessaging|Any CPU
		{765AFD37-F6EF-4CDF-9596-C3DD15974A35}.CoreOnly|x86.ActiveCfg = DebugMessaging|Any CPU
		{765AFD37-F6EF-4CDF-9596-C3DD15974A35}.Debug|Any CPU.ActiveCfg = Debug|Any CPU
		{765AFD37-F6EF-4CDF-9596-C3DD15974A35}.Debug|Any CPU.Build.0 = Debug|Any CPU
		{765AFD37-F6EF-4CDF-9596-C3DD15974A35}.Debug|Mixed Platforms.ActiveCfg = Debug|Any CPU
		{765AFD37-F6EF-4CDF-9596-C3DD15974A35}.Debug|Mixed Platforms.Build.0 = Debug|Any CPU
		{765AFD37-F6EF-4CDF-9596-C3DD15974A35}.Debug|x86.ActiveCfg = Debug|Any CPU
		{765AFD37-F6EF-4CDF-9596-C3DD15974A35}.DebugMessaging|Any CPU.ActiveCfg = DebugMessaging|Any CPU
		{765AFD37-F6EF-4CDF-9596-C3DD15974A35}.DebugMessaging|Any CPU.Build.0 = DebugMessaging|Any CPU
		{765AFD37-F6EF-4CDF-9596-C3DD15974A35}.DebugMessaging|Mixed Platforms.ActiveCfg = DebugMessaging|Any CPU
		{765AFD37-F6EF-4CDF-9596-C3DD15974A35}.DebugMessaging|Mixed Platforms.Build.0 = DebugMessaging|Any CPU
		{765AFD37-F6EF-4CDF-9596-C3DD15974A35}.DebugMessaging|x86.ActiveCfg = DebugMessaging|Any CPU
		{765AFD37-F6EF-4CDF-9596-C3DD15974A35}.iOS|Any CPU.ActiveCfg = DebugMessaging|Any CPU
		{765AFD37-F6EF-4CDF-9596-C3DD15974A35}.iOS|Any CPU.Build.0 = DebugMessaging|Any CPU
		{765AFD37-F6EF-4CDF-9596-C3DD15974A35}.iOS|Mixed Platforms.ActiveCfg = DebugMessaging|Any CPU
		{765AFD37-F6EF-4CDF-9596-C3DD15974A35}.iOS|Mixed Platforms.Build.0 = DebugMessaging|Any CPU
		{765AFD37-F6EF-4CDF-9596-C3DD15974A35}.iOS|x86.ActiveCfg = DebugMessaging|Any CPU
		{765AFD37-F6EF-4CDF-9596-C3DD15974A35}.Net20|Any CPU.ActiveCfg = DebugMessaging|Any CPU
		{765AFD37-F6EF-4CDF-9596-C3DD15974A35}.Net20|Any CPU.Build.0 = DebugMessaging|Any CPU
		{765AFD37-F6EF-4CDF-9596-C3DD15974A35}.Net20|Mixed Platforms.ActiveCfg = DebugMessaging|Any CPU
		{765AFD37-F6EF-4CDF-9596-C3DD15974A35}.Net20|Mixed Platforms.Build.0 = DebugMessaging|Any CPU
		{765AFD37-F6EF-4CDF-9596-C3DD15974A35}.Net20|x86.ActiveCfg = DebugMessaging|Any CPU
		{765AFD37-F6EF-4CDF-9596-C3DD15974A35}.Profile|Any CPU.ActiveCfg = DebugMessaging|Any CPU
		{765AFD37-F6EF-4CDF-9596-C3DD15974A35}.Profile|Any CPU.Build.0 = DebugMessaging|Any CPU
		{765AFD37-F6EF-4CDF-9596-C3DD15974A35}.Profile|Mixed Platforms.ActiveCfg = DebugMessaging|Any CPU
		{765AFD37-F6EF-4CDF-9596-C3DD15974A35}.Profile|Mixed Platforms.Build.0 = DebugMessaging|Any CPU
		{765AFD37-F6EF-4CDF-9596-C3DD15974A35}.Profile|x86.ActiveCfg = DebugMessaging|Any CPU
		{765AFD37-F6EF-4CDF-9596-C3DD15974A35}.Release|Any CPU.ActiveCfg = Release|Any CPU
		{765AFD37-F6EF-4CDF-9596-C3DD15974A35}.Release|Any CPU.Build.0 = Release|Any CPU
		{765AFD37-F6EF-4CDF-9596-C3DD15974A35}.Release|Mixed Platforms.ActiveCfg = Release|Any CPU
		{765AFD37-F6EF-4CDF-9596-C3DD15974A35}.Release|Mixed Platforms.Build.0 = Release|Any CPU
		{765AFD37-F6EF-4CDF-9596-C3DD15974A35}.Release|x86.ActiveCfg = Release|Any CPU
		{765AFD37-F6EF-4CDF-9596-C3DD15974A35}.Silverlight2|Any CPU.ActiveCfg = DebugMessaging|Any CPU
		{765AFD37-F6EF-4CDF-9596-C3DD15974A35}.Silverlight2|Any CPU.Build.0 = DebugMessaging|Any CPU
		{765AFD37-F6EF-4CDF-9596-C3DD15974A35}.Silverlight2|Mixed Platforms.ActiveCfg = DebugMessaging|Any CPU
		{765AFD37-F6EF-4CDF-9596-C3DD15974A35}.Silverlight2|Mixed Platforms.Build.0 = DebugMessaging|Any CPU
		{765AFD37-F6EF-4CDF-9596-C3DD15974A35}.Silverlight2|x86.ActiveCfg = DebugMessaging|Any CPU
		{765AFD37-F6EF-4CDF-9596-C3DD15974A35}.Unity|Any CPU.ActiveCfg = DebugMessaging|Any CPU
		{765AFD37-F6EF-4CDF-9596-C3DD15974A35}.Unity|Any CPU.Build.0 = DebugMessaging|Any CPU
		{765AFD37-F6EF-4CDF-9596-C3DD15974A35}.Unity|Mixed Platforms.ActiveCfg = DebugMessaging|Any CPU
		{765AFD37-F6EF-4CDF-9596-C3DD15974A35}.Unity|Mixed Platforms.Build.0 = DebugMessaging|Any CPU
		{765AFD37-F6EF-4CDF-9596-C3DD15974A35}.Unity|x86.ActiveCfg = DebugMessaging|Any CPU
		{765AFD37-F6EF-4CDF-9596-C3DD15974A35}.ZDebug|Any CPU.ActiveCfg = Debug|Any CPU
		{765AFD37-F6EF-4CDF-9596-C3DD15974A35}.ZDebug|Any CPU.Build.0 = Debug|Any CPU
		{765AFD37-F6EF-4CDF-9596-C3DD15974A35}.ZDebug|Mixed Platforms.ActiveCfg = Debug|Any CPU
		{765AFD37-F6EF-4CDF-9596-C3DD15974A35}.ZDebug|Mixed Platforms.Build.0 = Debug|Any CPU
		{765AFD37-F6EF-4CDF-9596-C3DD15974A35}.ZDebug|x86.ActiveCfg = Debug|Any CPU
		{54D36F17-8D71-4DD8-8B29-12CAD489F0D9}.CoreOnly|Any CPU.ActiveCfg = DebugMessaging|Any CPU
		{54D36F17-8D71-4DD8-8B29-12CAD489F0D9}.CoreOnly|Any CPU.Build.0 = DebugMessaging|Any CPU
		{54D36F17-8D71-4DD8-8B29-12CAD489F0D9}.CoreOnly|Mixed Platforms.ActiveCfg = DebugMessaging|Any CPU
		{54D36F17-8D71-4DD8-8B29-12CAD489F0D9}.CoreOnly|Mixed Platforms.Build.0 = DebugMessaging|Any CPU
		{54D36F17-8D71-4DD8-8B29-12CAD489F0D9}.CoreOnly|x86.ActiveCfg = DebugMessaging|Any CPU
		{54D36F17-8D71-4DD8-8B29-12CAD489F0D9}.Debug|Any CPU.ActiveCfg = Debug|Any CPU
		{54D36F17-8D71-4DD8-8B29-12CAD489F0D9}.Debug|Any CPU.Build.0 = Debug|Any CPU
		{54D36F17-8D71-4DD8-8B29-12CAD489F0D9}.Debug|Mixed Platforms.ActiveCfg = Debug|Any CPU
		{54D36F17-8D71-4DD8-8B29-12CAD489F0D9}.Debug|Mixed Platforms.Build.0 = Debug|Any CPU
		{54D36F17-8D71-4DD8-8B29-12CAD489F0D9}.Debug|x86.ActiveCfg = Debug|Any CPU
		{54D36F17-8D71-4DD8-8B29-12CAD489F0D9}.DebugMessaging|Any CPU.ActiveCfg = DebugMessaging|Any CPU
		{54D36F17-8D71-4DD8-8B29-12CAD489F0D9}.DebugMessaging|Any CPU.Build.0 = DebugMessaging|Any CPU
		{54D36F17-8D71-4DD8-8B29-12CAD489F0D9}.DebugMessaging|Mixed Platforms.ActiveCfg = DebugMessaging|Any CPU
		{54D36F17-8D71-4DD8-8B29-12CAD489F0D9}.DebugMessaging|Mixed Platforms.Build.0 = DebugMessaging|Any CPU
		{54D36F17-8D71-4DD8-8B29-12CAD489F0D9}.DebugMessaging|x86.ActiveCfg = DebugMessaging|Any CPU
		{54D36F17-8D71-4DD8-8B29-12CAD489F0D9}.iOS|Any CPU.ActiveCfg = DebugMessaging|Any CPU
		{54D36F17-8D71-4DD8-8B29-12CAD489F0D9}.iOS|Any CPU.Build.0 = DebugMessaging|Any CPU
		{54D36F17-8D71-4DD8-8B29-12CAD489F0D9}.iOS|Mixed Platforms.ActiveCfg = DebugMessaging|Any CPU
		{54D36F17-8D71-4DD8-8B29-12CAD489F0D9}.iOS|Mixed Platforms.Build.0 = DebugMessaging|Any CPU
		{54D36F17-8D71-4DD8-8B29-12CAD489F0D9}.iOS|x86.ActiveCfg = DebugMessaging|Any CPU
		{54D36F17-8D71-4DD8-8B29-12CAD489F0D9}.Net20|Any CPU.ActiveCfg = DebugMessaging|Any CPU
		{54D36F17-8D71-4DD8-8B29-12CAD489F0D9}.Net20|Any CPU.Build.0 = DebugMessaging|Any CPU
		{54D36F17-8D71-4DD8-8B29-12CAD489F0D9}.Net20|Mixed Platforms.ActiveCfg = DebugMessaging|Any CPU
		{54D36F17-8D71-4DD8-8B29-12CAD489F0D9}.Net20|Mixed Platforms.Build.0 = DebugMessaging|Any CPU
		{54D36F17-8D71-4DD8-8B29-12CAD489F0D9}.Net20|x86.ActiveCfg = DebugMessaging|Any CPU
		{54D36F17-8D71-4DD8-8B29-12CAD489F0D9}.Profile|Any CPU.ActiveCfg = DebugMessaging|Any CPU
		{54D36F17-8D71-4DD8-8B29-12CAD489F0D9}.Profile|Any CPU.Build.0 = DebugMessaging|Any CPU
		{54D36F17-8D71-4DD8-8B29-12CAD489F0D9}.Profile|Mixed Platforms.ActiveCfg = DebugMessaging|Any CPU
		{54D36F17-8D71-4DD8-8B29-12CAD489F0D9}.Profile|Mixed Platforms.Build.0 = DebugMessaging|Any CPU
		{54D36F17-8D71-4DD8-8B29-12CAD489F0D9}.Profile|x86.ActiveCfg = DebugMessaging|Any CPU
		{54D36F17-8D71-4DD8-8B29-12CAD489F0D9}.Release|Any CPU.ActiveCfg = Release|Any CPU
		{54D36F17-8D71-4DD8-8B29-12CAD489F0D9}.Release|Any CPU.Build.0 = Release|Any CPU
		{54D36F17-8D71-4DD8-8B29-12CAD489F0D9}.Release|Mixed Platforms.ActiveCfg = Release|Any CPU
		{54D36F17-8D71-4DD8-8B29-12CAD489F0D9}.Release|Mixed Platforms.Build.0 = Release|Any CPU
		{54D36F17-8D71-4DD8-8B29-12CAD489F0D9}.Release|x86.ActiveCfg = Release|Any CPU
		{54D36F17-8D71-4DD8-8B29-12CAD489F0D9}.Silverlight2|Any CPU.ActiveCfg = DebugMessaging|Any CPU
		{54D36F17-8D71-4DD8-8B29-12CAD489F0D9}.Silverlight2|Any CPU.Build.0 = DebugMessaging|Any CPU
		{54D36F17-8D71-4DD8-8B29-12CAD489F0D9}.Silverlight2|Mixed Platforms.ActiveCfg = DebugMessaging|Any CPU
		{54D36F17-8D71-4DD8-8B29-12CAD489F0D9}.Silverlight2|Mixed Platforms.Build.0 = DebugMessaging|Any CPU
		{54D36F17-8D71-4DD8-8B29-12CAD489F0D9}.Silverlight2|x86.ActiveCfg = DebugMessaging|Any CPU
		{54D36F17-8D71-4DD8-8B29-12CAD489F0D9}.Unity|Any CPU.ActiveCfg = DebugMessaging|Any CPU
		{54D36F17-8D71-4DD8-8B29-12CAD489F0D9}.Unity|Any CPU.Build.0 = DebugMessaging|Any CPU
		{54D36F17-8D71-4DD8-8B29-12CAD489F0D9}.Unity|Mixed Platforms.ActiveCfg = DebugMessaging|Any CPU
		{54D36F17-8D71-4DD8-8B29-12CAD489F0D9}.Unity|Mixed Platforms.Build.0 = DebugMessaging|Any CPU
		{54D36F17-8D71-4DD8-8B29-12CAD489F0D9}.Unity|x86.ActiveCfg = DebugMessaging|Any CPU
		{54D36F17-8D71-4DD8-8B29-12CAD489F0D9}.ZDebug|Any CPU.ActiveCfg = Debug|Any CPU
		{54D36F17-8D71-4DD8-8B29-12CAD489F0D9}.ZDebug|Any CPU.Build.0 = Debug|Any CPU
		{54D36F17-8D71-4DD8-8B29-12CAD489F0D9}.ZDebug|Mixed Platforms.ActiveCfg = Debug|Any CPU
		{54D36F17-8D71-4DD8-8B29-12CAD489F0D9}.ZDebug|Mixed Platforms.Build.0 = Debug|Any CPU
		{54D36F17-8D71-4DD8-8B29-12CAD489F0D9}.ZDebug|x86.ActiveCfg = Debug|Any CPU
		{F5690746-73FD-46E5-8213-56F5853A843C}.CoreOnly|Any CPU.ActiveCfg = DebugMessaging|x86
		{F5690746-73FD-46E5-8213-56F5853A843C}.CoreOnly|Mixed Platforms.ActiveCfg = DebugMessaging|x86
		{F5690746-73FD-46E5-8213-56F5853A843C}.CoreOnly|Mixed Platforms.Build.0 = DebugMessaging|x86
		{F5690746-73FD-46E5-8213-56F5853A843C}.CoreOnly|x86.ActiveCfg = DebugMessaging|x86
		{F5690746-73FD-46E5-8213-56F5853A843C}.CoreOnly|x86.Build.0 = DebugMessaging|x86
		{F5690746-73FD-46E5-8213-56F5853A843C}.Debug|Any CPU.ActiveCfg = Debug|x86
		{F5690746-73FD-46E5-8213-56F5853A843C}.Debug|Mixed Platforms.ActiveCfg = Debug|x86
		{F5690746-73FD-46E5-8213-56F5853A843C}.Debug|Mixed Platforms.Build.0 = Debug|x86
		{F5690746-73FD-46E5-8213-56F5853A843C}.Debug|x86.ActiveCfg = Debug|x86
		{F5690746-73FD-46E5-8213-56F5853A843C}.Debug|x86.Build.0 = Debug|x86
		{F5690746-73FD-46E5-8213-56F5853A843C}.DebugMessaging|Any CPU.ActiveCfg = DebugMessaging|x86
		{F5690746-73FD-46E5-8213-56F5853A843C}.DebugMessaging|Mixed Platforms.ActiveCfg = DebugMessaging|x86
		{F5690746-73FD-46E5-8213-56F5853A843C}.DebugMessaging|Mixed Platforms.Build.0 = DebugMessaging|x86
		{F5690746-73FD-46E5-8213-56F5853A843C}.DebugMessaging|x86.ActiveCfg = DebugMessaging|x86
		{F5690746-73FD-46E5-8213-56F5853A843C}.DebugMessaging|x86.Build.0 = DebugMessaging|x86
		{F5690746-73FD-46E5-8213-56F5853A843C}.iOS|Any CPU.ActiveCfg = DebugMessaging|x86
		{F5690746-73FD-46E5-8213-56F5853A843C}.iOS|Mixed Platforms.ActiveCfg = DebugMessaging|x86
		{F5690746-73FD-46E5-8213-56F5853A843C}.iOS|Mixed Platforms.Build.0 = DebugMessaging|x86
		{F5690746-73FD-46E5-8213-56F5853A843C}.iOS|x86.ActiveCfg = DebugMessaging|x86
		{F5690746-73FD-46E5-8213-56F5853A843C}.iOS|x86.Build.0 = DebugMessaging|x86
		{F5690746-73FD-46E5-8213-56F5853A843C}.Net20|Any CPU.ActiveCfg = DebugMessaging|x86
		{F5690746-73FD-46E5-8213-56F5853A843C}.Net20|Mixed Platforms.ActiveCfg = DebugMessaging|x86
		{F5690746-73FD-46E5-8213-56F5853A843C}.Net20|Mixed Platforms.Build.0 = DebugMessaging|x86
		{F5690746-73FD-46E5-8213-56F5853A843C}.Net20|x86.ActiveCfg = DebugMessaging|x86
		{F5690746-73FD-46E5-8213-56F5853A843C}.Net20|x86.Build.0 = DebugMessaging|x86
		{F5690746-73FD-46E5-8213-56F5853A843C}.Profile|Any CPU.ActiveCfg = DebugMessaging|x86
		{F5690746-73FD-46E5-8213-56F5853A843C}.Profile|Mixed Platforms.ActiveCfg = DebugMessaging|x86
		{F5690746-73FD-46E5-8213-56F5853A843C}.Profile|Mixed Platforms.Build.0 = DebugMessaging|x86
		{F5690746-73FD-46E5-8213-56F5853A843C}.Profile|x86.ActiveCfg = DebugMessaging|x86
		{F5690746-73FD-46E5-8213-56F5853A843C}.Profile|x86.Build.0 = DebugMessaging|x86
		{F5690746-73FD-46E5-8213-56F5853A843C}.Release|Any CPU.ActiveCfg = Release|x86
		{F5690746-73FD-46E5-8213-56F5853A843C}.Release|Any CPU.Build.0 = Release|x86
		{F5690746-73FD-46E5-8213-56F5853A843C}.Release|Mixed Platforms.ActiveCfg = Release|x86
		{F5690746-73FD-46E5-8213-56F5853A843C}.Release|Mixed Platforms.Build.0 = Release|x86
		{F5690746-73FD-46E5-8213-56F5853A843C}.Release|x86.ActiveCfg = Release|x86
		{F5690746-73FD-46E5-8213-56F5853A843C}.Release|x86.Build.0 = Release|x86
		{F5690746-73FD-46E5-8213-56F5853A843C}.Silverlight2|Any CPU.ActiveCfg = DebugMessaging|x86
		{F5690746-73FD-46E5-8213-56F5853A843C}.Silverlight2|Mixed Platforms.ActiveCfg = DebugMessaging|x86
		{F5690746-73FD-46E5-8213-56F5853A843C}.Silverlight2|Mixed Platforms.Build.0 = DebugMessaging|x86
		{F5690746-73FD-46E5-8213-56F5853A843C}.Silverlight2|x86.ActiveCfg = DebugMessaging|x86
		{F5690746-73FD-46E5-8213-56F5853A843C}.Silverlight2|x86.Build.0 = DebugMessaging|x86
		{F5690746-73FD-46E5-8213-56F5853A843C}.Unity|Any CPU.ActiveCfg = DebugMessaging|x86
		{F5690746-73FD-46E5-8213-56F5853A843C}.Unity|Mixed Platforms.ActiveCfg = DebugMessaging|x86
		{F5690746-73FD-46E5-8213-56F5853A843C}.Unity|Mixed Platforms.Build.0 = DebugMessaging|x86
		{F5690746-73FD-46E5-8213-56F5853A843C}.Unity|x86.ActiveCfg = DebugMessaging|x86
		{F5690746-73FD-46E5-8213-56F5853A843C}.Unity|x86.Build.0 = DebugMessaging|x86
		{F5690746-73FD-46E5-8213-56F5853A843C}.ZDebug|Any CPU.ActiveCfg = Debug|x86
		{F5690746-73FD-46E5-8213-56F5853A843C}.ZDebug|Mixed Platforms.ActiveCfg = Debug|x86
		{F5690746-73FD-46E5-8213-56F5853A843C}.ZDebug|Mixed Platforms.Build.0 = Debug|x86
		{F5690746-73FD-46E5-8213-56F5853A843C}.ZDebug|x86.ActiveCfg = Debug|x86
		{F5690746-73FD-46E5-8213-56F5853A843C}.ZDebug|x86.Build.0 = Debug|x86
		{2A99B768-083D-4709-AEB8-791D4D4C6696}.CoreOnly|Any CPU.ActiveCfg = DebugMessaging|x86
		{2A99B768-083D-4709-AEB8-791D4D4C6696}.CoreOnly|Mixed Platforms.ActiveCfg = DebugMessaging|x86
		{2A99B768-083D-4709-AEB8-791D4D4C6696}.CoreOnly|Mixed Platforms.Build.0 = DebugMessaging|x86
		{2A99B768-083D-4709-AEB8-791D4D4C6696}.CoreOnly|x86.ActiveCfg = DebugMessaging|x86
		{2A99B768-083D-4709-AEB8-791D4D4C6696}.CoreOnly|x86.Build.0 = DebugMessaging|x86
		{2A99B768-083D-4709-AEB8-791D4D4C6696}.Debug|Any CPU.ActiveCfg = Debug|x86
		{2A99B768-083D-4709-AEB8-791D4D4C6696}.Debug|Mixed Platforms.ActiveCfg = Debug|x86
		{2A99B768-083D-4709-AEB8-791D4D4C6696}.Debug|Mixed Platforms.Build.0 = Debug|x86
		{2A99B768-083D-4709-AEB8-791D4D4C6696}.Debug|x86.ActiveCfg = Debug|x86
		{2A99B768-083D-4709-AEB8-791D4D4C6696}.Debug|x86.Build.0 = Debug|x86
		{2A99B768-083D-4709-AEB8-791D4D4C6696}.DebugMessaging|Any CPU.ActiveCfg = DebugMessaging|x86
		{2A99B768-083D-4709-AEB8-791D4D4C6696}.DebugMessaging|Mixed Platforms.ActiveCfg = DebugMessaging|x86
		{2A99B768-083D-4709-AEB8-791D4D4C6696}.DebugMessaging|Mixed Platforms.Build.0 = DebugMessaging|x86
		{2A99B768-083D-4709-AEB8-791D4D4C6696}.DebugMessaging|x86.ActiveCfg = DebugMessaging|x86
		{2A99B768-083D-4709-AEB8-791D4D4C6696}.DebugMessaging|x86.Build.0 = DebugMessaging|x86
		{2A99B768-083D-4709-AEB8-791D4D4C6696}.iOS|Any CPU.ActiveCfg = DebugMessaging|x86
		{2A99B768-083D-4709-AEB8-791D4D4C6696}.iOS|Mixed Platforms.ActiveCfg = DebugMessaging|x86
		{2A99B768-083D-4709-AEB8-791D4D4C6696}.iOS|Mixed Platforms.Build.0 = DebugMessaging|x86
		{2A99B768-083D-4709-AEB8-791D4D4C6696}.iOS|x86.ActiveCfg = DebugMessaging|x86
		{2A99B768-083D-4709-AEB8-791D4D4C6696}.iOS|x86.Build.0 = DebugMessaging|x86
		{2A99B768-083D-4709-AEB8-791D4D4C6696}.Net20|Any CPU.ActiveCfg = DebugMessaging|x86
		{2A99B768-083D-4709-AEB8-791D4D4C6696}.Net20|Mixed Platforms.ActiveCfg = DebugMessaging|x86
		{2A99B768-083D-4709-AEB8-791D4D4C6696}.Net20|Mixed Platforms.Build.0 = DebugMessaging|x86
		{2A99B768-083D-4709-AEB8-791D4D4C6696}.Net20|x86.ActiveCfg = DebugMessaging|x86
		{2A99B768-083D-4709-AEB8-791D4D4C6696}.Net20|x86.Build.0 = DebugMessaging|x86
		{2A99B768-083D-4709-AEB8-791D4D4C6696}.Profile|Any CPU.ActiveCfg = DebugMessaging|x86
		{2A99B768-083D-4709-AEB8-791D4D4C6696}.Profile|Mixed Platforms.ActiveCfg = DebugMessaging|x86
		{2A99B768-083D-4709-AEB8-791D4D4C6696}.Profile|Mixed Platforms.Build.0 = DebugMessaging|x86
		{2A99B768-083D-4709-AEB8-791D4D4C6696}.Profile|x86.ActiveCfg = DebugMessaging|x86
		{2A99B768-083D-4709-AEB8-791D4D4C6696}.Profile|x86.Build.0 = DebugMessaging|x86
		{2A99B768-083D-4709-AEB8-791D4D4C6696}.Release|Any CPU.ActiveCfg = Release|x86
		{2A99B768-083D-4709-AEB8-791D4D4C6696}.Release|Any CPU.Build.0 = Release|x86
		{2A99B768-083D-4709-AEB8-791D4D4C6696}.Release|Mixed Platforms.ActiveCfg = Release|x86
		{2A99B768-083D-4709-AEB8-791D4D4C6696}.Release|Mixed Platforms.Build.0 = Release|x86
		{2A99B768-083D-4709-AEB8-791D4D4C6696}.Release|x86.ActiveCfg = Release|x86
		{2A99B768-083D-4709-AEB8-791D4D4C6696}.Release|x86.Build.0 = Release|x86
		{2A99B768-083D-4709-AEB8-791D4D4C6696}.Silverlight2|Any CPU.ActiveCfg = DebugMessaging|x86
		{2A99B768-083D-4709-AEB8-791D4D4C6696}.Silverlight2|Mixed Platforms.ActiveCfg = DebugMessaging|x86
		{2A99B768-083D-4709-AEB8-791D4D4C6696}.Silverlight2|Mixed Platforms.Build.0 = DebugMessaging|x86
		{2A99B768-083D-4709-AEB8-791D4D4C6696}.Silverlight2|x86.ActiveCfg = DebugMessaging|x86
		{2A99B768-083D-4709-AEB8-791D4D4C6696}.Silverlight2|x86.Build.0 = DebugMessaging|x86
		{2A99B768-083D-4709-AEB8-791D4D4C6696}.Unity|Any CPU.ActiveCfg = DebugMessaging|x86
		{2A99B768-083D-4709-AEB8-791D4D4C6696}.Unity|Mixed Platforms.ActiveCfg = DebugMessaging|x86
		{2A99B768-083D-4709-AEB8-791D4D4C6696}.Unity|Mixed Platforms.Build.0 = DebugMessaging|x86
		{2A99B768-083D-4709-AEB8-791D4D4C6696}.Unity|x86.ActiveCfg = DebugMessaging|x86
		{2A99B768-083D-4709-AEB8-791D4D4C6696}.Unity|x86.Build.0 = DebugMessaging|x86
		{2A99B768-083D-4709-AEB8-791D4D4C6696}.ZDebug|Any CPU.ActiveCfg = Debug|x86
		{2A99B768-083D-4709-AEB8-791D4D4C6696}.ZDebug|Mixed Platforms.ActiveCfg = Debug|x86
		{2A99B768-083D-4709-AEB8-791D4D4C6696}.ZDebug|Mixed Platforms.Build.0 = Debug|x86
		{2A99B768-083D-4709-AEB8-791D4D4C6696}.ZDebug|x86.ActiveCfg = Debug|x86
		{2A99B768-083D-4709-AEB8-791D4D4C6696}.ZDebug|x86.Build.0 = Debug|x86
		{3401031F-35A7-4AE5-8B64-CAFDCB929F0E}.CoreOnly|Any CPU.ActiveCfg = DebugMessaging|Any CPU
		{3401031F-35A7-4AE5-8B64-CAFDCB929F0E}.CoreOnly|Any CPU.Build.0 = DebugMessaging|Any CPU
		{3401031F-35A7-4AE5-8B64-CAFDCB929F0E}.CoreOnly|Mixed Platforms.ActiveCfg = DebugMessaging|Any CPU
		{3401031F-35A7-4AE5-8B64-CAFDCB929F0E}.CoreOnly|Mixed Platforms.Build.0 = DebugMessaging|Any CPU
		{3401031F-35A7-4AE5-8B64-CAFDCB929F0E}.CoreOnly|x86.ActiveCfg = DebugMessaging|Any CPU
		{3401031F-35A7-4AE5-8B64-CAFDCB929F0E}.Debug|Any CPU.ActiveCfg = Debug|Any CPU
		{3401031F-35A7-4AE5-8B64-CAFDCB929F0E}.Debug|Any CPU.Build.0 = Debug|Any CPU
		{3401031F-35A7-4AE5-8B64-CAFDCB929F0E}.Debug|Mixed Platforms.ActiveCfg = Debug|Any CPU
		{3401031F-35A7-4AE5-8B64-CAFDCB929F0E}.Debug|Mixed Platforms.Build.0 = Debug|Any CPU
		{3401031F-35A7-4AE5-8B64-CAFDCB929F0E}.Debug|x86.ActiveCfg = Debug|Any CPU
		{3401031F-35A7-4AE5-8B64-CAFDCB929F0E}.DebugMessaging|Any CPU.ActiveCfg = DebugMessaging|Any CPU
		{3401031F-35A7-4AE5-8B64-CAFDCB929F0E}.DebugMessaging|Any CPU.Build.0 = DebugMessaging|Any CPU
		{3401031F-35A7-4AE5-8B64-CAFDCB929F0E}.DebugMessaging|Mixed Platforms.ActiveCfg = DebugMessaging|Any CPU
		{3401031F-35A7-4AE5-8B64-CAFDCB929F0E}.DebugMessaging|Mixed Platforms.Build.0 = DebugMessaging|Any CPU
		{3401031F-35A7-4AE5-8B64-CAFDCB929F0E}.DebugMessaging|x86.ActiveCfg = DebugMessaging|Any CPU
		{3401031F-35A7-4AE5-8B64-CAFDCB929F0E}.iOS|Any CPU.ActiveCfg = DebugMessaging|Any CPU
		{3401031F-35A7-4AE5-8B64-CAFDCB929F0E}.iOS|Any CPU.Build.0 = DebugMessaging|Any CPU
		{3401031F-35A7-4AE5-8B64-CAFDCB929F0E}.iOS|Mixed Platforms.ActiveCfg = DebugMessaging|Any CPU
		{3401031F-35A7-4AE5-8B64-CAFDCB929F0E}.iOS|Mixed Platforms.Build.0 = DebugMessaging|Any CPU
		{3401031F-35A7-4AE5-8B64-CAFDCB929F0E}.iOS|x86.ActiveCfg = DebugMessaging|Any CPU
		{3401031F-35A7-4AE5-8B64-CAFDCB929F0E}.Net20|Any CPU.ActiveCfg = DebugMessaging|Any CPU
		{3401031F-35A7-4AE5-8B64-CAFDCB929F0E}.Net20|Any CPU.Build.0 = DebugMessaging|Any CPU
		{3401031F-35A7-4AE5-8B64-CAFDCB929F0E}.Net20|Mixed Platforms.ActiveCfg = DebugMessaging|Any CPU
		{3401031F-35A7-4AE5-8B64-CAFDCB929F0E}.Net20|Mixed Platforms.Build.0 = DebugMessaging|Any CPU
		{3401031F-35A7-4AE5-8B64-CAFDCB929F0E}.Net20|x86.ActiveCfg = DebugMessaging|Any CPU
		{3401031F-35A7-4AE5-8B64-CAFDCB929F0E}.Profile|Any CPU.ActiveCfg = DebugMessaging|Any CPU
		{3401031F-35A7-4AE5-8B64-CAFDCB929F0E}.Profile|Any CPU.Build.0 = DebugMessaging|Any CPU
		{3401031F-35A7-4AE5-8B64-CAFDCB929F0E}.Profile|Mixed Platforms.ActiveCfg = DebugMessaging|Any CPU
		{3401031F-35A7-4AE5-8B64-CAFDCB929F0E}.Profile|Mixed Platforms.Build.0 = DebugMessaging|Any CPU
		{3401031F-35A7-4AE5-8B64-CAFDCB929F0E}.Profile|x86.ActiveCfg = DebugMessaging|Any CPU
		{3401031F-35A7-4AE5-8B64-CAFDCB929F0E}.Release|Any CPU.ActiveCfg = Release|Any CPU
		{3401031F-35A7-4AE5-8B64-CAFDCB929F0E}.Release|Any CPU.Build.0 = Release|Any CPU
		{3401031F-35A7-4AE5-8B64-CAFDCB929F0E}.Release|Mixed Platforms.ActiveCfg = Release|Any CPU
		{3401031F-35A7-4AE5-8B64-CAFDCB929F0E}.Release|Mixed Platforms.Build.0 = Release|Any CPU
		{3401031F-35A7-4AE5-8B64-CAFDCB929F0E}.Release|x86.ActiveCfg = Release|Any CPU
		{3401031F-35A7-4AE5-8B64-CAFDCB929F0E}.Silverlight2|Any CPU.ActiveCfg = DebugMessaging|Any CPU
		{3401031F-35A7-4AE5-8B64-CAFDCB929F0E}.Silverlight2|Any CPU.Build.0 = DebugMessaging|Any CPU
		{3401031F-35A7-4AE5-8B64-CAFDCB929F0E}.Silverlight2|Mixed Platforms.ActiveCfg = DebugMessaging|Any CPU
		{3401031F-35A7-4AE5-8B64-CAFDCB929F0E}.Silverlight2|Mixed Platforms.Build.0 = DebugMessaging|Any CPU
		{3401031F-35A7-4AE5-8B64-CAFDCB929F0E}.Silverlight2|x86.ActiveCfg = DebugMessaging|Any CPU
		{3401031F-35A7-4AE5-8B64-CAFDCB929F0E}.Unity|Any CPU.ActiveCfg = DebugMessaging|Any CPU
		{3401031F-35A7-4AE5-8B64-CAFDCB929F0E}.Unity|Any CPU.Build.0 = DebugMessaging|Any CPU
		{3401031F-35A7-4AE5-8B64-CAFDCB929F0E}.Unity|Mixed Platforms.ActiveCfg = DebugMessaging|Any CPU
		{3401031F-35A7-4AE5-8B64-CAFDCB929F0E}.Unity|Mixed Platforms.Build.0 = DebugMessaging|Any CPU
		{3401031F-35A7-4AE5-8B64-CAFDCB929F0E}.Unity|x86.ActiveCfg = DebugMessaging|Any CPU
		{3401031F-35A7-4AE5-8B64-CAFDCB929F0E}.ZDebug|Any CPU.ActiveCfg = Debug|Any CPU
		{3401031F-35A7-4AE5-8B64-CAFDCB929F0E}.ZDebug|Any CPU.Build.0 = Debug|Any CPU
		{3401031F-35A7-4AE5-8B64-CAFDCB929F0E}.ZDebug|Mixed Platforms.ActiveCfg = Debug|Any CPU
		{3401031F-35A7-4AE5-8B64-CAFDCB929F0E}.ZDebug|Mixed Platforms.Build.0 = Debug|Any CPU
		{3401031F-35A7-4AE5-8B64-CAFDCB929F0E}.ZDebug|x86.ActiveCfg = Debug|Any CPU
		{3D1ACB1A-28DC-45A1-842E-AA5F2C120278}.CoreOnly|Any CPU.ActiveCfg = DebugMessaging|x86
		{3D1ACB1A-28DC-45A1-842E-AA5F2C120278}.CoreOnly|Mixed Platforms.ActiveCfg = DebugMessaging|x86
		{3D1ACB1A-28DC-45A1-842E-AA5F2C120278}.CoreOnly|Mixed Platforms.Build.0 = DebugMessaging|x86
		{3D1ACB1A-28DC-45A1-842E-AA5F2C120278}.CoreOnly|x86.ActiveCfg = DebugMessaging|x86
		{3D1ACB1A-28DC-45A1-842E-AA5F2C120278}.CoreOnly|x86.Build.0 = DebugMessaging|x86
		{3D1ACB1A-28DC-45A1-842E-AA5F2C120278}.Debug|Any CPU.ActiveCfg = Debug|x86
		{3D1ACB1A-28DC-45A1-842E-AA5F2C120278}.Debug|Mixed Platforms.ActiveCfg = Debug|x86
		{3D1ACB1A-28DC-45A1-842E-AA5F2C120278}.Debug|Mixed Platforms.Build.0 = Debug|x86
		{3D1ACB1A-28DC-45A1-842E-AA5F2C120278}.Debug|x86.ActiveCfg = Debug|x86
		{3D1ACB1A-28DC-45A1-842E-AA5F2C120278}.Debug|x86.Build.0 = Debug|x86
		{3D1ACB1A-28DC-45A1-842E-AA5F2C120278}.DebugMessaging|Any CPU.ActiveCfg = DebugMessaging|x86
		{3D1ACB1A-28DC-45A1-842E-AA5F2C120278}.DebugMessaging|Mixed Platforms.ActiveCfg = DebugMessaging|x86
		{3D1ACB1A-28DC-45A1-842E-AA5F2C120278}.DebugMessaging|Mixed Platforms.Build.0 = DebugMessaging|x86
		{3D1ACB1A-28DC-45A1-842E-AA5F2C120278}.DebugMessaging|x86.ActiveCfg = DebugMessaging|x86
		{3D1ACB1A-28DC-45A1-842E-AA5F2C120278}.iOS|Any CPU.ActiveCfg = DebugMessaging|x86
		{3D1ACB1A-28DC-45A1-842E-AA5F2C120278}.iOS|Mixed Platforms.ActiveCfg = DebugMessaging|x86
		{3D1ACB1A-28DC-45A1-842E-AA5F2C120278}.iOS|Mixed Platforms.Build.0 = DebugMessaging|x86
		{3D1ACB1A-28DC-45A1-842E-AA5F2C120278}.iOS|x86.ActiveCfg = DebugMessaging|x86
		{3D1ACB1A-28DC-45A1-842E-AA5F2C120278}.iOS|x86.Build.0 = DebugMessaging|x86
		{3D1ACB1A-28DC-45A1-842E-AA5F2C120278}.Net20|Any CPU.ActiveCfg = DebugMessaging|x86
		{3D1ACB1A-28DC-45A1-842E-AA5F2C120278}.Net20|Mixed Platforms.ActiveCfg = DebugMessaging|x86
		{3D1ACB1A-28DC-45A1-842E-AA5F2C120278}.Net20|Mixed Platforms.Build.0 = DebugMessaging|x86
		{3D1ACB1A-28DC-45A1-842E-AA5F2C120278}.Net20|x86.ActiveCfg = DebugMessaging|x86
		{3D1ACB1A-28DC-45A1-842E-AA5F2C120278}.Net20|x86.Build.0 = DebugMessaging|x86
		{3D1ACB1A-28DC-45A1-842E-AA5F2C120278}.Profile|Any CPU.ActiveCfg = DebugMessaging|x86
		{3D1ACB1A-28DC-45A1-842E-AA5F2C120278}.Profile|Mixed Platforms.ActiveCfg = DebugMessaging|x86
		{3D1ACB1A-28DC-45A1-842E-AA5F2C120278}.Profile|Mixed Platforms.Build.0 = DebugMessaging|x86
		{3D1ACB1A-28DC-45A1-842E-AA5F2C120278}.Profile|x86.ActiveCfg = DebugMessaging|x86
		{3D1ACB1A-28DC-45A1-842E-AA5F2C120278}.Profile|x86.Build.0 = DebugMessaging|x86
		{3D1ACB1A-28DC-45A1-842E-AA5F2C120278}.Release|Any CPU.ActiveCfg = Release|x86
		{3D1ACB1A-28DC-45A1-842E-AA5F2C120278}.Release|Mixed Platforms.ActiveCfg = Release|x86
		{3D1ACB1A-28DC-45A1-842E-AA5F2C120278}.Release|Mixed Platforms.Build.0 = Release|x86
		{3D1ACB1A-28DC-45A1-842E-AA5F2C120278}.Release|x86.ActiveCfg = Release|x86
		{3D1ACB1A-28DC-45A1-842E-AA5F2C120278}.Release|x86.Build.0 = Release|x86
		{3D1ACB1A-28DC-45A1-842E-AA5F2C120278}.Silverlight2|Any CPU.ActiveCfg = DebugMessaging|x86
		{3D1ACB1A-28DC-45A1-842E-AA5F2C120278}.Silverlight2|Mixed Platforms.ActiveCfg = DebugMessaging|x86
		{3D1ACB1A-28DC-45A1-842E-AA5F2C120278}.Silverlight2|Mixed Platforms.Build.0 = DebugMessaging|x86
		{3D1ACB1A-28DC-45A1-842E-AA5F2C120278}.Silverlight2|x86.ActiveCfg = DebugMessaging|x86
		{3D1ACB1A-28DC-45A1-842E-AA5F2C120278}.Silverlight2|x86.Build.0 = DebugMessaging|x86
		{3D1ACB1A-28DC-45A1-842E-AA5F2C120278}.Unity|Any CPU.ActiveCfg = DebugMessaging|x86
		{3D1ACB1A-28DC-45A1-842E-AA5F2C120278}.Unity|Mixed Platforms.ActiveCfg = DebugMessaging|x86
		{3D1ACB1A-28DC-45A1-842E-AA5F2C120278}.Unity|Mixed Platforms.Build.0 = DebugMessaging|x86
		{3D1ACB1A-28DC-45A1-842E-AA5F2C120278}.Unity|x86.ActiveCfg = DebugMessaging|x86
		{3D1ACB1A-28DC-45A1-842E-AA5F2C120278}.Unity|x86.Build.0 = DebugMessaging|x86
		{3D1ACB1A-28DC-45A1-842E-AA5F2C120278}.ZDebug|Any CPU.ActiveCfg = Debug|x86
		{3D1ACB1A-28DC-45A1-842E-AA5F2C120278}.ZDebug|Mixed Platforms.ActiveCfg = Debug|x86
		{3D1ACB1A-28DC-45A1-842E-AA5F2C120278}.ZDebug|Mixed Platforms.Build.0 = Debug|x86
		{3D1ACB1A-28DC-45A1-842E-AA5F2C120278}.ZDebug|x86.ActiveCfg = Debug|x86
		{3D1ACB1A-28DC-45A1-842E-AA5F2C120278}.ZDebug|x86.Build.0 = Debug|x86
		{06F24A69-F66B-42AD-8EA3-632E83010B38}.CoreOnly|Any CPU.ActiveCfg = DebugMessaging|x86
		{06F24A69-F66B-42AD-8EA3-632E83010B38}.CoreOnly|Mixed Platforms.ActiveCfg = DebugMessaging|x86
		{06F24A69-F66B-42AD-8EA3-632E83010B38}.CoreOnly|Mixed Platforms.Build.0 = DebugMessaging|x86
		{06F24A69-F66B-42AD-8EA3-632E83010B38}.CoreOnly|x86.ActiveCfg = DebugMessaging|x86
		{06F24A69-F66B-42AD-8EA3-632E83010B38}.CoreOnly|x86.Build.0 = DebugMessaging|x86
		{06F24A69-F66B-42AD-8EA3-632E83010B38}.Debug|Any CPU.ActiveCfg = Debug|x86
		{06F24A69-F66B-42AD-8EA3-632E83010B38}.Debug|Mixed Platforms.ActiveCfg = Debug|x86
		{06F24A69-F66B-42AD-8EA3-632E83010B38}.Debug|Mixed Platforms.Build.0 = Debug|x86
		{06F24A69-F66B-42AD-8EA3-632E83010B38}.Debug|x86.ActiveCfg = Debug|x86
		{06F24A69-F66B-42AD-8EA3-632E83010B38}.Debug|x86.Build.0 = Debug|x86
		{06F24A69-F66B-42AD-8EA3-632E83010B38}.DebugMessaging|Any CPU.ActiveCfg = DebugMessaging|x86
		{06F24A69-F66B-42AD-8EA3-632E83010B38}.DebugMessaging|Mixed Platforms.ActiveCfg = DebugMessaging|x86
		{06F24A69-F66B-42AD-8EA3-632E83010B38}.DebugMessaging|Mixed Platforms.Build.0 = DebugMessaging|x86
		{06F24A69-F66B-42AD-8EA3-632E83010B38}.DebugMessaging|x86.ActiveCfg = DebugMessaging|x86
		{06F24A69-F66B-42AD-8EA3-632E83010B38}.DebugMessaging|x86.Build.0 = DebugMessaging|x86
		{06F24A69-F66B-42AD-8EA3-632E83010B38}.iOS|Any CPU.ActiveCfg = DebugMessaging|x86
		{06F24A69-F66B-42AD-8EA3-632E83010B38}.iOS|Mixed Platforms.ActiveCfg = DebugMessaging|x86
		{06F24A69-F66B-42AD-8EA3-632E83010B38}.iOS|Mixed Platforms.Build.0 = DebugMessaging|x86
		{06F24A69-F66B-42AD-8EA3-632E83010B38}.iOS|x86.ActiveCfg = DebugMessaging|x86
		{06F24A69-F66B-42AD-8EA3-632E83010B38}.iOS|x86.Build.0 = DebugMessaging|x86
		{06F24A69-F66B-42AD-8EA3-632E83010B38}.Net20|Any CPU.ActiveCfg = DebugMessaging|x86
		{06F24A69-F66B-42AD-8EA3-632E83010B38}.Net20|Mixed Platforms.ActiveCfg = DebugMessaging|x86
		{06F24A69-F66B-42AD-8EA3-632E83010B38}.Net20|Mixed Platforms.Build.0 = DebugMessaging|x86
		{06F24A69-F66B-42AD-8EA3-632E83010B38}.Net20|x86.ActiveCfg = DebugMessaging|x86
		{06F24A69-F66B-42AD-8EA3-632E83010B38}.Net20|x86.Build.0 = DebugMessaging|x86
		{06F24A69-F66B-42AD-8EA3-632E83010B38}.Profile|Any CPU.ActiveCfg = DebugMessaging|x86
		{06F24A69-F66B-42AD-8EA3-632E83010B38}.Profile|Mixed Platforms.ActiveCfg = DebugMessaging|x86
		{06F24A69-F66B-42AD-8EA3-632E83010B38}.Profile|Mixed Platforms.Build.0 = DebugMessaging|x86
		{06F24A69-F66B-42AD-8EA3-632E83010B38}.Profile|x86.ActiveCfg = DebugMessaging|x86
		{06F24A69-F66B-42AD-8EA3-632E83010B38}.Profile|x86.Build.0 = DebugMessaging|x86
		{06F24A69-F66B-42AD-8EA3-632E83010B38}.Release|Any CPU.ActiveCfg = Release|x86
		{06F24A69-F66B-42AD-8EA3-632E83010B38}.Release|Mixed Platforms.ActiveCfg = Release|x86
		{06F24A69-F66B-42AD-8EA3-632E83010B38}.Release|Mixed Platforms.Build.0 = Release|x86
		{06F24A69-F66B-42AD-8EA3-632E83010B38}.Release|x86.ActiveCfg = Release|x86
		{06F24A69-F66B-42AD-8EA3-632E83010B38}.Release|x86.Build.0 = Release|x86
		{06F24A69-F66B-42AD-8EA3-632E83010B38}.Silverlight2|Any CPU.ActiveCfg = DebugMessaging|x86
		{06F24A69-F66B-42AD-8EA3-632E83010B38}.Silverlight2|Mixed Platforms.ActiveCfg = DebugMessaging|x86
		{06F24A69-F66B-42AD-8EA3-632E83010B38}.Silverlight2|Mixed Platforms.Build.0 = DebugMessaging|x86
		{06F24A69-F66B-42AD-8EA3-632E83010B38}.Silverlight2|x86.ActiveCfg = DebugMessaging|x86
		{06F24A69-F66B-42AD-8EA3-632E83010B38}.Silverlight2|x86.Build.0 = DebugMessaging|x86
		{06F24A69-F66B-42AD-8EA3-632E83010B38}.Unity|Any CPU.ActiveCfg = DebugMessaging|x86
		{06F24A69-F66B-42AD-8EA3-632E83010B38}.Unity|Mixed Platforms.ActiveCfg = DebugMessaging|x86
		{06F24A69-F66B-42AD-8EA3-632E83010B38}.Unity|Mixed Platforms.Build.0 = DebugMessaging|x86
		{06F24A69-F66B-42AD-8EA3-632E83010B38}.Unity|x86.ActiveCfg = DebugMessaging|x86
		{06F24A69-F66B-42AD-8EA3-632E83010B38}.Unity|x86.Build.0 = DebugMessaging|x86
		{06F24A69-F66B-42AD-8EA3-632E83010B38}.ZDebug|Any CPU.ActiveCfg = Debug|x86
		{06F24A69-F66B-42AD-8EA3-632E83010B38}.ZDebug|Mixed Platforms.ActiveCfg = Debug|x86
		{06F24A69-F66B-42AD-8EA3-632E83010B38}.ZDebug|Mixed Platforms.Build.0 = Debug|x86
		{06F24A69-F66B-42AD-8EA3-632E83010B38}.ZDebug|x86.ActiveCfg = Debug|x86
		{06F24A69-F66B-42AD-8EA3-632E83010B38}.ZDebug|x86.Build.0 = Debug|x86
	EndGlobalSection
	GlobalSection(SolutionProperties) = preSolution
		HideSolutionNode = FALSE
	EndGlobalSection
	GlobalSection(NestedProjects) = preSolution
		{2A99B768-083D-4709-AEB8-791D4D4C6696} = {0E16F7BE-EB96-4EA3-9077-591BAB4A7214}
		{F5690746-73FD-46E5-8213-56F5853A843C} = {0E16F7BE-EB96-4EA3-9077-591BAB4A7214}
		{06F24A69-F66B-42AD-8EA3-632E83010B38} = {0E16F7BE-EB96-4EA3-9077-591BAB4A7214}
	EndGlobalSection
EndGlobal
