
Microsoft Visual Studio Solution File, Format Version 11.00
# Visual Studio 2010
Project("{FAE04EC0-301F-11D3-BF4B-00C04F79EFBC}") = "Client", "SS3D_Client\Client.csproj", "{835500C3-34D6-4329-954A-5D028D634E90}"
EndProject
Project("{FAE04EC0-301F-11D3-BF4B-00C04F79EFBC}") = "Server", "SS3d_server\Server.csproj", "{54B6035E-489F-4790-A033-3C0B34C6F2BD}"
EndProject
Project("{FAE04EC0-301F-11D3-BF4B-00C04F79EFBC}") = "SS13_Shared", "SS3D_shared\SS13_Shared.csproj", "{4229D7E3-C3AE-4C0A-B2B1-BB20911150DC}"
EndProject
Project("{FAE04EC0-301F-11D3-BF4B-00C04F79EFBC}") = "Lidgren.Network", "Lidgren.Network\Lidgren.Network.csproj", "{AE483C29-042E-4226-BA52-D247CE7676DA}"
EndProject
Project("{FAE04EC0-301F-11D3-BF4B-00C04F79EFBC}") = "ClientGameObject", "CGO\ClientGameObject.csproj", "{6C778741-98D8-48EB-835A-293077AF0E07}"
EndProject
Project("{FAE04EC0-301F-11D3-BF4B-00C04F79EFBC}") = "ServerGameObject", "SGO\ServerGameObject.csproj", "{A59BA08B-B934-49D1-A449-6BBDFE292C5E}"
EndProject
Project("{FAE04EC0-301F-11D3-BF4B-00C04F79EFBC}") = "ClientInterfaces", "ClientInterfaces\ClientInterfaces.csproj", "{B31E7B59-7066-4186-AB18-B1BB6DE0E537}"
EndProject
Project("{FAE04EC0-301F-11D3-BF4B-00C04F79EFBC}") = "ClientWindow", "ClientWindow\ClientWindow.csproj", "{9CFBF7F1-B939-433B-AFA1-C12EBA2565CD}"
EndProject
Project("{FAE04EC0-301F-11D3-BF4B-00C04F79EFBC}") = "ClientServices", "ClientServices\ClientServices.csproj", "{7F85F20C-E2B5-455D-A1CA-76ED000D25EA}"
EndProject
Project("{FAE04EC0-301F-11D3-BF4B-00C04F79EFBC}") = "ServerServices", "ServerServices\ServerServices.csproj", "{765AFD37-F6EF-4CDF-9596-C3DD15974A35}"
EndProject
Project("{FAE04EC0-301F-11D3-BF4B-00C04F79EFBC}") = "ServerInterfaces", "ServerInterfaces\ServerInterfaces.csproj", "{54D36F17-8D71-4DD8-8B29-12CAD489F0D9}"
EndProject
Project("{FAE04EC0-301F-11D3-BF4B-00C04F79EFBC}") = "EntityEditor", "EntityEditor\EntityEditor.csproj", "{F5690746-73FD-46E5-8213-56F5853A843C}"
EndProject
Project("{FAE04EC0-301F-11D3-BF4B-00C04F79EFBC}") = "Decalshadertest", "POCs\Decalshadertest\Decalshadertest.csproj", "{2A99B768-083D-4709-AEB8-791D4D4C6696}"
EndProject
Project("{2150E333-8FDC-42A3-9474-1A3956D46DE8}") = "Solution Items", "Solution Items", "{9C819DBE-D053-462F-B7CC-330C1DF56131}"
	ProjectSection(SolutionItems) = preProject
		packagebuild.bat = packagebuild.bat
		runclient.bat = runclient.bat
		Buildfiles\runclient.bat = Buildfiles\runclient.bat
		Buildfiles\runserver.bat = Buildfiles\runserver.bat
		serverpackagebuild.bat = serverpackagebuild.bat
	EndProjectSection
EndProject
Project("{FAE04EC0-301F-11D3-BF4B-00C04F79EFBC}") = "SS13.IoC", "SS13.IoC\SS13.IoC.csproj", "{3401031F-35A7-4AE5-8B64-CAFDCB929F0E}"
EndProject
Project("{FAE04EC0-301F-11D3-BF4B-00C04F79EFBC}") = "MessagingProfiler", "MessagingProfiler\MessagingProfiler.csproj", "{3D1ACB1A-28DC-45A1-842E-AA5F2C120278}"
EndProject
Project("{2150E333-8FDC-42A3-9474-1A3956D46DE8}") = "Other", "Other", "{0E16F7BE-EB96-4EA3-9077-591BAB4A7214}"
EndProject
Project("{FAE04EC0-301F-11D3-BF4B-00C04F79EFBC}") = "Balltest", "POCs\Balltest\Balltest.csproj", "{06F24A69-F66B-42AD-8EA3-632E83010B38}"
EndProject
Project("{FAE04EC0-301F-11D3-BF4B-00C04F79EFBC}") = "GlyphSizeTest", "GlyphSizeTest\GlyphSizeTest.csproj", "{78D63370-CB64-4B1E-A522-EE06F80CE722}"
EndProject
Project("{FAE04EC0-301F-11D3-BF4B-00C04F79EFBC}") = "GameObject", "GameObject\GameObject.csproj", "{FB8F5D6F-8500-4A5D-BCFB-20104AA902F4}"
EndProject
Project("{FAE04EC0-301F-11D3-BF4B-00C04F79EFBC}") = "ParticleEditor", "ParticleEditor\ParticleEditor.csproj", "{55D04FF4-90F1-4747-B11C-CE827A813FDC}"
EndProject
Global
	GlobalSection(SolutionConfigurationPlatforms) = preSolution
		Debug|Mixed Platforms = Debug|Mixed Platforms
		Debug|x86 = Debug|x86
		DebugMessaging|Mixed Platforms = DebugMessaging|Mixed Platforms
		DebugMessaging|x86 = DebugMessaging|x86
		Release|Mixed Platforms = Release|Mixed Platforms
		Release|x86 = Release|x86
	EndGlobalSection
	GlobalSection(ProjectConfigurationPlatforms) = postSolution
		{835500C3-34D6-4329-954A-5D028D634E90}.Debug|Mixed Platforms.ActiveCfg = Debug|x86
		{835500C3-34D6-4329-954A-5D028D634E90}.Debug|Mixed Platforms.Build.0 = Debug|x86
		{835500C3-34D6-4329-954A-5D028D634E90}.Debug|x86.ActiveCfg = Debug|x86
		{835500C3-34D6-4329-954A-5D028D634E90}.Debug|x86.Build.0 = Debug|x86
		{835500C3-34D6-4329-954A-5D028D634E90}.DebugMessaging|Mixed Platforms.ActiveCfg = DebugMessaging|x86
		{835500C3-34D6-4329-954A-5D028D634E90}.DebugMessaging|Mixed Platforms.Build.0 = DebugMessaging|x86
		{835500C3-34D6-4329-954A-5D028D634E90}.DebugMessaging|x86.ActiveCfg = DebugMessaging|x86
		{835500C3-34D6-4329-954A-5D028D634E90}.DebugMessaging|x86.Build.0 = DebugMessaging|x86
		{835500C3-34D6-4329-954A-5D028D634E90}.Release|Mixed Platforms.ActiveCfg = Release|x86
		{835500C3-34D6-4329-954A-5D028D634E90}.Release|Mixed Platforms.Build.0 = Release|x86
		{835500C3-34D6-4329-954A-5D028D634E90}.Release|x86.ActiveCfg = Release|x86
		{835500C3-34D6-4329-954A-5D028D634E90}.Release|x86.Build.0 = Release|x86
		{54B6035E-489F-4790-A033-3C0B34C6F2BD}.Debug|Mixed Platforms.ActiveCfg = Debug|x86
		{54B6035E-489F-4790-A033-3C0B34C6F2BD}.Debug|Mixed Platforms.Build.0 = Debug|x86
		{54B6035E-489F-4790-A033-3C0B34C6F2BD}.Debug|x86.ActiveCfg = Debug|x86
		{54B6035E-489F-4790-A033-3C0B34C6F2BD}.Debug|x86.Build.0 = Debug|x86
		{54B6035E-489F-4790-A033-3C0B34C6F2BD}.DebugMessaging|Mixed Platforms.ActiveCfg = DebugMessaging|x86
		{54B6035E-489F-4790-A033-3C0B34C6F2BD}.DebugMessaging|Mixed Platforms.Build.0 = DebugMessaging|x86
		{54B6035E-489F-4790-A033-3C0B34C6F2BD}.DebugMessaging|x86.ActiveCfg = DebugMessaging|x86
		{54B6035E-489F-4790-A033-3C0B34C6F2BD}.DebugMessaging|x86.Build.0 = DebugMessaging|x86
		{54B6035E-489F-4790-A033-3C0B34C6F2BD}.Release|Mixed Platforms.ActiveCfg = Release|x86
		{54B6035E-489F-4790-A033-3C0B34C6F2BD}.Release|Mixed Platforms.Build.0 = Release|x86
		{54B6035E-489F-4790-A033-3C0B34C6F2BD}.Release|x86.ActiveCfg = Release|x86
		{54B6035E-489F-4790-A033-3C0B34C6F2BD}.Release|x86.Build.0 = Release|x86
		{4229D7E3-C3AE-4C0A-B2B1-BB20911150DC}.Debug|Mixed Platforms.ActiveCfg = Debug|x86
		{4229D7E3-C3AE-4C0A-B2B1-BB20911150DC}.Debug|Mixed Platforms.Build.0 = Debug|x86
		{4229D7E3-C3AE-4C0A-B2B1-BB20911150DC}.Debug|x86.ActiveCfg = Debug|x86
		{4229D7E3-C3AE-4C0A-B2B1-BB20911150DC}.Debug|x86.Build.0 = Debug|x86
		{4229D7E3-C3AE-4C0A-B2B1-BB20911150DC}.DebugMessaging|Mixed Platforms.ActiveCfg = DebugMessaging|x86
		{4229D7E3-C3AE-4C0A-B2B1-BB20911150DC}.DebugMessaging|Mixed Platforms.Build.0 = DebugMessaging|x86
		{4229D7E3-C3AE-4C0A-B2B1-BB20911150DC}.DebugMessaging|x86.ActiveCfg = DebugMessaging|x86
		{4229D7E3-C3AE-4C0A-B2B1-BB20911150DC}.DebugMessaging|x86.Build.0 = DebugMessaging|x86
		{4229D7E3-C3AE-4C0A-B2B1-BB20911150DC}.Release|Mixed Platforms.ActiveCfg = Release|x86
		{4229D7E3-C3AE-4C0A-B2B1-BB20911150DC}.Release|Mixed Platforms.Build.0 = Release|x86
		{4229D7E3-C3AE-4C0A-B2B1-BB20911150DC}.Release|x86.ActiveCfg = Release|x86
		{4229D7E3-C3AE-4C0A-B2B1-BB20911150DC}.Release|x86.Build.0 = Release|x86
		{AE483C29-042E-4226-BA52-D247CE7676DA}.Debug|Mixed Platforms.ActiveCfg = Debug|Any CPU
		{AE483C29-042E-4226-BA52-D247CE7676DA}.Debug|Mixed Platforms.Build.0 = Debug|Any CPU
		{AE483C29-042E-4226-BA52-D247CE7676DA}.Debug|x86.ActiveCfg = Debug|Any CPU
		{AE483C29-042E-4226-BA52-D247CE7676DA}.Debug|x86.Build.0 = Debug|Any CPU
		{AE483C29-042E-4226-BA52-D247CE7676DA}.DebugMessaging|Mixed Platforms.ActiveCfg = Debug|Any CPU
		{AE483C29-042E-4226-BA52-D247CE7676DA}.DebugMessaging|Mixed Platforms.Build.0 = Debug|Any CPU
		{AE483C29-042E-4226-BA52-D247CE7676DA}.DebugMessaging|x86.ActiveCfg = Debug|Any CPU
		{AE483C29-042E-4226-BA52-D247CE7676DA}.Release|Mixed Platforms.ActiveCfg = Release|Any CPU
		{AE483C29-042E-4226-BA52-D247CE7676DA}.Release|Mixed Platforms.Build.0 = Release|Any CPU
		{AE483C29-042E-4226-BA52-D247CE7676DA}.Release|x86.ActiveCfg = Release|Any CPU
		{6C778741-98D8-48EB-835A-293077AF0E07}.Debug|Mixed Platforms.ActiveCfg = Debug|x86
		{6C778741-98D8-48EB-835A-293077AF0E07}.Debug|Mixed Platforms.Build.0 = Debug|x86
		{6C778741-98D8-48EB-835A-293077AF0E07}.Debug|x86.ActiveCfg = Debug|x86
		{6C778741-98D8-48EB-835A-293077AF0E07}.Debug|x86.Build.0 = Debug|x86
		{6C778741-98D8-48EB-835A-293077AF0E07}.DebugMessaging|Mixed Platforms.ActiveCfg = DebugMessaging|x86
		{6C778741-98D8-48EB-835A-293077AF0E07}.DebugMessaging|Mixed Platforms.Build.0 = DebugMessaging|x86
		{6C778741-98D8-48EB-835A-293077AF0E07}.DebugMessaging|x86.ActiveCfg = DebugMessaging|x86
		{6C778741-98D8-48EB-835A-293077AF0E07}.DebugMessaging|x86.Build.0 = DebugMessaging|x86
		{6C778741-98D8-48EB-835A-293077AF0E07}.Release|Mixed Platforms.ActiveCfg = Release|x86
		{6C778741-98D8-48EB-835A-293077AF0E07}.Release|Mixed Platforms.Build.0 = Release|x86
		{6C778741-98D8-48EB-835A-293077AF0E07}.Release|x86.ActiveCfg = Release|x86
		{6C778741-98D8-48EB-835A-293077AF0E07}.Release|x86.Build.0 = Release|x86
		{A59BA08B-B934-49D1-A449-6BBDFE292C5E}.Debug|Mixed Platforms.ActiveCfg = Debug|x86
		{A59BA08B-B934-49D1-A449-6BBDFE292C5E}.Debug|Mixed Platforms.Build.0 = Debug|x86
		{A59BA08B-B934-49D1-A449-6BBDFE292C5E}.Debug|x86.ActiveCfg = Debug|x86
		{A59BA08B-B934-49D1-A449-6BBDFE292C5E}.Debug|x86.Build.0 = Debug|x86
		{A59BA08B-B934-49D1-A449-6BBDFE292C5E}.DebugMessaging|Mixed Platforms.ActiveCfg = DebugMessaging|x86
		{A59BA08B-B934-49D1-A449-6BBDFE292C5E}.DebugMessaging|Mixed Platforms.Build.0 = DebugMessaging|x86
		{A59BA08B-B934-49D1-A449-6BBDFE292C5E}.DebugMessaging|x86.ActiveCfg = DebugMessaging|x86
		{A59BA08B-B934-49D1-A449-6BBDFE292C5E}.DebugMessaging|x86.Build.0 = DebugMessaging|x86
		{A59BA08B-B934-49D1-A449-6BBDFE292C5E}.Release|Mixed Platforms.ActiveCfg = Release|x86
		{A59BA08B-B934-49D1-A449-6BBDFE292C5E}.Release|Mixed Platforms.Build.0 = Release|x86
		{A59BA08B-B934-49D1-A449-6BBDFE292C5E}.Release|x86.ActiveCfg = Release|x86
		{A59BA08B-B934-49D1-A449-6BBDFE292C5E}.Release|x86.Build.0 = Release|x86
		{B31E7B59-7066-4186-AB18-B1BB6DE0E537}.Debug|Mixed Platforms.ActiveCfg = Debug|x86
		{B31E7B59-7066-4186-AB18-B1BB6DE0E537}.Debug|Mixed Platforms.Build.0 = Debug|x86
		{B31E7B59-7066-4186-AB18-B1BB6DE0E537}.Debug|x86.ActiveCfg = Debug|x86
		{B31E7B59-7066-4186-AB18-B1BB6DE0E537}.Debug|x86.Build.0 = Debug|x86
		{B31E7B59-7066-4186-AB18-B1BB6DE0E537}.DebugMessaging|Mixed Platforms.ActiveCfg = DebugMessaging|x86
		{B31E7B59-7066-4186-AB18-B1BB6DE0E537}.DebugMessaging|Mixed Platforms.Build.0 = DebugMessaging|x86
		{B31E7B59-7066-4186-AB18-B1BB6DE0E537}.DebugMessaging|x86.ActiveCfg = DebugMessaging|x86
		{B31E7B59-7066-4186-AB18-B1BB6DE0E537}.DebugMessaging|x86.Build.0 = DebugMessaging|x86
		{B31E7B59-7066-4186-AB18-B1BB6DE0E537}.Release|Mixed Platforms.ActiveCfg = Release|x86
		{B31E7B59-7066-4186-AB18-B1BB6DE0E537}.Release|Mixed Platforms.Build.0 = Release|x86
		{B31E7B59-7066-4186-AB18-B1BB6DE0E537}.Release|x86.ActiveCfg = Release|x86
		{B31E7B59-7066-4186-AB18-B1BB6DE0E537}.Release|x86.Build.0 = Release|x86
		{9CFBF7F1-B939-433B-AFA1-C12EBA2565CD}.Debug|Mixed Platforms.ActiveCfg = Debug|x86
		{9CFBF7F1-B939-433B-AFA1-C12EBA2565CD}.Debug|Mixed Platforms.Build.0 = Debug|x86
		{9CFBF7F1-B939-433B-AFA1-C12EBA2565CD}.Debug|x86.ActiveCfg = Debug|x86
		{9CFBF7F1-B939-433B-AFA1-C12EBA2565CD}.Debug|x86.Build.0 = Debug|x86
		{9CFBF7F1-B939-433B-AFA1-C12EBA2565CD}.DebugMessaging|Mixed Platforms.ActiveCfg = DebugMessaging|x86
		{9CFBF7F1-B939-433B-AFA1-C12EBA2565CD}.DebugMessaging|Mixed Platforms.Build.0 = DebugMessaging|x86
		{9CFBF7F1-B939-433B-AFA1-C12EBA2565CD}.DebugMessaging|x86.ActiveCfg = DebugMessaging|x86
		{9CFBF7F1-B939-433B-AFA1-C12EBA2565CD}.DebugMessaging|x86.Build.0 = DebugMessaging|x86
		{9CFBF7F1-B939-433B-AFA1-C12EBA2565CD}.Release|Mixed Platforms.ActiveCfg = Release|x86
		{9CFBF7F1-B939-433B-AFA1-C12EBA2565CD}.Release|Mixed Platforms.Build.0 = Release|x86
		{9CFBF7F1-B939-433B-AFA1-C12EBA2565CD}.Release|x86.ActiveCfg = Release|x86
		{9CFBF7F1-B939-433B-AFA1-C12EBA2565CD}.Release|x86.Build.0 = Release|x86
		{7F85F20C-E2B5-455D-A1CA-76ED000D25EA}.Debug|Mixed Platforms.ActiveCfg = Debug|x86
		{7F85F20C-E2B5-455D-A1CA-76ED000D25EA}.Debug|Mixed Platforms.Build.0 = Debug|x86
		{7F85F20C-E2B5-455D-A1CA-76ED000D25EA}.Debug|x86.ActiveCfg = Debug|x86
		{7F85F20C-E2B5-455D-A1CA-76ED000D25EA}.Debug|x86.Build.0 = Debug|x86
		{7F85F20C-E2B5-455D-A1CA-76ED000D25EA}.DebugMessaging|Mixed Platforms.ActiveCfg = DebugMessaging|x86
		{7F85F20C-E2B5-455D-A1CA-76ED000D25EA}.DebugMessaging|Mixed Platforms.Build.0 = DebugMessaging|x86
		{7F85F20C-E2B5-455D-A1CA-76ED000D25EA}.DebugMessaging|x86.ActiveCfg = DebugMessaging|x86
		{7F85F20C-E2B5-455D-A1CA-76ED000D25EA}.DebugMessaging|x86.Build.0 = DebugMessaging|x86
		{7F85F20C-E2B5-455D-A1CA-76ED000D25EA}.Release|Mixed Platforms.ActiveCfg = Release|x86
		{7F85F20C-E2B5-455D-A1CA-76ED000D25EA}.Release|Mixed Platforms.Build.0 = Release|x86
		{7F85F20C-E2B5-455D-A1CA-76ED000D25EA}.Release|x86.ActiveCfg = Release|x86
		{7F85F20C-E2B5-455D-A1CA-76ED000D25EA}.Release|x86.Build.0 = Release|x86
		{765AFD37-F6EF-4CDF-9596-C3DD15974A35}.Debug|Mixed Platforms.ActiveCfg = Debug|x86
		{765AFD37-F6EF-4CDF-9596-C3DD15974A35}.Debug|Mixed Platforms.Build.0 = Debug|x86
		{765AFD37-F6EF-4CDF-9596-C3DD15974A35}.Debug|x86.ActiveCfg = Debug|x86
		{765AFD37-F6EF-4CDF-9596-C3DD15974A35}.Debug|x86.Build.0 = Debug|x86
		{765AFD37-F6EF-4CDF-9596-C3DD15974A35}.DebugMessaging|Mixed Platforms.ActiveCfg = DebugMessaging|x86
		{765AFD37-F6EF-4CDF-9596-C3DD15974A35}.DebugMessaging|Mixed Platforms.Build.0 = DebugMessaging|x86
		{765AFD37-F6EF-4CDF-9596-C3DD15974A35}.DebugMessaging|x86.ActiveCfg = DebugMessaging|x86
		{765AFD37-F6EF-4CDF-9596-C3DD15974A35}.DebugMessaging|x86.Build.0 = DebugMessaging|x86
		{765AFD37-F6EF-4CDF-9596-C3DD15974A35}.Release|Mixed Platforms.ActiveCfg = Release|x86
		{765AFD37-F6EF-4CDF-9596-C3DD15974A35}.Release|Mixed Platforms.Build.0 = Release|x86
		{765AFD37-F6EF-4CDF-9596-C3DD15974A35}.Release|x86.ActiveCfg = Release|x86
		{765AFD37-F6EF-4CDF-9596-C3DD15974A35}.Release|x86.Build.0 = Release|x86
		{54D36F17-8D71-4DD8-8B29-12CAD489F0D9}.Debug|Mixed Platforms.ActiveCfg = Debug|x86
		{54D36F17-8D71-4DD8-8B29-12CAD489F0D9}.Debug|Mixed Platforms.Build.0 = Debug|x86
		{54D36F17-8D71-4DD8-8B29-12CAD489F0D9}.Debug|x86.ActiveCfg = Debug|x86
		{54D36F17-8D71-4DD8-8B29-12CAD489F0D9}.Debug|x86.Build.0 = Debug|x86
		{54D36F17-8D71-4DD8-8B29-12CAD489F0D9}.DebugMessaging|Mixed Platforms.ActiveCfg = DebugMessaging|x86
		{54D36F17-8D71-4DD8-8B29-12CAD489F0D9}.DebugMessaging|Mixed Platforms.Build.0 = DebugMessaging|x86
		{54D36F17-8D71-4DD8-8B29-12CAD489F0D9}.DebugMessaging|x86.ActiveCfg = DebugMessaging|x86
		{54D36F17-8D71-4DD8-8B29-12CAD489F0D9}.DebugMessaging|x86.Build.0 = DebugMessaging|x86
		{54D36F17-8D71-4DD8-8B29-12CAD489F0D9}.Release|Mixed Platforms.ActiveCfg = Release|x86
		{54D36F17-8D71-4DD8-8B29-12CAD489F0D9}.Release|Mixed Platforms.Build.0 = Release|x86
		{54D36F17-8D71-4DD8-8B29-12CAD489F0D9}.Release|x86.ActiveCfg = Release|x86
		{54D36F17-8D71-4DD8-8B29-12CAD489F0D9}.Release|x86.Build.0 = Release|x86
		{F5690746-73FD-46E5-8213-56F5853A843C}.Debug|Mixed Platforms.ActiveCfg = Debug|x86
		{F5690746-73FD-46E5-8213-56F5853A843C}.Debug|Mixed Platforms.Build.0 = Debug|x86
		{F5690746-73FD-46E5-8213-56F5853A843C}.Debug|x86.ActiveCfg = Debug|x86
		{F5690746-73FD-46E5-8213-56F5853A843C}.DebugMessaging|Mixed Platforms.ActiveCfg = DebugMessaging|x86
		{F5690746-73FD-46E5-8213-56F5853A843C}.DebugMessaging|Mixed Platforms.Build.0 = DebugMessaging|x86
		{F5690746-73FD-46E5-8213-56F5853A843C}.DebugMessaging|x86.ActiveCfg = DebugMessaging|x86
		{F5690746-73FD-46E5-8213-56F5853A843C}.Release|Mixed Platforms.ActiveCfg = Release|x86
		{F5690746-73FD-46E5-8213-56F5853A843C}.Release|Mixed Platforms.Build.0 = Release|x86
		{F5690746-73FD-46E5-8213-56F5853A843C}.Release|x86.ActiveCfg = Release|x86
		{2A99B768-083D-4709-AEB8-791D4D4C6696}.Debug|Mixed Platforms.ActiveCfg = Debug|x86
		{2A99B768-083D-4709-AEB8-791D4D4C6696}.Debug|Mixed Platforms.Build.0 = Debug|x86
		{2A99B768-083D-4709-AEB8-791D4D4C6696}.Debug|x86.ActiveCfg = Debug|x86
		{2A99B768-083D-4709-AEB8-791D4D4C6696}.DebugMessaging|Mixed Platforms.ActiveCfg = DebugMessaging|x86
		{2A99B768-083D-4709-AEB8-791D4D4C6696}.DebugMessaging|Mixed Platforms.Build.0 = DebugMessaging|x86
		{2A99B768-083D-4709-AEB8-791D4D4C6696}.DebugMessaging|x86.ActiveCfg = DebugMessaging|x86
		{2A99B768-083D-4709-AEB8-791D4D4C6696}.Release|Mixed Platforms.ActiveCfg = Release|x86
		{2A99B768-083D-4709-AEB8-791D4D4C6696}.Release|Mixed Platforms.Build.0 = Release|x86
		{2A99B768-083D-4709-AEB8-791D4D4C6696}.Release|x86.ActiveCfg = Release|x86
		{3401031F-35A7-4AE5-8B64-CAFDCB929F0E}.Debug|Mixed Platforms.ActiveCfg = Debug|x86
		{3401031F-35A7-4AE5-8B64-CAFDCB929F0E}.Debug|Mixed Platforms.Build.0 = Debug|x86
		{3401031F-35A7-4AE5-8B64-CAFDCB929F0E}.Debug|x86.ActiveCfg = Debug|x86
		{3401031F-35A7-4AE5-8B64-CAFDCB929F0E}.Debug|x86.Build.0 = Debug|x86
		{3401031F-35A7-4AE5-8B64-CAFDCB929F0E}.DebugMessaging|Mixed Platforms.ActiveCfg = DebugMessaging|x86
		{3401031F-35A7-4AE5-8B64-CAFDCB929F0E}.DebugMessaging|Mixed Platforms.Build.0 = DebugMessaging|x86
		{3401031F-35A7-4AE5-8B64-CAFDCB929F0E}.DebugMessaging|x86.ActiveCfg = DebugMessaging|x86
		{3401031F-35A7-4AE5-8B64-CAFDCB929F0E}.DebugMessaging|x86.Build.0 = DebugMessaging|x86
		{3401031F-35A7-4AE5-8B64-CAFDCB929F0E}.Release|Mixed Platforms.ActiveCfg = Release|x86
		{3401031F-35A7-4AE5-8B64-CAFDCB929F0E}.Release|Mixed Platforms.Build.0 = Release|x86
		{3401031F-35A7-4AE5-8B64-CAFDCB929F0E}.Release|x86.ActiveCfg = Release|x86
		{3401031F-35A7-4AE5-8B64-CAFDCB929F0E}.Release|x86.Build.0 = Release|x86
		{3D1ACB1A-28DC-45A1-842E-AA5F2C120278}.Debug|Mixed Platforms.ActiveCfg = Debug|x86
		{3D1ACB1A-28DC-45A1-842E-AA5F2C120278}.Debug|Mixed Platforms.Build.0 = Debug|x86
		{3D1ACB1A-28DC-45A1-842E-AA5F2C120278}.Debug|x86.ActiveCfg = Debug|x86
		{3D1ACB1A-28DC-45A1-842E-AA5F2C120278}.DebugMessaging|Mixed Platforms.ActiveCfg = DebugMessaging|x86
		{3D1ACB1A-28DC-45A1-842E-AA5F2C120278}.DebugMessaging|Mixed Platforms.Build.0 = DebugMessaging|x86
		{3D1ACB1A-28DC-45A1-842E-AA5F2C120278}.DebugMessaging|x86.ActiveCfg = DebugMessaging|x86
		{3D1ACB1A-28DC-45A1-842E-AA5F2C120278}.Release|Mixed Platforms.ActiveCfg = Release|x86
		{3D1ACB1A-28DC-45A1-842E-AA5F2C120278}.Release|Mixed Platforms.Build.0 = Release|x86
		{3D1ACB1A-28DC-45A1-842E-AA5F2C120278}.Release|x86.ActiveCfg = Release|x86
		{06F24A69-F66B-42AD-8EA3-632E83010B38}.Debug|Mixed Platforms.ActiveCfg = Debug|x86
		{06F24A69-F66B-42AD-8EA3-632E83010B38}.Debug|Mixed Platforms.Build.0 = Debug|x86
		{06F24A69-F66B-42AD-8EA3-632E83010B38}.Debug|x86.ActiveCfg = Debug|x86
		{06F24A69-F66B-42AD-8EA3-632E83010B38}.DebugMessaging|Mixed Platforms.ActiveCfg = DebugMessaging|x86
		{06F24A69-F66B-42AD-8EA3-632E83010B38}.DebugMessaging|Mixed Platforms.Build.0 = DebugMessaging|x86
		{06F24A69-F66B-42AD-8EA3-632E83010B38}.DebugMessaging|x86.ActiveCfg = DebugMessaging|x86
		{06F24A69-F66B-42AD-8EA3-632E83010B38}.Release|Mixed Platforms.ActiveCfg = Release|x86
		{06F24A69-F66B-42AD-8EA3-632E83010B38}.Release|Mixed Platforms.Build.0 = Release|x86
		{06F24A69-F66B-42AD-8EA3-632E83010B38}.Release|x86.ActiveCfg = Release|x86
		{78D63370-CB64-4B1E-A522-EE06F80CE722}.Debug|Mixed Platforms.ActiveCfg = Debug|x86
		{78D63370-CB64-4B1E-A522-EE06F80CE722}.Debug|Mixed Platforms.Build.0 = Debug|x86
		{78D63370-CB64-4B1E-A522-EE06F80CE722}.Debug|x86.ActiveCfg = Debug|x86
		{78D63370-CB64-4B1E-A522-EE06F80CE722}.Debug|x86.Build.0 = Debug|x86
		{78D63370-CB64-4B1E-A522-EE06F80CE722}.DebugMessaging|Mixed Platforms.ActiveCfg = Debug|x86
		{78D63370-CB64-4B1E-A522-EE06F80CE722}.DebugMessaging|Mixed Platforms.Build.0 = Debug|x86
		{78D63370-CB64-4B1E-A522-EE06F80CE722}.DebugMessaging|x86.ActiveCfg = Debug|x86
		{78D63370-CB64-4B1E-A522-EE06F80CE722}.DebugMessaging|x86.Build.0 = Debug|x86
		{78D63370-CB64-4B1E-A522-EE06F80CE722}.Release|Mixed Platforms.ActiveCfg = Release|x86
		{78D63370-CB64-4B1E-A522-EE06F80CE722}.Release|Mixed Platforms.Build.0 = Release|x86
		{78D63370-CB64-4B1E-A522-EE06F80CE722}.Release|x86.ActiveCfg = Release|x86
		{78D63370-CB64-4B1E-A522-EE06F80CE722}.Release|x86.Build.0 = Release|x86
		{FB8F5D6F-8500-4A5D-BCFB-20104AA902F4}.Debug|Mixed Platforms.ActiveCfg = Debug|x86
		{FB8F5D6F-8500-4A5D-BCFB-20104AA902F4}.Debug|Mixed Platforms.Build.0 = Debug|x86
		{FB8F5D6F-8500-4A5D-BCFB-20104AA902F4}.Debug|x86.ActiveCfg = Debug|x86
		{FB8F5D6F-8500-4A5D-BCFB-20104AA902F4}.Debug|x86.Build.0 = Debug|x86
		{FB8F5D6F-8500-4A5D-BCFB-20104AA902F4}.DebugMessaging|Mixed Platforms.ActiveCfg = Debug|x86
		{FB8F5D6F-8500-4A5D-BCFB-20104AA902F4}.DebugMessaging|Mixed Platforms.Build.0 = Debug|x86
		{FB8F5D6F-8500-4A5D-BCFB-20104AA902F4}.DebugMessaging|x86.ActiveCfg = Debug|x86
		{FB8F5D6F-8500-4A5D-BCFB-20104AA902F4}.DebugMessaging|x86.Build.0 = Debug|x86
		{FB8F5D6F-8500-4A5D-BCFB-20104AA902F4}.Release|Mixed Platforms.ActiveCfg = Release|x86
		{FB8F5D6F-8500-4A5D-BCFB-20104AA902F4}.Release|Mixed Platforms.Build.0 = Release|x86
		{FB8F5D6F-8500-4A5D-BCFB-20104AA902F4}.Release|x86.ActiveCfg = Release|x86
		{FB8F5D6F-8500-4A5D-BCFB-20104AA902F4}.Release|x86.Build.0 = Release|x86
		{55D04FF4-90F1-4747-B11C-CE827A813FDC}.Debug|Mixed Platforms.ActiveCfg = Debug|x86
		{55D04FF4-90F1-4747-B11C-CE827A813FDC}.Debug|Mixed Platforms.Build.0 = Debug|x86
		{55D04FF4-90F1-4747-B11C-CE827A813FDC}.Debug|x86.ActiveCfg = Debug|x86
		{55D04FF4-90F1-4747-B11C-CE827A813FDC}.Debug|x86.Build.0 = Debug|x86
		{55D04FF4-90F1-4747-B11C-CE827A813FDC}.DebugMessaging|Mixed Platforms.ActiveCfg = Debug|x86
		{55D04FF4-90F1-4747-B11C-CE827A813FDC}.DebugMessaging|Mixed Platforms.Build.0 = Debug|x86
		{55D04FF4-90F1-4747-B11C-CE827A813FDC}.DebugMessaging|x86.ActiveCfg = Debug|x86
		{55D04FF4-90F1-4747-B11C-CE827A813FDC}.DebugMessaging|x86.Build.0 = Debug|x86
		{55D04FF4-90F1-4747-B11C-CE827A813FDC}.Release|Mixed Platforms.ActiveCfg = Release|Any CPU
		{55D04FF4-90F1-4747-B11C-CE827A813FDC}.Release|Mixed Platforms.Build.0 = Release|Any CPU
		{55D04FF4-90F1-4747-B11C-CE827A813FDC}.Release|x86.ActiveCfg = Release|x86
		{55D04FF4-90F1-4747-B11C-CE827A813FDC}.Release|x86.Build.0 = Release|x86
	EndGlobalSection
	GlobalSection(SolutionProperties) = preSolution
		HideSolutionNode = FALSE
	EndGlobalSection
	GlobalSection(NestedProjects) = preSolution
		{2A99B768-083D-4709-AEB8-791D4D4C6696} = {0E16F7BE-EB96-4EA3-9077-591BAB4A7214}
		{F5690746-73FD-46E5-8213-56F5853A843C} = {0E16F7BE-EB96-4EA3-9077-591BAB4A7214}
		{06F24A69-F66B-42AD-8EA3-632E83010B38} = {0E16F7BE-EB96-4EA3-9077-591BAB4A7214}
		{78D63370-CB64-4B1E-A522-EE06F80CE722} = {0E16F7BE-EB96-4EA3-9077-591BAB4A7214}
		{55D04FF4-90F1-4747-B11C-CE827A813FDC} = {0E16F7BE-EB96-4EA3-9077-591BAB4A7214}
	EndGlobalSection
EndGlobal
