{
  "version": 2,
  "dependencies": {
    "net10.0": {
      "SixLabors.ImageSharp": {
        "type": "Direct",
        "requested": "[3.1.12, )",
        "resolved": "3.1.12",
        "contentHash": "iAg6zifihXEFS/t7fiHhZBGAdCp3FavsF4i2ZIDp0JfeYeDVzvmlbY1CNhhIKimaIzrzSi5M/NBFcWvZT2rB/A=="
      },
      "YamlDotNet": {
        "type": "Direct",
        "requested": "[16.3.0, )",
        "resolved": "16.3.0",
        "contentHash": "SgMOdxbz8X65z8hraIs6hOEdnkH6hESTAIUa7viEngHOYaH+6q5XJmwr1+yb9vJpNQ19hCQY69xbFsLtXpobQA=="
      },
      "Linguini.Shared": {
        "type": "Transitive",
        "resolved": "0.8.0",
        "contentHash": "o4CerBzUuyeexu3OoDDk57phWjKk4Ga1gr6MTQD44S9B4KmUkhG/IHuOkHbs2tLt0OtiOkq7Molsz1YDdEUj5g=="
      },
      "Linguini.Syntax": {
        "type": "Transitive",
        "resolved": "0.8.0",
        "contentHash": "VxF6m0BKFdNrIT98RDJ7kyBmm729EhvOfYk+fxrj9MjK+qyrpypxJmBPkvK8SavPc2DKpblT3TIKG7p9Hp4EaA==",
        "dependencies": {
          "Linguini.Shared": "0.8.0"
        }
      },
      "Microsoft.Extensions.Configuration": {
        "type": "Transitive",
        "resolved": "3.1.0",
        "contentHash": "Lu41BWNmwhKr6LgyQvcYBOge0pPvmiaK8R5UHXX4//wBhonJyWcT2OK1mqYfEM5G7pTf31fPrpIHOT6sN7EGOA==",
        "dependencies": {
          "Microsoft.Extensions.Configuration.Abstractions": "3.1.0"
        }
      },
      "Microsoft.Extensions.Configuration.Abstractions": {
        "type": "Transitive",
        "resolved": "3.1.0",
        "contentHash": "ESz6bVoDQX7sgWdKHF6G9Pq672T8k+19AFb/txDXwdz7MoqaNQj2/in3agm/3qae9V+WvQZH86LLTNVo0it8vQ==",
        "dependencies": {
          "Microsoft.Extensions.Primitives": "3.1.0"
        }
      },
      "Microsoft.Extensions.Configuration.Binder": {
        "type": "Transitive",
        "resolved": "3.1.0",
        "contentHash": "o9eELDBfNkR7sUtYysFZ1Q7BQ1mYt27DMkups/3vu7xgPyOpMD+iAfrBZFzUXT2iw0fmFb8s1gfNBZS+IgjKdQ==",
        "dependencies": {
          "Microsoft.Extensions.Configuration": "3.1.0"
        }
      },
      "Microsoft.Extensions.DependencyInjection.Abstractions": {
        "type": "Transitive",
        "resolved": "3.1.0",
        "contentHash": "44rDtOf1JXXAFpNT2EXMExaDm/4OJ2RXOL9i9lE4bK427nzC7Exphv+beB6IgluyE2GIoo8zezTStMXI7MQ8WA=="
      },
      "Microsoft.Extensions.Http": {
        "type": "Transitive",
        "resolved": "3.1.0",
        "contentHash": "DLigdcV0nYaT6/ly0rnfP80BnXq8NNd/h8/SkfY39uio7Bd9LauVntp6RcRh1Kj23N+uf80GgL7Win6P3BCtoQ==",
        "dependencies": {
          "Microsoft.Extensions.DependencyInjection.Abstractions": "3.1.0",
          "Microsoft.Extensions.Logging": "3.1.0",
          "Microsoft.Extensions.Options": "3.1.0"
        }
      },
      "Microsoft.Extensions.Logging.Abstractions": {
        "type": "Transitive",
        "resolved": "3.1.0",
        "contentHash": "jjo4YXRx6MIpv6DiRxJjSpl+sPP0+5VW0clMEdLyIAz44PPwrDTFrd5PZckIxIXl1kKZ2KK6IL2nkt0+ug2MQg=="
      },
      "Microsoft.Extensions.Options": {
        "type": "Transitive",
        "resolved": "3.1.0",
        "contentHash": "9b6JHY7TAXrSfZ6EEGf+j8XnqKIiMPErfmaNXhJYSCb+BUW2H4RtzkNJvwLJzwgzqBP0wtTjyA6Uw4BPPdmkMw==",
        "dependencies": {
          "Microsoft.Extensions.DependencyInjection.Abstractions": "3.1.0",
          "Microsoft.Extensions.Primitives": "3.1.0"
        }
      },
      "SpaceWizards.Sodium.Interop": {
        "type": "Transitive",
        "resolved": "1.1.0",
        "contentHash": "A+3RZ8qk3+1cB8KAha7QsYeRuK/iMsxO63zVLTidWWYGk8bKl8Jc44OsIY/rknCZoqePEoj6uzkxwrvp/boc+g==",
        "dependencies": {
          "libsodium": "1.0.20.1"
        }
      },
      "System.CodeDom": {
        "type": "Transitive",
        "resolved": "10.0.0",
        "contentHash": "QWERdKi/tQAx+MbrPxTGcpchqMANnVXNiv2r2tILBBB38E74buD+fABSUhozZ1G9kjbadFB0m+HPFMkhJPeFvA=="
      },
      "Robust.NetSerializer": {
        "type": "Project"
      },
      "robust.shared": {
        "type": "Project",
        "dependencies": {
          "Linguini.Bundle": "[0.8.1, )",
          "Microsoft.Extensions.ObjectPool": "[10.0.0, )",
          "Microsoft.ILVerification": "[10.0.0, )",
          "Microsoft.IO.RecyclableMemoryStream": "[3.0.1, )",
          "Nett": "[0.15.0, )",
          "Pidgin": "[3.5.1, )",
          "Robust.NetSerializer": "[4.1.1, )",
          "Robust.Shared.AuthLib": "[0.1.2, )",
          "Robust.Shared.Maths": "[277.2.1, )",
          "Serilog": "[4.3.0, )",
          "SharpZstd.Interop": "[1.5.2-beta2, )",
          "SixLabors.ImageSharp": "[3.1.12, )",
          "SpaceWizards.Lidgren.Network": "[1.0.0, )",
          "SpaceWizards.Sodium": "[0.3.0, )",
          "System.Management": "[10.0.0, )",
          "System.Numerics.Tensors": "[10.0.4, )",
          "TerraFX.Interop.Windows": "[10.0.26100.5, )",
          "VorbisPizza": "[1.3.0, )",
          "YamlDotNet": "[16.3.0, )",
          "libsodium": "[1.0.20.1, )",
          "prometheus-net": "[8.2.1, )"
        }
      },
      "robust.shared.maths": {
        "type": "Project"
      },
      "SpaceWizards.Lidgren.Network": {
        "type": "Project"
      },
      "libsodium": {
        "type": "CentralTransitive",
        "requested": "[1.0.20.1, )",
        "resolved": "1.0.20.1",
        "contentHash": "pkiceEqJDQFHjbga3k/oPfTVX9g+GKJZ1VrkuiLhaymt9YNw1Dr7cX9hNuZuNaWcr9WD0moW55k4pMwzQ7JaZQ=="
      },
      "Linguini.Bundle": {
        "type": "CentralTransitive",
        "requested": "[0.8.1, )",
        "resolved": "0.8.1",
        "contentHash": "JXHdVG2rpbEDVL5K4P7sltB/ISYJzfOySEnMPa0PWhxpnczYF9aEdtRR3ntFllXENT/A+YfY4AOOpkF2P/H8yg==",
        "dependencies": {
          "Linguini.Shared": "0.8.0",
          "Linguini.Syntax": "0.8.0"
        }
      },
      "Microsoft.Extensions.DependencyInjection": {
        "type": "CentralTransitive",
        "requested": "[10.0.0, )",
        "resolved": "3.1.0",
        "contentHash": "KVkv3aF2MQpmGFRh4xRx2CNbc2sjDFk+lH4ySrjWSOS+XoY1Xc+sJphw3N0iYOpoeCCq8976ceVYDH8sdx2qIQ==",
        "dependencies": {
          "Microsoft.Extensions.DependencyInjection.Abstractions": "3.1.0"
        }
      },
      "Microsoft.Extensions.Logging": {
        "type": "CentralTransitive",
        "requested": "[10.0.0, )",
        "resolved": "3.1.0",
        "contentHash": "P+8sKQ8L4ooL79sxxqwFPxGGC3aBrUDLB/dZqhs4J0XjTyrkeeyJQ4D4nzJB6OnAhy78HIIgQ/RbD6upOXLynw==",
        "dependencies": {
          "Microsoft.Extensions.Configuration.Binder": "3.1.0",
          "Microsoft.Extensions.DependencyInjection": "3.1.0",
          "Microsoft.Extensions.Logging.Abstractions": "3.1.0",
          "Microsoft.Extensions.Options": "3.1.0"
        }
      },
      "Microsoft.Extensions.ObjectPool": {
        "type": "CentralTransitive",
        "requested": "[10.0.0, )",
        "resolved": "10.0.0",
        "contentHash": "bpeCq0IYmVLACyEUMzFIOQX+zZUElG1t+nu1lSxthe7B+1oNYking7b91305+jNB6iwojp9fqTY9O+Nh7ULQxg=="
      },
      "Microsoft.Extensions.Primitives": {
        "type": "CentralTransitive",
        "requested": "[10.0.0, )",
        "resolved": "3.1.0",
        "contentHash": "LEKAnX7lhUhSoIc2XraCTK3M4IU/LdVUzCe464Sa4+7F4ZJuXHHRzZli2mDbiT4xzAZhgqXbvfnb5+CNDcQFfg=="
      },
      "Microsoft.ILVerification": {
        "type": "CentralTransitive",
        "requested": "[10.0.0, )",
        "resolved": "10.0.0",
        "contentHash": "TM1sG0qoI5suAynglkvonfs2s6YGZmQb4LOi16yaBaBr4PmkKzGIqfBzzCfJSjOdXBlPB10717BSynh++uC9jQ=="
      },
      "Microsoft.IO.RecyclableMemoryStream": {
        "type": "CentralTransitive",
        "requested": "[3.0.1, )",
        "resolved": "3.0.1",
        "contentHash": "s/s20YTVY9r9TPfTrN5g8zPF1YhwxyqO6PxUkrYTGI2B+OGPe9AdajWZrLhFqXIvqIW23fnUE4+ztrUWNU1+9g=="
      },
      "Nett": {
        "type": "CentralTransitive",
        "requested": "[0.15.0, )",
        "resolved": "0.15.0",
        "contentHash": "/0SoN9ugPKfmLndtKy3gaRxOlzji94/yrNgQLe45/1ZgExj0BaVozbXD+oWD8E6MCLvTs+YWzmn315mQOXGCcw=="
      },
      "Pidgin": {
        "type": "CentralTransitive",
        "requested": "[3.5.1, )",
        "resolved": "3.5.1",
        "contentHash": "zU7tkXlF3D6d2GLTjJDomAL3nnl4AwfZvSgSz8D4b+Ry21/clqedYlxBnEAkAU/bkGfEv6uRR7QCdWZUpKrB/g=="
      },
      "prometheus-net": {
        "type": "CentralTransitive",
        "requested": "[8.2.1, )",
        "resolved": "8.2.1",
        "contentHash": "3wVgdEPOCBF752s2xps5T+VH+c9mJK8S8GKEDg49084P6JZMumTZI5Te6aJ9MQpX0sx7om6JOnBpIi7ZBmmiDQ==",
        "dependencies": {
          "Microsoft.Extensions.Http": "3.1.0",
          "Microsoft.Extensions.ObjectPool": "7.0.0"
        }
      },
      "Robust.Shared.AuthLib": {
        "type": "CentralTransitive",
        "requested": "[0.1.2, )",
        "resolved": "0.1.2",
        "contentHash": "EGDIoqT4NmFu0zSEajFZBmPVoIX82wE1ZMWG+9HGo+WSVmFxZoGz0HN9DdgNK9PPaUJJNpbEHHyd5gvXgMB73g=="
      },
      "Serilog": {
        "type": "CentralTransitive",
        "requested": "[4.3.0, )",
        "resolved": "4.3.0",
        "contentHash": "+cDryFR0GRhsGOnZSKwaDzRRl4MupvJ42FhCE4zhQRVanX0Jpg6WuCBk59OVhVDPmab1bB+nRykAnykYELA9qQ=="
      },
      "SharpZstd.Interop": {
        "type": "CentralTransitive",
        "requested": "[1.5.2-beta2, )",
        "resolved": "1.5.2-beta2",
        "contentHash": "woJJXU8x1lIT1dVS+fSKVyk1xOTerB0KyGdpYiu4cjR5ugtAdYWau30uv9H4RSbYFTqKKeQAzAaxV33frqgc4w=="
      },
      "SpaceWizards.Sodium": {
        "type": "CentralTransitive",
        "requested": "[0.3.0, )",
        "resolved": "0.3.0",
        "contentHash": "/F0c4l0+eDW/ODPa8WIdlO6SjzWu0i6PxsfhccTugLyu/NU7uChPJlgkWSH0G4eJ47Fo3Bm+bDHwKcclSrBJuQ==",
        "dependencies": {
          "SpaceWizards.Sodium.Interop": "1.1.0"
        }
      },
      "System.Management": {
        "type": "CentralTransitive",
        "requested": "[10.0.0, )",
        "resolved": "10.0.0",
        "contentHash": "LE3rDZoPzulou78Tsq+3ALhUs4vatQ03v2QWbYVIenVPneUH/+LTUmHyyl098OxIFLQI6sNkZs8YHbUnT/sm3A==",
        "dependencies": {
          "System.CodeDom": "10.0.0"
        }
      },
      "System.Numerics.Tensors": {
        "type": "CentralTransitive",
        "requested": "[10.0.4, )",
        "resolved": "10.0.4",
        "contentHash": "EK8wJVxnVfeCzchnEqVjIfZDpVIcmjfjUs9x1nzI41X2naPGT57QjoHlQJma2vDQUxEtPQiGv/v90mwcflx6mQ=="
      },
      "TerraFX.Interop.Windows": {
        "type": "CentralTransitive",
        "requested": "[10.0.26100.5, )",
        "resolved": "10.0.26100.5",
        "contentHash": "xtNbqoZGcc8SoC70ixIPve/2XITl7HuoDgIlCAn2719SwhcquC3SaRIVUMhEodQo1CXeAwxzXGXAgTKMBLhX6Q=="
      },
      "VorbisPizza": {
        "type": "CentralTransitive",
        "requested": "[1.3.0, )",
        "resolved": "1.3.0",
        "contentHash": "JD9w4ge4Xm0+/bvmvDpOKcOl/nZPFLLdaxIAxtxwl6ih3Wqof1nK3oEJnhuEys9m2c/0J6gzj1OZKjtQdAaaTA=="
      }
    }
  }
}